{
  "version": 4,
  "terraform_version": "1.4.6",
  "serial": 171,
  "lineage": "05d6f5df-8102-82e3-3727-e41b915c59ae",
  "outputs": {
    "rosa_api": {
      "value": "",
      "type": "string"
    },
    "rosa_console": {
      "value": "",
      "type": "string"
    },
    "rosa_htpasswd_password": {
      "value": "pGhCferyH!9Ut*",
      "type": "string",
      "sensitive": true
    },
    "rosa_htpasswd_username": {
      "value": "cluster-admin",
      "type": "string"
    }
  },
  "resources": [
    {
      "mode": "data",
      "type": "aws_caller_identity",
      "name": "current",
      "provider": "provider[\"registry.terraform.io/hashicorp/aws\"]",
      "instances": [
        {
          "schema_version": 0,
          "attributes": {
            "account_id": "742735434737",
            "arn": "arn:aws:iam::742735434737:user/rcarrata@redhat.com-fvn9d-admin",
            "id": "742735434737",
            "user_id": "AIDA2Z3T3KPYRSICTJSRI"
          },
          "sensitive_attributes": []
        }
      ]
    },
    {
      "mode": "data",
      "type": "rhcs_rosa_operator_roles",
      "name": "operator_roles",
      "provider": "provider[\"registry.terraform.io/terraform-redhat/rhcs\"]",
      "instances": [
        {
          "schema_version": 0,
          "attributes": {
            "account_role_prefix": null,
            "operator_iam_roles": [
              {
                "operator_name": "cloud-credential-operator-iam-ro-creds",
                "operator_namespace": "openshift-cloud-credential-operator",
                "policy_name": "ManagedOpenShift-openshift-cloud-credential-operator-cloud-crede",
                "role_name": "tf-rcarrata-openshift-cloud-credential-operator-cloud-credential",
                "service_accounts": [
                  "system:serviceaccount:openshift-cloud-credential-operator:cloud-credential-operator"
                ]
              },
              {
                "operator_name": "cloud-credentials",
                "operator_namespace": "openshift-cloud-network-config-controller",
                "policy_name": "ManagedOpenShift-openshift-cloud-network-config-controller-cloud",
                "role_name": "tf-rcarrata-openshift-cloud-network-config-controller-cloud-cred",
                "service_accounts": [
                  "system:serviceaccount:openshift-cloud-network-config-controller:cloud-network-config-controller"
                ]
              },
              {
                "operator_name": "ebs-cloud-credentials",
                "operator_namespace": "openshift-cluster-csi-drivers",
                "policy_name": "ManagedOpenShift-openshift-cluster-csi-drivers-ebs-cloud-credent",
                "role_name": "tf-rcarrata-openshift-cluster-csi-drivers-ebs-cloud-credentials",
                "service_accounts": [
                  "system:serviceaccount:openshift-cluster-csi-drivers:aws-ebs-csi-driver-operator",
                  "system:serviceaccount:openshift-cluster-csi-drivers:aws-ebs-csi-driver-controller-sa"
                ]
              },
              {
                "operator_name": "installer-cloud-credentials",
                "operator_namespace": "openshift-image-registry",
                "policy_name": "ManagedOpenShift-openshift-image-registry-installer-cloud-creden",
                "role_name": "tf-rcarrata-openshift-image-registry-installer-cloud-credentials",
                "service_accounts": [
                  "system:serviceaccount:openshift-image-registry:cluster-image-registry-operator",
                  "system:serviceaccount:openshift-image-registry:registry"
                ]
              },
              {
                "operator_name": "cloud-credentials",
                "operator_namespace": "openshift-ingress-operator",
                "policy_name": "ManagedOpenShift-openshift-ingress-operator-cloud-credentials",
                "role_name": "tf-rcarrata-openshift-ingress-operator-cloud-credentials",
                "service_accounts": [
                  "system:serviceaccount:openshift-ingress-operator:ingress-operator"
                ]
              },
              {
                "operator_name": "aws-cloud-credentials",
                "operator_namespace": "openshift-machine-api",
                "policy_name": "ManagedOpenShift-openshift-machine-api-aws-cloud-credentials",
                "role_name": "tf-rcarrata-openshift-machine-api-aws-cloud-credentials",
                "service_accounts": [
                  "system:serviceaccount:openshift-machine-api:machine-api-controllers"
                ]
              }
            ],
            "operator_role_prefix": "tf-rcarrata"
          },
          "sensitive_attributes": []
        }
      ]
    },
    {
      "mode": "managed",
      "type": "rhcs_cluster_rosa_classic",
      "name": "rosa",
      "provider": "provider[\"registry.terraform.io/terraform-redhat/rhcs\"]",
      "instances": [
        {
          "schema_version": 0,
          "attributes": {
            "admin_credentials": null,
            "api_url": "",
            "autoscaling_enabled": null,
            "availability_zones": [
              "eu-west-1a",
              "eu-west-1b",
              "eu-west-1c"
            ],
            "aws_account_id": "742735434737",
            "aws_private_link": false,
            "aws_subnet_ids": [
              "subnet-0fc0e785b5a11d8df",
              "subnet-0414f20190315e0dc",
              "subnet-0e607ed2a4e123c1a",
              "subnet-01045d29a0753e017",
              "subnet-01eb98bf7a509dcc4",
              "subnet-0eff49ff3fb6bae8f"
            ],
            "ccs_enabled": true,
            "channel_group": "stable",
            "cloud_region": "eu-west-1",
            "compute_machine_type": "m5.xlarge",
            "console_url": "",
            "current_version": "4.13.9",
            "default_mp_labels": null,
            "destroy_timeout": null,
            "disable_scp_checks": null,
            "disable_waiting_in_destroy": null,
            "disable_workload_monitoring": null,
            "domain": "tf-rcarrata.audc.p1.openshiftapps.com",
            "ec2_metadata_http_tokens": null,
            "etcd_encryption": false,
            "external_id": "",
            "fips": null,
            "host_prefix": 23,
            "id": "26325n0knv751u1f84bc4g9793rmrvbc",
            "kms_key_arn": null,
            "machine_cidr": "10.66.0.0/16",
            "max_replicas": null,
            "min_replicas": null,
            "multi_az": true,
            "name": "tf-rcarrata",
            "ocm_properties": {
              "rosa_creator_arn": "arn:aws:iam::742735434737:user/rcarrata@redhat.com-fvn9d-admin",
              "rosa_tf_commit": "4d2c1e14b3302355c5f22aad3707417f53e28805",
              "rosa_tf_version": "1.2.4"
            },
            "pod_cidr": "10.128.0.0/14",
            "properties": {
              "rosa_creator_arn": "arn:aws:iam::742735434737:user/rcarrata@redhat.com-fvn9d-admin"
            },
            "proxy": null,
            "replicas": 3,
            "service_cidr": "172.30.0.0/16",
            "state": "waiting",
            "sts": {
              "instance_iam_roles": {
                "master_role_arn": "arn:aws:iam::742735434737:role/ManagedOpenShift-ControlPlane-Role",
                "worker_role_arn": "arn:aws:iam::742735434737:role/ManagedOpenShift-Worker-Role"
              },
              "oidc_config_id": null,
              "oidc_endpoint_url": "rh-oidc.s3.us-east-1.amazonaws.com/26325n0knv751u1f84bc4g9793rmrvbc",
              "operator_role_prefix": "tf-rcarrata",
              "role_arn": "arn:aws:iam::742735434737:role/ManagedOpenShift-Installer-Role",
              "support_role_arn": "arn:aws:iam::742735434737:role/ManagedOpenShift-Support-Role",
              "thumbprint": "9e99a48a9960b14926bb7f3b02e22da2b0ab7280"
            },
            "tags": {
              "owner": "arn:aws:iam::742735434737:user/rcarrata@redhat.com-fvn9d-admin"
            },
            "upgrade_acknowledgements_for": null,
            "version": "4.13.9"
          },
          "sensitive_attributes": [],
          "dependencies": [
            "data.aws_caller_identity.current",
            "module.rosa-vpc.aws_cloudwatch_log_group.flow_log",
            "module.rosa-vpc.aws_customer_gateway.this",
            "module.rosa-vpc.aws_db_subnet_group.database",
            "module.rosa-vpc.aws_default_network_acl.this",
            "module.rosa-vpc.aws_default_route_table.default",
            "module.rosa-vpc.aws_default_security_group.this",
            "module.rosa-vpc.aws_default_vpc.this",
            "module.rosa-vpc.aws_egress_only_internet_gateway.this",
            "module.rosa-vpc.aws_eip.nat",
            "module.rosa-vpc.aws_elasticache_subnet_group.elasticache",
            "module.rosa-vpc.aws_flow_log.this",
            "module.rosa-vpc.aws_iam_policy.vpc_flow_log_cloudwatch",
            "module.rosa-vpc.aws_iam_role.vpc_flow_log_cloudwatch",
            "module.rosa-vpc.aws_iam_role_policy_attachment.vpc_flow_log_cloudwatch",
            "module.rosa-vpc.aws_internet_gateway.this",
            "module.rosa-vpc.aws_nat_gateway.this",
            "module.rosa-vpc.aws_network_acl.database",
            "module.rosa-vpc.aws_network_acl.elasticache",
            "module.rosa-vpc.aws_network_acl.intra",
            "module.rosa-vpc.aws_network_acl.outpost",
            "module.rosa-vpc.aws_network_acl.private",
            "module.rosa-vpc.aws_network_acl.public",
            "module.rosa-vpc.aws_network_acl.redshift",
            "module.rosa-vpc.aws_network_acl_rule.database_inbound",
            "module.rosa-vpc.aws_network_acl_rule.database_outbound",
            "module.rosa-vpc.aws_network_acl_rule.elasticache_inbound",
            "module.rosa-vpc.aws_network_acl_rule.elasticache_outbound",
            "module.rosa-vpc.aws_network_acl_rule.intra_inbound",
            "module.rosa-vpc.aws_network_acl_rule.intra_outbound",
            "module.rosa-vpc.aws_network_acl_rule.outpost_inbound",
            "module.rosa-vpc.aws_network_acl_rule.outpost_outbound",
            "module.rosa-vpc.aws_network_acl_rule.private_inbound",
            "module.rosa-vpc.aws_network_acl_rule.private_outbound",
            "module.rosa-vpc.aws_network_acl_rule.public_inbound",
            "module.rosa-vpc.aws_network_acl_rule.public_outbound",
            "module.rosa-vpc.aws_network_acl_rule.redshift_inbound",
            "module.rosa-vpc.aws_network_acl_rule.redshift_outbound",
            "module.rosa-vpc.aws_redshift_subnet_group.redshift",
            "module.rosa-vpc.aws_route.database_internet_gateway",
            "module.rosa-vpc.aws_route.database_ipv6_egress",
            "module.rosa-vpc.aws_route.database_nat_gateway",
            "module.rosa-vpc.aws_route.private_ipv6_egress",
            "module.rosa-vpc.aws_route.private_nat_gateway",
            "module.rosa-vpc.aws_route.public_internet_gateway",
            "module.rosa-vpc.aws_route.public_internet_gateway_ipv6",
            "module.rosa-vpc.aws_route_table.database",
            "module.rosa-vpc.aws_route_table.elasticache",
            "module.rosa-vpc.aws_route_table.intra",
            "module.rosa-vpc.aws_route_table.private",
            "module.rosa-vpc.aws_route_table.public",
            "module.rosa-vpc.aws_route_table.redshift",
            "module.rosa-vpc.aws_route_table_association.database",
            "module.rosa-vpc.aws_route_table_association.elasticache",
            "module.rosa-vpc.aws_route_table_association.intra",
            "module.rosa-vpc.aws_route_table_association.outpost",
            "module.rosa-vpc.aws_route_table_association.private",
            "module.rosa-vpc.aws_route_table_association.public",
            "module.rosa-vpc.aws_route_table_association.redshift",
            "module.rosa-vpc.aws_route_table_association.redshift_public",
            "module.rosa-vpc.aws_subnet.database",
            "module.rosa-vpc.aws_subnet.elasticache",
            "module.rosa-vpc.aws_subnet.intra",
            "module.rosa-vpc.aws_subnet.outpost",
            "module.rosa-vpc.aws_subnet.private",
            "module.rosa-vpc.aws_subnet.public",
            "module.rosa-vpc.aws_subnet.redshift",
            "module.rosa-vpc.aws_vpc.this",
            "module.rosa-vpc.aws_vpc_dhcp_options.this",
            "module.rosa-vpc.aws_vpc_dhcp_options_association.this",
            "module.rosa-vpc.aws_vpc_ipv4_cidr_block_association.this",
            "module.rosa-vpc.aws_vpn_gateway.this",
            "module.rosa-vpc.aws_vpn_gateway_attachment.this",
            "module.rosa-vpc.aws_vpn_gateway_route_propagation.intra",
            "module.rosa-vpc.aws_vpn_gateway_route_propagation.private",
            "module.rosa-vpc.aws_vpn_gateway_route_propagation.public",
            "module.rosa-vpc.data.aws_iam_policy_document.flow_log_cloudwatch_assume_role",
            "module.rosa-vpc.data.aws_iam_policy_document.vpc_flow_log_cloudwatch"
          ]
        }
      ]
    },
    {
      "mode": "managed",
      "type": "rhcs_cluster_wait",
      "name": "rosa",
      "provider": "provider[\"registry.terraform.io/terraform-redhat/rhcs\"]",
      "instances": [
        {
          "schema_version": 0,
          "attributes": {
            "cluster": "26325n0knv751u1f84bc4g9793rmrvbc",
            "ready": true,
            "timeout": 60
          },
          "sensitive_attributes": [],
          "dependencies": [
            "data.aws_caller_identity.current",
            "module.rosa-vpc.aws_cloudwatch_log_group.flow_log",
            "module.rosa-vpc.aws_customer_gateway.this",
            "module.rosa-vpc.aws_db_subnet_group.database",
            "module.rosa-vpc.aws_default_network_acl.this",
            "module.rosa-vpc.aws_default_route_table.default",
            "module.rosa-vpc.aws_default_security_group.this",
            "module.rosa-vpc.aws_default_vpc.this",
            "module.rosa-vpc.aws_egress_only_internet_gateway.this",
            "module.rosa-vpc.aws_eip.nat",
            "module.rosa-vpc.aws_elasticache_subnet_group.elasticache",
            "module.rosa-vpc.aws_flow_log.this",
            "module.rosa-vpc.aws_iam_policy.vpc_flow_log_cloudwatch",
            "module.rosa-vpc.aws_iam_role.vpc_flow_log_cloudwatch",
            "module.rosa-vpc.aws_iam_role_policy_attachment.vpc_flow_log_cloudwatch",
            "module.rosa-vpc.aws_internet_gateway.this",
            "module.rosa-vpc.aws_nat_gateway.this",
            "module.rosa-vpc.aws_network_acl.database",
            "module.rosa-vpc.aws_network_acl.elasticache",
            "module.rosa-vpc.aws_network_acl.intra",
            "module.rosa-vpc.aws_network_acl.outpost",
            "module.rosa-vpc.aws_network_acl.private",
            "module.rosa-vpc.aws_network_acl.public",
            "module.rosa-vpc.aws_network_acl.redshift",
            "module.rosa-vpc.aws_network_acl_rule.database_inbound",
            "module.rosa-vpc.aws_network_acl_rule.database_outbound",
            "module.rosa-vpc.aws_network_acl_rule.elasticache_inbound",
            "module.rosa-vpc.aws_network_acl_rule.elasticache_outbound",
            "module.rosa-vpc.aws_network_acl_rule.intra_inbound",
            "module.rosa-vpc.aws_network_acl_rule.intra_outbound",
            "module.rosa-vpc.aws_network_acl_rule.outpost_inbound",
            "module.rosa-vpc.aws_network_acl_rule.outpost_outbound",
            "module.rosa-vpc.aws_network_acl_rule.private_inbound",
            "module.rosa-vpc.aws_network_acl_rule.private_outbound",
            "module.rosa-vpc.aws_network_acl_rule.public_inbound",
            "module.rosa-vpc.aws_network_acl_rule.public_outbound",
            "module.rosa-vpc.aws_network_acl_rule.redshift_inbound",
            "module.rosa-vpc.aws_network_acl_rule.redshift_outbound",
            "module.rosa-vpc.aws_redshift_subnet_group.redshift",
            "module.rosa-vpc.aws_route.database_internet_gateway",
            "module.rosa-vpc.aws_route.database_ipv6_egress",
            "module.rosa-vpc.aws_route.database_nat_gateway",
            "module.rosa-vpc.aws_route.private_ipv6_egress",
            "module.rosa-vpc.aws_route.private_nat_gateway",
            "module.rosa-vpc.aws_route.public_internet_gateway",
            "module.rosa-vpc.aws_route.public_internet_gateway_ipv6",
            "module.rosa-vpc.aws_route_table.database",
            "module.rosa-vpc.aws_route_table.elasticache",
            "module.rosa-vpc.aws_route_table.intra",
            "module.rosa-vpc.aws_route_table.private",
            "module.rosa-vpc.aws_route_table.public",
            "module.rosa-vpc.aws_route_table.redshift",
            "module.rosa-vpc.aws_route_table_association.database",
            "module.rosa-vpc.aws_route_table_association.elasticache",
            "module.rosa-vpc.aws_route_table_association.intra",
            "module.rosa-vpc.aws_route_table_association.outpost",
            "module.rosa-vpc.aws_route_table_association.private",
            "module.rosa-vpc.aws_route_table_association.public",
            "module.rosa-vpc.aws_route_table_association.redshift",
            "module.rosa-vpc.aws_route_table_association.redshift_public",
            "module.rosa-vpc.aws_subnet.database",
            "module.rosa-vpc.aws_subnet.elasticache",
            "module.rosa-vpc.aws_subnet.intra",
            "module.rosa-vpc.aws_subnet.outpost",
            "module.rosa-vpc.aws_subnet.private",
            "module.rosa-vpc.aws_subnet.public",
            "module.rosa-vpc.aws_subnet.redshift",
            "module.rosa-vpc.aws_vpc.this",
            "module.rosa-vpc.aws_vpc_dhcp_options.this",
            "module.rosa-vpc.aws_vpc_dhcp_options_association.this",
            "module.rosa-vpc.aws_vpc_ipv4_cidr_block_association.this",
            "module.rosa-vpc.aws_vpn_gateway.this",
            "module.rosa-vpc.aws_vpn_gateway_attachment.this",
            "module.rosa-vpc.aws_vpn_gateway_route_propagation.intra",
            "module.rosa-vpc.aws_vpn_gateway_route_propagation.private",
            "module.rosa-vpc.aws_vpn_gateway_route_propagation.public",
            "module.rosa-vpc.data.aws_iam_policy_document.flow_log_cloudwatch_assume_role",
            "module.rosa-vpc.data.aws_iam_policy_document.vpc_flow_log_cloudwatch",
            "rhcs_cluster_rosa_classic.rosa"
          ]
        }
      ]
    },
    {
      "mode": "managed",
      "type": "rhcs_group_membership",
      "name": "htpasswd_admin",
      "provider": "provider[\"registry.terraform.io/terraform-redhat/rhcs\"]",
      "instances": [
        {
          "schema_version": 0,
          "attributes": {
            "cluster": "26325n0knv751u1f84bc4g9793rmrvbc",
            "group": "cluster-admins",
            "id": "cluster-admin",
            "user": "cluster-admin"
          },
          "sensitive_attributes": [],
          "dependencies": [
            "data.aws_caller_identity.current",
            "module.rosa-vpc.aws_cloudwatch_log_group.flow_log",
            "module.rosa-vpc.aws_customer_gateway.this",
            "module.rosa-vpc.aws_db_subnet_group.database",
            "module.rosa-vpc.aws_default_network_acl.this",
            "module.rosa-vpc.aws_default_route_table.default",
            "module.rosa-vpc.aws_default_security_group.this",
            "module.rosa-vpc.aws_default_vpc.this",
            "module.rosa-vpc.aws_egress_only_internet_gateway.this",
            "module.rosa-vpc.aws_eip.nat",
            "module.rosa-vpc.aws_elasticache_subnet_group.elasticache",
            "module.rosa-vpc.aws_flow_log.this",
            "module.rosa-vpc.aws_iam_policy.vpc_flow_log_cloudwatch",
            "module.rosa-vpc.aws_iam_role.vpc_flow_log_cloudwatch",
            "module.rosa-vpc.aws_iam_role_policy_attachment.vpc_flow_log_cloudwatch",
            "module.rosa-vpc.aws_internet_gateway.this",
            "module.rosa-vpc.aws_nat_gateway.this",
            "module.rosa-vpc.aws_network_acl.database",
            "module.rosa-vpc.aws_network_acl.elasticache",
            "module.rosa-vpc.aws_network_acl.intra",
            "module.rosa-vpc.aws_network_acl.outpost",
            "module.rosa-vpc.aws_network_acl.private",
            "module.rosa-vpc.aws_network_acl.public",
            "module.rosa-vpc.aws_network_acl.redshift",
            "module.rosa-vpc.aws_network_acl_rule.database_inbound",
            "module.rosa-vpc.aws_network_acl_rule.database_outbound",
            "module.rosa-vpc.aws_network_acl_rule.elasticache_inbound",
            "module.rosa-vpc.aws_network_acl_rule.elasticache_outbound",
            "module.rosa-vpc.aws_network_acl_rule.intra_inbound",
            "module.rosa-vpc.aws_network_acl_rule.intra_outbound",
            "module.rosa-vpc.aws_network_acl_rule.outpost_inbound",
            "module.rosa-vpc.aws_network_acl_rule.outpost_outbound",
            "module.rosa-vpc.aws_network_acl_rule.private_inbound",
            "module.rosa-vpc.aws_network_acl_rule.private_outbound",
            "module.rosa-vpc.aws_network_acl_rule.public_inbound",
            "module.rosa-vpc.aws_network_acl_rule.public_outbound",
            "module.rosa-vpc.aws_network_acl_rule.redshift_inbound",
            "module.rosa-vpc.aws_network_acl_rule.redshift_outbound",
            "module.rosa-vpc.aws_redshift_subnet_group.redshift",
            "module.rosa-vpc.aws_route.database_internet_gateway",
            "module.rosa-vpc.aws_route.database_ipv6_egress",
            "module.rosa-vpc.aws_route.database_nat_gateway",
            "module.rosa-vpc.aws_route.private_ipv6_egress",
            "module.rosa-vpc.aws_route.private_nat_gateway",
            "module.rosa-vpc.aws_route.public_internet_gateway",
            "module.rosa-vpc.aws_route.public_internet_gateway_ipv6",
            "module.rosa-vpc.aws_route_table.database",
            "module.rosa-vpc.aws_route_table.elasticache",
            "module.rosa-vpc.aws_route_table.intra",
            "module.rosa-vpc.aws_route_table.private",
            "module.rosa-vpc.aws_route_table.public",
            "module.rosa-vpc.aws_route_table.redshift",
            "module.rosa-vpc.aws_route_table_association.database",
            "module.rosa-vpc.aws_route_table_association.elasticache",
            "module.rosa-vpc.aws_route_table_association.intra",
            "module.rosa-vpc.aws_route_table_association.outpost",
            "module.rosa-vpc.aws_route_table_association.private",
            "module.rosa-vpc.aws_route_table_association.public",
            "module.rosa-vpc.aws_route_table_association.redshift",
            "module.rosa-vpc.aws_route_table_association.redshift_public",
            "module.rosa-vpc.aws_subnet.database",
            "module.rosa-vpc.aws_subnet.elasticache",
            "module.rosa-vpc.aws_subnet.intra",
            "module.rosa-vpc.aws_subnet.outpost",
            "module.rosa-vpc.aws_subnet.private",
            "module.rosa-vpc.aws_subnet.public",
            "module.rosa-vpc.aws_subnet.redshift",
            "module.rosa-vpc.aws_vpc.this",
            "module.rosa-vpc.aws_vpc_dhcp_options.this",
            "module.rosa-vpc.aws_vpc_dhcp_options_association.this",
            "module.rosa-vpc.aws_vpc_ipv4_cidr_block_association.this",
            "module.rosa-vpc.aws_vpn_gateway.this",
            "module.rosa-vpc.aws_vpn_gateway_attachment.this",
            "module.rosa-vpc.aws_vpn_gateway_route_propagation.intra",
            "module.rosa-vpc.aws_vpn_gateway_route_propagation.private",
            "module.rosa-vpc.aws_vpn_gateway_route_propagation.public",
            "module.rosa-vpc.data.aws_iam_policy_document.flow_log_cloudwatch_assume_role",
            "module.rosa-vpc.data.aws_iam_policy_document.vpc_flow_log_cloudwatch",
            "rhcs_cluster_rosa_classic.rosa",
            "rhcs_cluster_wait.rosa"
          ]
        }
      ]
    },
    {
      "mode": "managed",
      "type": "rhcs_identity_provider",
      "name": "rosa_iam_htpasswd",
      "provider": "provider[\"registry.terraform.io/terraform-redhat/rhcs\"]",
      "instances": [
        {
          "schema_version": 0,
          "attributes": {
            "cluster": "26325n0knv751u1f84bc4g9793rmrvbc",
            "github": null,
            "gitlab": null,
            "google": null,
            "htpasswd": {
              "password": "pGhCferyH!9Ut*",
              "username": "cluster-admin"
            },
            "id": "2632mnhl0qp6oba9503c467nqnhfv4hv",
            "ldap": null,
            "mapping_method": "claim",
            "name": "htpasswd",
            "openid": null
          },
          "sensitive_attributes": [
            [
              {
                "type": "get_attr",
                "value": "htpasswd"
              },
              {
                "type": "get_attr",
                "value": "password"
              }
            ]
          ],
          "dependencies": [
            "data.aws_caller_identity.current",
            "module.rosa-vpc.aws_cloudwatch_log_group.flow_log",
            "module.rosa-vpc.aws_customer_gateway.this",
            "module.rosa-vpc.aws_db_subnet_group.database",
            "module.rosa-vpc.aws_default_network_acl.this",
            "module.rosa-vpc.aws_default_route_table.default",
            "module.rosa-vpc.aws_default_security_group.this",
            "module.rosa-vpc.aws_default_vpc.this",
            "module.rosa-vpc.aws_egress_only_internet_gateway.this",
            "module.rosa-vpc.aws_eip.nat",
            "module.rosa-vpc.aws_elasticache_subnet_group.elasticache",
            "module.rosa-vpc.aws_flow_log.this",
            "module.rosa-vpc.aws_iam_policy.vpc_flow_log_cloudwatch",
            "module.rosa-vpc.aws_iam_role.vpc_flow_log_cloudwatch",
            "module.rosa-vpc.aws_iam_role_policy_attachment.vpc_flow_log_cloudwatch",
            "module.rosa-vpc.aws_internet_gateway.this",
            "module.rosa-vpc.aws_nat_gateway.this",
            "module.rosa-vpc.aws_network_acl.database",
            "module.rosa-vpc.aws_network_acl.elasticache",
            "module.rosa-vpc.aws_network_acl.intra",
            "module.rosa-vpc.aws_network_acl.outpost",
            "module.rosa-vpc.aws_network_acl.private",
            "module.rosa-vpc.aws_network_acl.public",
            "module.rosa-vpc.aws_network_acl.redshift",
            "module.rosa-vpc.aws_network_acl_rule.database_inbound",
            "module.rosa-vpc.aws_network_acl_rule.database_outbound",
            "module.rosa-vpc.aws_network_acl_rule.elasticache_inbound",
            "module.rosa-vpc.aws_network_acl_rule.elasticache_outbound",
            "module.rosa-vpc.aws_network_acl_rule.intra_inbound",
            "module.rosa-vpc.aws_network_acl_rule.intra_outbound",
            "module.rosa-vpc.aws_network_acl_rule.outpost_inbound",
            "module.rosa-vpc.aws_network_acl_rule.outpost_outbound",
            "module.rosa-vpc.aws_network_acl_rule.private_inbound",
            "module.rosa-vpc.aws_network_acl_rule.private_outbound",
            "module.rosa-vpc.aws_network_acl_rule.public_inbound",
            "module.rosa-vpc.aws_network_acl_rule.public_outbound",
            "module.rosa-vpc.aws_network_acl_rule.redshift_inbound",
            "module.rosa-vpc.aws_network_acl_rule.redshift_outbound",
            "module.rosa-vpc.aws_redshift_subnet_group.redshift",
            "module.rosa-vpc.aws_route.database_internet_gateway",
            "module.rosa-vpc.aws_route.database_ipv6_egress",
            "module.rosa-vpc.aws_route.database_nat_gateway",
            "module.rosa-vpc.aws_route.private_ipv6_egress",
            "module.rosa-vpc.aws_route.private_nat_gateway",
            "module.rosa-vpc.aws_route.public_internet_gateway",
            "module.rosa-vpc.aws_route.public_internet_gateway_ipv6",
            "module.rosa-vpc.aws_route_table.database",
            "module.rosa-vpc.aws_route_table.elasticache",
            "module.rosa-vpc.aws_route_table.intra",
            "module.rosa-vpc.aws_route_table.private",
            "module.rosa-vpc.aws_route_table.public",
            "module.rosa-vpc.aws_route_table.redshift",
            "module.rosa-vpc.aws_route_table_association.database",
            "module.rosa-vpc.aws_route_table_association.elasticache",
            "module.rosa-vpc.aws_route_table_association.intra",
            "module.rosa-vpc.aws_route_table_association.outpost",
            "module.rosa-vpc.aws_route_table_association.private",
            "module.rosa-vpc.aws_route_table_association.public",
            "module.rosa-vpc.aws_route_table_association.redshift",
            "module.rosa-vpc.aws_route_table_association.redshift_public",
            "module.rosa-vpc.aws_subnet.database",
            "module.rosa-vpc.aws_subnet.elasticache",
            "module.rosa-vpc.aws_subnet.intra",
            "module.rosa-vpc.aws_subnet.outpost",
            "module.rosa-vpc.aws_subnet.private",
            "module.rosa-vpc.aws_subnet.public",
            "module.rosa-vpc.aws_subnet.redshift",
            "module.rosa-vpc.aws_vpc.this",
            "module.rosa-vpc.aws_vpc_dhcp_options.this",
            "module.rosa-vpc.aws_vpc_dhcp_options_association.this",
            "module.rosa-vpc.aws_vpc_ipv4_cidr_block_association.this",
            "module.rosa-vpc.aws_vpn_gateway.this",
            "module.rosa-vpc.aws_vpn_gateway_attachment.this",
            "module.rosa-vpc.aws_vpn_gateway_route_propagation.intra",
            "module.rosa-vpc.aws_vpn_gateway_route_propagation.private",
            "module.rosa-vpc.aws_vpn_gateway_route_propagation.public",
            "module.rosa-vpc.data.aws_iam_policy_document.flow_log_cloudwatch_assume_role",
            "module.rosa-vpc.data.aws_iam_policy_document.vpc_flow_log_cloudwatch",
            "rhcs_cluster_rosa_classic.rosa",
            "rhcs_cluster_wait.rosa"
          ]
        }
      ]
    },
    {
      "module": "module.operator_roles.module.rosa_oidc_provider[0]",
      "mode": "managed",
      "type": "aws_iam_openid_connect_provider",
      "name": "oidc_provider",
      "provider": "provider[\"registry.terraform.io/hashicorp/aws\"]",
      "instances": [
        {
          "schema_version": 0,
          "attributes": {
            "arn": "arn:aws:iam::742735434737:oidc-provider/rh-oidc.s3.us-east-1.amazonaws.com/26325n0knv751u1f84bc4g9793rmrvbc",
            "client_id_list": [
              "openshift",
              "sts.amazonaws.com"
            ],
            "id": "arn:aws:iam::742735434737:oidc-provider/rh-oidc.s3.us-east-1.amazonaws.com/26325n0knv751u1f84bc4g9793rmrvbc",
            "tags": {
              "rosa_cluster_id": "26325n0knv751u1f84bc4g9793rmrvbc"
            },
            "tags_all": {
              "rosa_cluster_id": "26325n0knv751u1f84bc4g9793rmrvbc"
            },
            "thumbprint_list": [
              "9e99a48a9960b14926bb7f3b02e22da2b0ab7280"
            ],
            "url": "rh-oidc.s3.us-east-1.amazonaws.com/26325n0knv751u1f84bc4g9793rmrvbc"
          },
          "sensitive_attributes": [],
          "private": "bnVsbA==",
          "dependencies": [
            "data.aws_caller_identity.current",
            "module.rosa-vpc.aws_cloudwatch_log_group.flow_log",
            "module.rosa-vpc.aws_customer_gateway.this",
            "module.rosa-vpc.aws_db_subnet_group.database",
            "module.rosa-vpc.aws_default_network_acl.this",
            "module.rosa-vpc.aws_default_route_table.default",
            "module.rosa-vpc.aws_default_security_group.this",
            "module.rosa-vpc.aws_default_vpc.this",
            "module.rosa-vpc.aws_egress_only_internet_gateway.this",
            "module.rosa-vpc.aws_eip.nat",
            "module.rosa-vpc.aws_elasticache_subnet_group.elasticache",
            "module.rosa-vpc.aws_flow_log.this",
            "module.rosa-vpc.aws_iam_policy.vpc_flow_log_cloudwatch",
            "module.rosa-vpc.aws_iam_role.vpc_flow_log_cloudwatch",
            "module.rosa-vpc.aws_iam_role_policy_attachment.vpc_flow_log_cloudwatch",
            "module.rosa-vpc.aws_internet_gateway.this",
            "module.rosa-vpc.aws_nat_gateway.this",
            "module.rosa-vpc.aws_network_acl.database",
            "module.rosa-vpc.aws_network_acl.elasticache",
            "module.rosa-vpc.aws_network_acl.intra",
            "module.rosa-vpc.aws_network_acl.outpost",
            "module.rosa-vpc.aws_network_acl.private",
            "module.rosa-vpc.aws_network_acl.public",
            "module.rosa-vpc.aws_network_acl.redshift",
            "module.rosa-vpc.aws_network_acl_rule.database_inbound",
            "module.rosa-vpc.aws_network_acl_rule.database_outbound",
            "module.rosa-vpc.aws_network_acl_rule.elasticache_inbound",
            "module.rosa-vpc.aws_network_acl_rule.elasticache_outbound",
            "module.rosa-vpc.aws_network_acl_rule.intra_inbound",
            "module.rosa-vpc.aws_network_acl_rule.intra_outbound",
            "module.rosa-vpc.aws_network_acl_rule.outpost_inbound",
            "module.rosa-vpc.aws_network_acl_rule.outpost_outbound",
            "module.rosa-vpc.aws_network_acl_rule.private_inbound",
            "module.rosa-vpc.aws_network_acl_rule.private_outbound",
            "module.rosa-vpc.aws_network_acl_rule.public_inbound",
            "module.rosa-vpc.aws_network_acl_rule.public_outbound",
            "module.rosa-vpc.aws_network_acl_rule.redshift_inbound",
            "module.rosa-vpc.aws_network_acl_rule.redshift_outbound",
            "module.rosa-vpc.aws_redshift_subnet_group.redshift",
            "module.rosa-vpc.aws_route.database_internet_gateway",
            "module.rosa-vpc.aws_route.database_ipv6_egress",
            "module.rosa-vpc.aws_route.database_nat_gateway",
            "module.rosa-vpc.aws_route.private_ipv6_egress",
            "module.rosa-vpc.aws_route.private_nat_gateway",
            "module.rosa-vpc.aws_route.public_internet_gateway",
            "module.rosa-vpc.aws_route.public_internet_gateway_ipv6",
            "module.rosa-vpc.aws_route_table.database",
            "module.rosa-vpc.aws_route_table.elasticache",
            "module.rosa-vpc.aws_route_table.intra",
            "module.rosa-vpc.aws_route_table.private",
            "module.rosa-vpc.aws_route_table.public",
            "module.rosa-vpc.aws_route_table.redshift",
            "module.rosa-vpc.aws_route_table_association.database",
            "module.rosa-vpc.aws_route_table_association.elasticache",
            "module.rosa-vpc.aws_route_table_association.intra",
            "module.rosa-vpc.aws_route_table_association.outpost",
            "module.rosa-vpc.aws_route_table_association.private",
            "module.rosa-vpc.aws_route_table_association.public",
            "module.rosa-vpc.aws_route_table_association.redshift",
            "module.rosa-vpc.aws_route_table_association.redshift_public",
            "module.rosa-vpc.aws_subnet.database",
            "module.rosa-vpc.aws_subnet.elasticache",
            "module.rosa-vpc.aws_subnet.intra",
            "module.rosa-vpc.aws_subnet.outpost",
            "module.rosa-vpc.aws_subnet.private",
            "module.rosa-vpc.aws_subnet.public",
            "module.rosa-vpc.aws_subnet.redshift",
            "module.rosa-vpc.aws_vpc.this",
            "module.rosa-vpc.aws_vpc_dhcp_options.this",
            "module.rosa-vpc.aws_vpc_dhcp_options_association.this",
            "module.rosa-vpc.aws_vpc_ipv4_cidr_block_association.this",
            "module.rosa-vpc.aws_vpn_gateway.this",
            "module.rosa-vpc.aws_vpn_gateway_attachment.this",
            "module.rosa-vpc.aws_vpn_gateway_route_propagation.intra",
            "module.rosa-vpc.aws_vpn_gateway_route_propagation.private",
            "module.rosa-vpc.aws_vpn_gateway_route_propagation.public",
            "module.rosa-vpc.data.aws_iam_policy_document.flow_log_cloudwatch_assume_role",
            "module.rosa-vpc.data.aws_iam_policy_document.vpc_flow_log_cloudwatch",
            "rhcs_cluster_rosa_classic.rosa"
          ]
        }
      ]
    },
    {
      "module": "module.operator_roles.module.rosa_operator_roles[0].module.rosa_operator_roles[0]",
      "mode": "data",
      "type": "aws_caller_identity",
      "name": "current",
      "provider": "provider[\"registry.terraform.io/hashicorp/aws\"]",
      "instances": [
        {
          "schema_version": 0,
          "attributes": {
            "account_id": "742735434737",
            "arn": "arn:aws:iam::742735434737:user/rcarrata@redhat.com-fvn9d-admin",
            "id": "742735434737",
            "user_id": "AIDA2Z3T3KPYRSICTJSRI"
          },
          "sensitive_attributes": []
        }
      ]
    },
    {
      "module": "module.operator_roles.module.rosa_operator_roles[0].module.rosa_operator_roles[0]",
      "mode": "managed",
      "type": "aws_iam_role",
      "name": "operator_role",
      "provider": "provider[\"registry.terraform.io/hashicorp/aws\"]",
      "instances": [
        {
          "schema_version": 0,
          "attributes": {
            "arn": "arn:aws:iam::742735434737:role/tf-rcarrata-openshift-cloud-credential-operator-cloud-credential",
            "assume_role_policy": "{\"Statement\":[{\"Action\":\"sts:AssumeRoleWithWebIdentity\",\"Condition\":{\"StringEquals\":{\"rh-oidc.s3.us-east-1.amazonaws.com/26325n0knv751u1f84bc4g9793rmrvbc:sub\":[\"system:serviceaccount:openshift-cloud-credential-operator:cloud-credential-operator\"]}},\"Effect\":\"Allow\",\"Principal\":{\"Federated\":\"arn:aws:iam::742735434737:oidc-provider/rh-oidc.s3.us-east-1.amazonaws.com/26325n0knv751u1f84bc4g9793rmrvbc\"}}],\"Version\":\"2012-10-17\"}",
            "create_date": "2023-09-06T12:30:32Z",
            "description": "",
            "force_detach_policies": false,
            "id": "tf-rcarrata-openshift-cloud-credential-operator-cloud-credential",
            "inline_policy": [],
            "managed_policy_arns": [],
            "max_session_duration": 3600,
            "name": "tf-rcarrata-openshift-cloud-credential-operator-cloud-credential",
            "name_prefix": "",
            "path": "/",
            "permissions_boundary": null,
            "role_last_used": [
              {
                "last_used_date": "",
                "region": ""
              }
            ],
            "tags": {
              "operator_name": "cloud-credential-operator-iam-ro-creds",
              "operator_namespace": "openshift-cloud-credential-operator",
              "red-hat-managed": "true",
              "rosa_cluster_id": "26325n0knv751u1f84bc4g9793rmrvbc"
            },
            "tags_all": {
              "operator_name": "cloud-credential-operator-iam-ro-creds",
              "operator_namespace": "openshift-cloud-credential-operator",
              "red-hat-managed": "true",
              "rosa_cluster_id": "26325n0knv751u1f84bc4g9793rmrvbc"
            },
            "unique_id": "AROA2Z3T3KPYYWLOGLIKC"
          },
          "sensitive_attributes": [],
          "private": "bnVsbA==",
          "dependencies": [
            "data.aws_caller_identity.current",
            "data.rhcs_rosa_operator_roles.operator_roles",
            "module.operator_roles.module.rosa_operator_roles.module.rosa_operator_roles.data.aws_caller_identity.current",
            "module.rosa-vpc.aws_cloudwatch_log_group.flow_log",
            "module.rosa-vpc.aws_customer_gateway.this",
            "module.rosa-vpc.aws_db_subnet_group.database",
            "module.rosa-vpc.aws_default_network_acl.this",
            "module.rosa-vpc.aws_default_route_table.default",
            "module.rosa-vpc.aws_default_security_group.this",
            "module.rosa-vpc.aws_default_vpc.this",
            "module.rosa-vpc.aws_egress_only_internet_gateway.this",
            "module.rosa-vpc.aws_eip.nat",
            "module.rosa-vpc.aws_elasticache_subnet_group.elasticache",
            "module.rosa-vpc.aws_flow_log.this",
            "module.rosa-vpc.aws_iam_policy.vpc_flow_log_cloudwatch",
            "module.rosa-vpc.aws_iam_role.vpc_flow_log_cloudwatch",
            "module.rosa-vpc.aws_iam_role_policy_attachment.vpc_flow_log_cloudwatch",
            "module.rosa-vpc.aws_internet_gateway.this",
            "module.rosa-vpc.aws_nat_gateway.this",
            "module.rosa-vpc.aws_network_acl.database",
            "module.rosa-vpc.aws_network_acl.elasticache",
            "module.rosa-vpc.aws_network_acl.intra",
            "module.rosa-vpc.aws_network_acl.outpost",
            "module.rosa-vpc.aws_network_acl.private",
            "module.rosa-vpc.aws_network_acl.public",
            "module.rosa-vpc.aws_network_acl.redshift",
            "module.rosa-vpc.aws_network_acl_rule.database_inbound",
            "module.rosa-vpc.aws_network_acl_rule.database_outbound",
            "module.rosa-vpc.aws_network_acl_rule.elasticache_inbound",
            "module.rosa-vpc.aws_network_acl_rule.elasticache_outbound",
            "module.rosa-vpc.aws_network_acl_rule.intra_inbound",
            "module.rosa-vpc.aws_network_acl_rule.intra_outbound",
            "module.rosa-vpc.aws_network_acl_rule.outpost_inbound",
            "module.rosa-vpc.aws_network_acl_rule.outpost_outbound",
            "module.rosa-vpc.aws_network_acl_rule.private_inbound",
            "module.rosa-vpc.aws_network_acl_rule.private_outbound",
            "module.rosa-vpc.aws_network_acl_rule.public_inbound",
            "module.rosa-vpc.aws_network_acl_rule.public_outbound",
            "module.rosa-vpc.aws_network_acl_rule.redshift_inbound",
            "module.rosa-vpc.aws_network_acl_rule.redshift_outbound",
            "module.rosa-vpc.aws_redshift_subnet_group.redshift",
            "module.rosa-vpc.aws_route.database_internet_gateway",
            "module.rosa-vpc.aws_route.database_ipv6_egress",
            "module.rosa-vpc.aws_route.database_nat_gateway",
            "module.rosa-vpc.aws_route.private_ipv6_egress",
            "module.rosa-vpc.aws_route.private_nat_gateway",
            "module.rosa-vpc.aws_route.public_internet_gateway",
            "module.rosa-vpc.aws_route.public_internet_gateway_ipv6",
            "module.rosa-vpc.aws_route_table.database",
            "module.rosa-vpc.aws_route_table.elasticache",
            "module.rosa-vpc.aws_route_table.intra",
            "module.rosa-vpc.aws_route_table.private",
            "module.rosa-vpc.aws_route_table.public",
            "module.rosa-vpc.aws_route_table.redshift",
            "module.rosa-vpc.aws_route_table_association.database",
            "module.rosa-vpc.aws_route_table_association.elasticache",
            "module.rosa-vpc.aws_route_table_association.intra",
            "module.rosa-vpc.aws_route_table_association.outpost",
            "module.rosa-vpc.aws_route_table_association.private",
            "module.rosa-vpc.aws_route_table_association.public",
            "module.rosa-vpc.aws_route_table_association.redshift",
            "module.rosa-vpc.aws_route_table_association.redshift_public",
            "module.rosa-vpc.aws_subnet.database",
            "module.rosa-vpc.aws_subnet.elasticache",
            "module.rosa-vpc.aws_subnet.intra",
            "module.rosa-vpc.aws_subnet.outpost",
            "module.rosa-vpc.aws_subnet.private",
            "module.rosa-vpc.aws_subnet.public",
            "module.rosa-vpc.aws_subnet.redshift",
            "module.rosa-vpc.aws_vpc.this",
            "module.rosa-vpc.aws_vpc_dhcp_options.this",
            "module.rosa-vpc.aws_vpc_dhcp_options_association.this",
            "module.rosa-vpc.aws_vpc_ipv4_cidr_block_association.this",
            "module.rosa-vpc.aws_vpn_gateway.this",
            "module.rosa-vpc.aws_vpn_gateway_attachment.this",
            "module.rosa-vpc.aws_vpn_gateway_route_propagation.intra",
            "module.rosa-vpc.aws_vpn_gateway_route_propagation.private",
            "module.rosa-vpc.aws_vpn_gateway_route_propagation.public",
            "module.rosa-vpc.data.aws_iam_policy_document.flow_log_cloudwatch_assume_role",
            "module.rosa-vpc.data.aws_iam_policy_document.vpc_flow_log_cloudwatch",
            "rhcs_cluster_rosa_classic.rosa"
          ]
        }
      ]
    },
    {
      "module": "module.operator_roles.module.rosa_operator_roles[0].module.rosa_operator_roles[0]",
      "mode": "managed",
      "type": "aws_iam_role_policy_attachment",
      "name": "operator_role_policy_attachment",
      "provider": "provider[\"registry.terraform.io/hashicorp/aws\"]",
      "instances": [
        {
          "schema_version": 0,
          "attributes": {
            "id": "tf-rcarrata-openshift-cloud-credential-operator-cloud-credential-20230906123033544700000005",
            "policy_arn": "arn:aws:iam::742735434737:policy/ManagedOpenShift-openshift-cloud-credential-operator-cloud-crede",
            "role": "tf-rcarrata-openshift-cloud-credential-operator-cloud-credential"
          },
          "sensitive_attributes": [],
          "private": "bnVsbA==",
          "dependencies": [
            "data.aws_caller_identity.current",
            "data.rhcs_rosa_operator_roles.operator_roles",
            "module.operator_roles.module.rosa_operator_roles.module.rosa_operator_roles.aws_iam_role.operator_role",
            "module.operator_roles.module.rosa_operator_roles.module.rosa_operator_roles.data.aws_caller_identity.current",
            "module.rosa-vpc.aws_cloudwatch_log_group.flow_log",
            "module.rosa-vpc.aws_customer_gateway.this",
            "module.rosa-vpc.aws_db_subnet_group.database",
            "module.rosa-vpc.aws_default_network_acl.this",
            "module.rosa-vpc.aws_default_route_table.default",
            "module.rosa-vpc.aws_default_security_group.this",
            "module.rosa-vpc.aws_default_vpc.this",
            "module.rosa-vpc.aws_egress_only_internet_gateway.this",
            "module.rosa-vpc.aws_eip.nat",
            "module.rosa-vpc.aws_elasticache_subnet_group.elasticache",
            "module.rosa-vpc.aws_flow_log.this",
            "module.rosa-vpc.aws_iam_policy.vpc_flow_log_cloudwatch",
            "module.rosa-vpc.aws_iam_role.vpc_flow_log_cloudwatch",
            "module.rosa-vpc.aws_iam_role_policy_attachment.vpc_flow_log_cloudwatch",
            "module.rosa-vpc.aws_internet_gateway.this",
            "module.rosa-vpc.aws_nat_gateway.this",
            "module.rosa-vpc.aws_network_acl.database",
            "module.rosa-vpc.aws_network_acl.elasticache",
            "module.rosa-vpc.aws_network_acl.intra",
            "module.rosa-vpc.aws_network_acl.outpost",
            "module.rosa-vpc.aws_network_acl.private",
            "module.rosa-vpc.aws_network_acl.public",
            "module.rosa-vpc.aws_network_acl.redshift",
            "module.rosa-vpc.aws_network_acl_rule.database_inbound",
            "module.rosa-vpc.aws_network_acl_rule.database_outbound",
            "module.rosa-vpc.aws_network_acl_rule.elasticache_inbound",
            "module.rosa-vpc.aws_network_acl_rule.elasticache_outbound",
            "module.rosa-vpc.aws_network_acl_rule.intra_inbound",
            "module.rosa-vpc.aws_network_acl_rule.intra_outbound",
            "module.rosa-vpc.aws_network_acl_rule.outpost_inbound",
            "module.rosa-vpc.aws_network_acl_rule.outpost_outbound",
            "module.rosa-vpc.aws_network_acl_rule.private_inbound",
            "module.rosa-vpc.aws_network_acl_rule.private_outbound",
            "module.rosa-vpc.aws_network_acl_rule.public_inbound",
            "module.rosa-vpc.aws_network_acl_rule.public_outbound",
            "module.rosa-vpc.aws_network_acl_rule.redshift_inbound",
            "module.rosa-vpc.aws_network_acl_rule.redshift_outbound",
            "module.rosa-vpc.aws_redshift_subnet_group.redshift",
            "module.rosa-vpc.aws_route.database_internet_gateway",
            "module.rosa-vpc.aws_route.database_ipv6_egress",
            "module.rosa-vpc.aws_route.database_nat_gateway",
            "module.rosa-vpc.aws_route.private_ipv6_egress",
            "module.rosa-vpc.aws_route.private_nat_gateway",
            "module.rosa-vpc.aws_route.public_internet_gateway",
            "module.rosa-vpc.aws_route.public_internet_gateway_ipv6",
            "module.rosa-vpc.aws_route_table.database",
            "module.rosa-vpc.aws_route_table.elasticache",
            "module.rosa-vpc.aws_route_table.intra",
            "module.rosa-vpc.aws_route_table.private",
            "module.rosa-vpc.aws_route_table.public",
            "module.rosa-vpc.aws_route_table.redshift",
            "module.rosa-vpc.aws_route_table_association.database",
            "module.rosa-vpc.aws_route_table_association.elasticache",
            "module.rosa-vpc.aws_route_table_association.intra",
            "module.rosa-vpc.aws_route_table_association.outpost",
            "module.rosa-vpc.aws_route_table_association.private",
            "module.rosa-vpc.aws_route_table_association.public",
            "module.rosa-vpc.aws_route_table_association.redshift",
            "module.rosa-vpc.aws_route_table_association.redshift_public",
            "module.rosa-vpc.aws_subnet.database",
            "module.rosa-vpc.aws_subnet.elasticache",
            "module.rosa-vpc.aws_subnet.intra",
            "module.rosa-vpc.aws_subnet.outpost",
            "module.rosa-vpc.aws_subnet.private",
            "module.rosa-vpc.aws_subnet.public",
            "module.rosa-vpc.aws_subnet.redshift",
            "module.rosa-vpc.aws_vpc.this",
            "module.rosa-vpc.aws_vpc_dhcp_options.this",
            "module.rosa-vpc.aws_vpc_dhcp_options_association.this",
            "module.rosa-vpc.aws_vpc_ipv4_cidr_block_association.this",
            "module.rosa-vpc.aws_vpn_gateway.this",
            "module.rosa-vpc.aws_vpn_gateway_attachment.this",
            "module.rosa-vpc.aws_vpn_gateway_route_propagation.intra",
            "module.rosa-vpc.aws_vpn_gateway_route_propagation.private",
            "module.rosa-vpc.aws_vpn_gateway_route_propagation.public",
            "module.rosa-vpc.data.aws_iam_policy_document.flow_log_cloudwatch_assume_role",
            "module.rosa-vpc.data.aws_iam_policy_document.vpc_flow_log_cloudwatch",
            "rhcs_cluster_rosa_classic.rosa"
          ]
        }
      ]
    },
    {
      "module": "module.operator_roles.module.rosa_operator_roles[0].module.rosa_operator_roles[1]",
      "mode": "data",
      "type": "aws_caller_identity",
      "name": "current",
      "provider": "provider[\"registry.terraform.io/hashicorp/aws\"]",
      "instances": [
        {
          "schema_version": 0,
          "attributes": {
            "account_id": "742735434737",
            "arn": "arn:aws:iam::742735434737:user/rcarrata@redhat.com-fvn9d-admin",
            "id": "742735434737",
            "user_id": "AIDA2Z3T3KPYRSICTJSRI"
          },
          "sensitive_attributes": []
        }
      ]
    },
    {
      "module": "module.operator_roles.module.rosa_operator_roles[0].module.rosa_operator_roles[1]",
      "mode": "managed",
      "type": "aws_iam_role",
      "name": "operator_role",
      "provider": "provider[\"registry.terraform.io/hashicorp/aws\"]",
      "instances": [
        {
          "schema_version": 0,
          "attributes": {
            "arn": "arn:aws:iam::742735434737:role/tf-rcarrata-openshift-cloud-network-config-controller-cloud-cred",
            "assume_role_policy": "{\"Statement\":[{\"Action\":\"sts:AssumeRoleWithWebIdentity\",\"Condition\":{\"StringEquals\":{\"rh-oidc.s3.us-east-1.amazonaws.com/26325n0knv751u1f84bc4g9793rmrvbc:sub\":[\"system:serviceaccount:openshift-cloud-network-config-controller:cloud-network-config-controller\"]}},\"Effect\":\"Allow\",\"Principal\":{\"Federated\":\"arn:aws:iam::742735434737:oidc-provider/rh-oidc.s3.us-east-1.amazonaws.com/26325n0knv751u1f84bc4g9793rmrvbc\"}}],\"Version\":\"2012-10-17\"}",
            "create_date": "2023-09-06T12:30:32Z",
            "description": "",
            "force_detach_policies": false,
            "id": "tf-rcarrata-openshift-cloud-network-config-controller-cloud-cred",
            "inline_policy": [],
            "managed_policy_arns": [],
            "max_session_duration": 3600,
            "name": "tf-rcarrata-openshift-cloud-network-config-controller-cloud-cred",
            "name_prefix": "",
            "path": "/",
            "permissions_boundary": null,
            "role_last_used": [
              {
                "last_used_date": "",
                "region": ""
              }
            ],
            "tags": {
              "operator_name": "cloud-credentials",
              "operator_namespace": "openshift-cloud-network-config-controller",
              "red-hat-managed": "true",
              "rosa_cluster_id": "26325n0knv751u1f84bc4g9793rmrvbc"
            },
            "tags_all": {
              "operator_name": "cloud-credentials",
              "operator_namespace": "openshift-cloud-network-config-controller",
              "red-hat-managed": "true",
              "rosa_cluster_id": "26325n0knv751u1f84bc4g9793rmrvbc"
            },
            "unique_id": "AROA2Z3T3KPY6YHRBIUCX"
          },
          "sensitive_attributes": [],
          "private": "bnVsbA==",
          "dependencies": [
            "data.aws_caller_identity.current",
            "data.rhcs_rosa_operator_roles.operator_roles",
            "module.operator_roles.module.rosa_operator_roles.module.rosa_operator_roles.data.aws_caller_identity.current",
            "module.rosa-vpc.aws_cloudwatch_log_group.flow_log",
            "module.rosa-vpc.aws_customer_gateway.this",
            "module.rosa-vpc.aws_db_subnet_group.database",
            "module.rosa-vpc.aws_default_network_acl.this",
            "module.rosa-vpc.aws_default_route_table.default",
            "module.rosa-vpc.aws_default_security_group.this",
            "module.rosa-vpc.aws_default_vpc.this",
            "module.rosa-vpc.aws_egress_only_internet_gateway.this",
            "module.rosa-vpc.aws_eip.nat",
            "module.rosa-vpc.aws_elasticache_subnet_group.elasticache",
            "module.rosa-vpc.aws_flow_log.this",
            "module.rosa-vpc.aws_iam_policy.vpc_flow_log_cloudwatch",
            "module.rosa-vpc.aws_iam_role.vpc_flow_log_cloudwatch",
            "module.rosa-vpc.aws_iam_role_policy_attachment.vpc_flow_log_cloudwatch",
            "module.rosa-vpc.aws_internet_gateway.this",
            "module.rosa-vpc.aws_nat_gateway.this",
            "module.rosa-vpc.aws_network_acl.database",
            "module.rosa-vpc.aws_network_acl.elasticache",
            "module.rosa-vpc.aws_network_acl.intra",
            "module.rosa-vpc.aws_network_acl.outpost",
            "module.rosa-vpc.aws_network_acl.private",
            "module.rosa-vpc.aws_network_acl.public",
            "module.rosa-vpc.aws_network_acl.redshift",
            "module.rosa-vpc.aws_network_acl_rule.database_inbound",
            "module.rosa-vpc.aws_network_acl_rule.database_outbound",
            "module.rosa-vpc.aws_network_acl_rule.elasticache_inbound",
            "module.rosa-vpc.aws_network_acl_rule.elasticache_outbound",
            "module.rosa-vpc.aws_network_acl_rule.intra_inbound",
            "module.rosa-vpc.aws_network_acl_rule.intra_outbound",
            "module.rosa-vpc.aws_network_acl_rule.outpost_inbound",
            "module.rosa-vpc.aws_network_acl_rule.outpost_outbound",
            "module.rosa-vpc.aws_network_acl_rule.private_inbound",
            "module.rosa-vpc.aws_network_acl_rule.private_outbound",
            "module.rosa-vpc.aws_network_acl_rule.public_inbound",
            "module.rosa-vpc.aws_network_acl_rule.public_outbound",
            "module.rosa-vpc.aws_network_acl_rule.redshift_inbound",
            "module.rosa-vpc.aws_network_acl_rule.redshift_outbound",
            "module.rosa-vpc.aws_redshift_subnet_group.redshift",
            "module.rosa-vpc.aws_route.database_internet_gateway",
            "module.rosa-vpc.aws_route.database_ipv6_egress",
            "module.rosa-vpc.aws_route.database_nat_gateway",
            "module.rosa-vpc.aws_route.private_ipv6_egress",
            "module.rosa-vpc.aws_route.private_nat_gateway",
            "module.rosa-vpc.aws_route.public_internet_gateway",
            "module.rosa-vpc.aws_route.public_internet_gateway_ipv6",
            "module.rosa-vpc.aws_route_table.database",
            "module.rosa-vpc.aws_route_table.elasticache",
            "module.rosa-vpc.aws_route_table.intra",
            "module.rosa-vpc.aws_route_table.private",
            "module.rosa-vpc.aws_route_table.public",
            "module.rosa-vpc.aws_route_table.redshift",
            "module.rosa-vpc.aws_route_table_association.database",
            "module.rosa-vpc.aws_route_table_association.elasticache",
            "module.rosa-vpc.aws_route_table_association.intra",
            "module.rosa-vpc.aws_route_table_association.outpost",
            "module.rosa-vpc.aws_route_table_association.private",
            "module.rosa-vpc.aws_route_table_association.public",
            "module.rosa-vpc.aws_route_table_association.redshift",
            "module.rosa-vpc.aws_route_table_association.redshift_public",
            "module.rosa-vpc.aws_subnet.database",
            "module.rosa-vpc.aws_subnet.elasticache",
            "module.rosa-vpc.aws_subnet.intra",
            "module.rosa-vpc.aws_subnet.outpost",
            "module.rosa-vpc.aws_subnet.private",
            "module.rosa-vpc.aws_subnet.public",
            "module.rosa-vpc.aws_subnet.redshift",
            "module.rosa-vpc.aws_vpc.this",
            "module.rosa-vpc.aws_vpc_dhcp_options.this",
            "module.rosa-vpc.aws_vpc_dhcp_options_association.this",
            "module.rosa-vpc.aws_vpc_ipv4_cidr_block_association.this",
            "module.rosa-vpc.aws_vpn_gateway.this",
            "module.rosa-vpc.aws_vpn_gateway_attachment.this",
            "module.rosa-vpc.aws_vpn_gateway_route_propagation.intra",
            "module.rosa-vpc.aws_vpn_gateway_route_propagation.private",
            "module.rosa-vpc.aws_vpn_gateway_route_propagation.public",
            "module.rosa-vpc.data.aws_iam_policy_document.flow_log_cloudwatch_assume_role",
            "module.rosa-vpc.data.aws_iam_policy_document.vpc_flow_log_cloudwatch",
            "rhcs_cluster_rosa_classic.rosa"
          ]
        }
      ]
    },
    {
      "module": "module.operator_roles.module.rosa_operator_roles[0].module.rosa_operator_roles[1]",
      "mode": "managed",
      "type": "aws_iam_role_policy_attachment",
      "name": "operator_role_policy_attachment",
      "provider": "provider[\"registry.terraform.io/hashicorp/aws\"]",
      "instances": [
        {
          "schema_version": 0,
          "attributes": {
            "id": "tf-rcarrata-openshift-cloud-network-config-controller-cloud-cred-20230906123033713800000009",
            "policy_arn": "arn:aws:iam::742735434737:policy/ManagedOpenShift-openshift-cloud-network-config-controller-cloud",
            "role": "tf-rcarrata-openshift-cloud-network-config-controller-cloud-cred"
          },
          "sensitive_attributes": [],
          "private": "bnVsbA==",
          "dependencies": [
            "data.aws_caller_identity.current",
            "data.rhcs_rosa_operator_roles.operator_roles",
            "module.operator_roles.module.rosa_operator_roles.module.rosa_operator_roles.aws_iam_role.operator_role",
            "module.operator_roles.module.rosa_operator_roles.module.rosa_operator_roles.data.aws_caller_identity.current",
            "module.rosa-vpc.aws_cloudwatch_log_group.flow_log",
            "module.rosa-vpc.aws_customer_gateway.this",
            "module.rosa-vpc.aws_db_subnet_group.database",
            "module.rosa-vpc.aws_default_network_acl.this",
            "module.rosa-vpc.aws_default_route_table.default",
            "module.rosa-vpc.aws_default_security_group.this",
            "module.rosa-vpc.aws_default_vpc.this",
            "module.rosa-vpc.aws_egress_only_internet_gateway.this",
            "module.rosa-vpc.aws_eip.nat",
            "module.rosa-vpc.aws_elasticache_subnet_group.elasticache",
            "module.rosa-vpc.aws_flow_log.this",
            "module.rosa-vpc.aws_iam_policy.vpc_flow_log_cloudwatch",
            "module.rosa-vpc.aws_iam_role.vpc_flow_log_cloudwatch",
            "module.rosa-vpc.aws_iam_role_policy_attachment.vpc_flow_log_cloudwatch",
            "module.rosa-vpc.aws_internet_gateway.this",
            "module.rosa-vpc.aws_nat_gateway.this",
            "module.rosa-vpc.aws_network_acl.database",
            "module.rosa-vpc.aws_network_acl.elasticache",
            "module.rosa-vpc.aws_network_acl.intra",
            "module.rosa-vpc.aws_network_acl.outpost",
            "module.rosa-vpc.aws_network_acl.private",
            "module.rosa-vpc.aws_network_acl.public",
            "module.rosa-vpc.aws_network_acl.redshift",
            "module.rosa-vpc.aws_network_acl_rule.database_inbound",
            "module.rosa-vpc.aws_network_acl_rule.database_outbound",
            "module.rosa-vpc.aws_network_acl_rule.elasticache_inbound",
            "module.rosa-vpc.aws_network_acl_rule.elasticache_outbound",
            "module.rosa-vpc.aws_network_acl_rule.intra_inbound",
            "module.rosa-vpc.aws_network_acl_rule.intra_outbound",
            "module.rosa-vpc.aws_network_acl_rule.outpost_inbound",
            "module.rosa-vpc.aws_network_acl_rule.outpost_outbound",
            "module.rosa-vpc.aws_network_acl_rule.private_inbound",
            "module.rosa-vpc.aws_network_acl_rule.private_outbound",
            "module.rosa-vpc.aws_network_acl_rule.public_inbound",
            "module.rosa-vpc.aws_network_acl_rule.public_outbound",
            "module.rosa-vpc.aws_network_acl_rule.redshift_inbound",
            "module.rosa-vpc.aws_network_acl_rule.redshift_outbound",
            "module.rosa-vpc.aws_redshift_subnet_group.redshift",
            "module.rosa-vpc.aws_route.database_internet_gateway",
            "module.rosa-vpc.aws_route.database_ipv6_egress",
            "module.rosa-vpc.aws_route.database_nat_gateway",
            "module.rosa-vpc.aws_route.private_ipv6_egress",
            "module.rosa-vpc.aws_route.private_nat_gateway",
            "module.rosa-vpc.aws_route.public_internet_gateway",
            "module.rosa-vpc.aws_route.public_internet_gateway_ipv6",
            "module.rosa-vpc.aws_route_table.database",
            "module.rosa-vpc.aws_route_table.elasticache",
            "module.rosa-vpc.aws_route_table.intra",
            "module.rosa-vpc.aws_route_table.private",
            "module.rosa-vpc.aws_route_table.public",
            "module.rosa-vpc.aws_route_table.redshift",
            "module.rosa-vpc.aws_route_table_association.database",
            "module.rosa-vpc.aws_route_table_association.elasticache",
            "module.rosa-vpc.aws_route_table_association.intra",
            "module.rosa-vpc.aws_route_table_association.outpost",
            "module.rosa-vpc.aws_route_table_association.private",
            "module.rosa-vpc.aws_route_table_association.public",
            "module.rosa-vpc.aws_route_table_association.redshift",
            "module.rosa-vpc.aws_route_table_association.redshift_public",
            "module.rosa-vpc.aws_subnet.database",
            "module.rosa-vpc.aws_subnet.elasticache",
            "module.rosa-vpc.aws_subnet.intra",
            "module.rosa-vpc.aws_subnet.outpost",
            "module.rosa-vpc.aws_subnet.private",
            "module.rosa-vpc.aws_subnet.public",
            "module.rosa-vpc.aws_subnet.redshift",
            "module.rosa-vpc.aws_vpc.this",
            "module.rosa-vpc.aws_vpc_dhcp_options.this",
            "module.rosa-vpc.aws_vpc_dhcp_options_association.this",
            "module.rosa-vpc.aws_vpc_ipv4_cidr_block_association.this",
            "module.rosa-vpc.aws_vpn_gateway.this",
            "module.rosa-vpc.aws_vpn_gateway_attachment.this",
            "module.rosa-vpc.aws_vpn_gateway_route_propagation.intra",
            "module.rosa-vpc.aws_vpn_gateway_route_propagation.private",
            "module.rosa-vpc.aws_vpn_gateway_route_propagation.public",
            "module.rosa-vpc.data.aws_iam_policy_document.flow_log_cloudwatch_assume_role",
            "module.rosa-vpc.data.aws_iam_policy_document.vpc_flow_log_cloudwatch",
            "rhcs_cluster_rosa_classic.rosa"
          ]
        }
      ]
    },
    {
      "module": "module.operator_roles.module.rosa_operator_roles[0].module.rosa_operator_roles[2]",
      "mode": "data",
      "type": "aws_caller_identity",
      "name": "current",
      "provider": "provider[\"registry.terraform.io/hashicorp/aws\"]",
      "instances": [
        {
          "schema_version": 0,
          "attributes": {
            "account_id": "742735434737",
            "arn": "arn:aws:iam::742735434737:user/rcarrata@redhat.com-fvn9d-admin",
            "id": "742735434737",
            "user_id": "AIDA2Z3T3KPYRSICTJSRI"
          },
          "sensitive_attributes": []
        }
      ]
    },
    {
      "module": "module.operator_roles.module.rosa_operator_roles[0].module.rosa_operator_roles[2]",
      "mode": "managed",
      "type": "aws_iam_role",
      "name": "operator_role",
      "provider": "provider[\"registry.terraform.io/hashicorp/aws\"]",
      "instances": [
        {
          "schema_version": 0,
          "attributes": {
            "arn": "arn:aws:iam::742735434737:role/tf-rcarrata-openshift-cluster-csi-drivers-ebs-cloud-credentials",
            "assume_role_policy": "{\"Statement\":[{\"Action\":\"sts:AssumeRoleWithWebIdentity\",\"Condition\":{\"StringEquals\":{\"rh-oidc.s3.us-east-1.amazonaws.com/26325n0knv751u1f84bc4g9793rmrvbc:sub\":[\"system:serviceaccount:openshift-cluster-csi-drivers:aws-ebs-csi-driver-operator\",\"system:serviceaccount:openshift-cluster-csi-drivers:aws-ebs-csi-driver-controller-sa\"]}},\"Effect\":\"Allow\",\"Principal\":{\"Federated\":\"arn:aws:iam::742735434737:oidc-provider/rh-oidc.s3.us-east-1.amazonaws.com/26325n0knv751u1f84bc4g9793rmrvbc\"}}],\"Version\":\"2012-10-17\"}",
            "create_date": "2023-09-06T12:30:32Z",
            "description": "",
            "force_detach_policies": false,
            "id": "tf-rcarrata-openshift-cluster-csi-drivers-ebs-cloud-credentials",
            "inline_policy": [],
            "managed_policy_arns": [],
            "max_session_duration": 3600,
            "name": "tf-rcarrata-openshift-cluster-csi-drivers-ebs-cloud-credentials",
            "name_prefix": "",
            "path": "/",
            "permissions_boundary": null,
            "role_last_used": [
              {
                "last_used_date": "",
                "region": ""
              }
            ],
            "tags": {
              "operator_name": "ebs-cloud-credentials",
              "operator_namespace": "openshift-cluster-csi-drivers",
              "red-hat-managed": "true",
              "rosa_cluster_id": "26325n0knv751u1f84bc4g9793rmrvbc"
            },
            "tags_all": {
              "operator_name": "ebs-cloud-credentials",
              "operator_namespace": "openshift-cluster-csi-drivers",
              "red-hat-managed": "true",
              "rosa_cluster_id": "26325n0knv751u1f84bc4g9793rmrvbc"
            },
            "unique_id": "AROA2Z3T3KPY5R76R6DAG"
          },
          "sensitive_attributes": [],
          "private": "bnVsbA==",
          "dependencies": [
            "data.aws_caller_identity.current",
            "data.rhcs_rosa_operator_roles.operator_roles",
            "module.operator_roles.module.rosa_operator_roles.module.rosa_operator_roles.data.aws_caller_identity.current",
            "module.rosa-vpc.aws_cloudwatch_log_group.flow_log",
            "module.rosa-vpc.aws_customer_gateway.this",
            "module.rosa-vpc.aws_db_subnet_group.database",
            "module.rosa-vpc.aws_default_network_acl.this",
            "module.rosa-vpc.aws_default_route_table.default",
            "module.rosa-vpc.aws_default_security_group.this",
            "module.rosa-vpc.aws_default_vpc.this",
            "module.rosa-vpc.aws_egress_only_internet_gateway.this",
            "module.rosa-vpc.aws_eip.nat",
            "module.rosa-vpc.aws_elasticache_subnet_group.elasticache",
            "module.rosa-vpc.aws_flow_log.this",
            "module.rosa-vpc.aws_iam_policy.vpc_flow_log_cloudwatch",
            "module.rosa-vpc.aws_iam_role.vpc_flow_log_cloudwatch",
            "module.rosa-vpc.aws_iam_role_policy_attachment.vpc_flow_log_cloudwatch",
            "module.rosa-vpc.aws_internet_gateway.this",
            "module.rosa-vpc.aws_nat_gateway.this",
            "module.rosa-vpc.aws_network_acl.database",
            "module.rosa-vpc.aws_network_acl.elasticache",
            "module.rosa-vpc.aws_network_acl.intra",
            "module.rosa-vpc.aws_network_acl.outpost",
            "module.rosa-vpc.aws_network_acl.private",
            "module.rosa-vpc.aws_network_acl.public",
            "module.rosa-vpc.aws_network_acl.redshift",
            "module.rosa-vpc.aws_network_acl_rule.database_inbound",
            "module.rosa-vpc.aws_network_acl_rule.database_outbound",
            "module.rosa-vpc.aws_network_acl_rule.elasticache_inbound",
            "module.rosa-vpc.aws_network_acl_rule.elasticache_outbound",
            "module.rosa-vpc.aws_network_acl_rule.intra_inbound",
            "module.rosa-vpc.aws_network_acl_rule.intra_outbound",
            "module.rosa-vpc.aws_network_acl_rule.outpost_inbound",
            "module.rosa-vpc.aws_network_acl_rule.outpost_outbound",
            "module.rosa-vpc.aws_network_acl_rule.private_inbound",
            "module.rosa-vpc.aws_network_acl_rule.private_outbound",
            "module.rosa-vpc.aws_network_acl_rule.public_inbound",
            "module.rosa-vpc.aws_network_acl_rule.public_outbound",
            "module.rosa-vpc.aws_network_acl_rule.redshift_inbound",
            "module.rosa-vpc.aws_network_acl_rule.redshift_outbound",
            "module.rosa-vpc.aws_redshift_subnet_group.redshift",
            "module.rosa-vpc.aws_route.database_internet_gateway",
            "module.rosa-vpc.aws_route.database_ipv6_egress",
            "module.rosa-vpc.aws_route.database_nat_gateway",
            "module.rosa-vpc.aws_route.private_ipv6_egress",
            "module.rosa-vpc.aws_route.private_nat_gateway",
            "module.rosa-vpc.aws_route.public_internet_gateway",
            "module.rosa-vpc.aws_route.public_internet_gateway_ipv6",
            "module.rosa-vpc.aws_route_table.database",
            "module.rosa-vpc.aws_route_table.elasticache",
            "module.rosa-vpc.aws_route_table.intra",
            "module.rosa-vpc.aws_route_table.private",
            "module.rosa-vpc.aws_route_table.public",
            "module.rosa-vpc.aws_route_table.redshift",
            "module.rosa-vpc.aws_route_table_association.database",
            "module.rosa-vpc.aws_route_table_association.elasticache",
            "module.rosa-vpc.aws_route_table_association.intra",
            "module.rosa-vpc.aws_route_table_association.outpost",
            "module.rosa-vpc.aws_route_table_association.private",
            "module.rosa-vpc.aws_route_table_association.public",
            "module.rosa-vpc.aws_route_table_association.redshift",
            "module.rosa-vpc.aws_route_table_association.redshift_public",
            "module.rosa-vpc.aws_subnet.database",
            "module.rosa-vpc.aws_subnet.elasticache",
            "module.rosa-vpc.aws_subnet.intra",
            "module.rosa-vpc.aws_subnet.outpost",
            "module.rosa-vpc.aws_subnet.private",
            "module.rosa-vpc.aws_subnet.public",
            "module.rosa-vpc.aws_subnet.redshift",
            "module.rosa-vpc.aws_vpc.this",
            "module.rosa-vpc.aws_vpc_dhcp_options.this",
            "module.rosa-vpc.aws_vpc_dhcp_options_association.this",
            "module.rosa-vpc.aws_vpc_ipv4_cidr_block_association.this",
            "module.rosa-vpc.aws_vpn_gateway.this",
            "module.rosa-vpc.aws_vpn_gateway_attachment.this",
            "module.rosa-vpc.aws_vpn_gateway_route_propagation.intra",
            "module.rosa-vpc.aws_vpn_gateway_route_propagation.private",
            "module.rosa-vpc.aws_vpn_gateway_route_propagation.public",
            "module.rosa-vpc.data.aws_iam_policy_document.flow_log_cloudwatch_assume_role",
            "module.rosa-vpc.data.aws_iam_policy_document.vpc_flow_log_cloudwatch",
            "rhcs_cluster_rosa_classic.rosa"
          ]
        }
      ]
    },
    {
      "module": "module.operator_roles.module.rosa_operator_roles[0].module.rosa_operator_roles[2]",
      "mode": "managed",
      "type": "aws_iam_role_policy_attachment",
      "name": "operator_role_policy_attachment",
      "provider": "provider[\"registry.terraform.io/hashicorp/aws\"]",
      "instances": [
        {
          "schema_version": 0,
          "attributes": {
            "id": "tf-rcarrata-openshift-cluster-csi-drivers-ebs-cloud-credentials-20230906123033500700000004",
            "policy_arn": "arn:aws:iam::742735434737:policy/ManagedOpenShift-openshift-cluster-csi-drivers-ebs-cloud-credent",
            "role": "tf-rcarrata-openshift-cluster-csi-drivers-ebs-cloud-credentials"
          },
          "sensitive_attributes": [],
          "private": "bnVsbA==",
          "dependencies": [
            "data.aws_caller_identity.current",
            "data.rhcs_rosa_operator_roles.operator_roles",
            "module.operator_roles.module.rosa_operator_roles.module.rosa_operator_roles.aws_iam_role.operator_role",
            "module.operator_roles.module.rosa_operator_roles.module.rosa_operator_roles.data.aws_caller_identity.current",
            "module.rosa-vpc.aws_cloudwatch_log_group.flow_log",
            "module.rosa-vpc.aws_customer_gateway.this",
            "module.rosa-vpc.aws_db_subnet_group.database",
            "module.rosa-vpc.aws_default_network_acl.this",
            "module.rosa-vpc.aws_default_route_table.default",
            "module.rosa-vpc.aws_default_security_group.this",
            "module.rosa-vpc.aws_default_vpc.this",
            "module.rosa-vpc.aws_egress_only_internet_gateway.this",
            "module.rosa-vpc.aws_eip.nat",
            "module.rosa-vpc.aws_elasticache_subnet_group.elasticache",
            "module.rosa-vpc.aws_flow_log.this",
            "module.rosa-vpc.aws_iam_policy.vpc_flow_log_cloudwatch",
            "module.rosa-vpc.aws_iam_role.vpc_flow_log_cloudwatch",
            "module.rosa-vpc.aws_iam_role_policy_attachment.vpc_flow_log_cloudwatch",
            "module.rosa-vpc.aws_internet_gateway.this",
            "module.rosa-vpc.aws_nat_gateway.this",
            "module.rosa-vpc.aws_network_acl.database",
            "module.rosa-vpc.aws_network_acl.elasticache",
            "module.rosa-vpc.aws_network_acl.intra",
            "module.rosa-vpc.aws_network_acl.outpost",
            "module.rosa-vpc.aws_network_acl.private",
            "module.rosa-vpc.aws_network_acl.public",
            "module.rosa-vpc.aws_network_acl.redshift",
            "module.rosa-vpc.aws_network_acl_rule.database_inbound",
            "module.rosa-vpc.aws_network_acl_rule.database_outbound",
            "module.rosa-vpc.aws_network_acl_rule.elasticache_inbound",
            "module.rosa-vpc.aws_network_acl_rule.elasticache_outbound",
            "module.rosa-vpc.aws_network_acl_rule.intra_inbound",
            "module.rosa-vpc.aws_network_acl_rule.intra_outbound",
            "module.rosa-vpc.aws_network_acl_rule.outpost_inbound",
            "module.rosa-vpc.aws_network_acl_rule.outpost_outbound",
            "module.rosa-vpc.aws_network_acl_rule.private_inbound",
            "module.rosa-vpc.aws_network_acl_rule.private_outbound",
            "module.rosa-vpc.aws_network_acl_rule.public_inbound",
            "module.rosa-vpc.aws_network_acl_rule.public_outbound",
            "module.rosa-vpc.aws_network_acl_rule.redshift_inbound",
            "module.rosa-vpc.aws_network_acl_rule.redshift_outbound",
            "module.rosa-vpc.aws_redshift_subnet_group.redshift",
            "module.rosa-vpc.aws_route.database_internet_gateway",
            "module.rosa-vpc.aws_route.database_ipv6_egress",
            "module.rosa-vpc.aws_route.database_nat_gateway",
            "module.rosa-vpc.aws_route.private_ipv6_egress",
            "module.rosa-vpc.aws_route.private_nat_gateway",
            "module.rosa-vpc.aws_route.public_internet_gateway",
            "module.rosa-vpc.aws_route.public_internet_gateway_ipv6",
            "module.rosa-vpc.aws_route_table.database",
            "module.rosa-vpc.aws_route_table.elasticache",
            "module.rosa-vpc.aws_route_table.intra",
            "module.rosa-vpc.aws_route_table.private",
            "module.rosa-vpc.aws_route_table.public",
            "module.rosa-vpc.aws_route_table.redshift",
            "module.rosa-vpc.aws_route_table_association.database",
            "module.rosa-vpc.aws_route_table_association.elasticache",
            "module.rosa-vpc.aws_route_table_association.intra",
            "module.rosa-vpc.aws_route_table_association.outpost",
            "module.rosa-vpc.aws_route_table_association.private",
            "module.rosa-vpc.aws_route_table_association.public",
            "module.rosa-vpc.aws_route_table_association.redshift",
            "module.rosa-vpc.aws_route_table_association.redshift_public",
            "module.rosa-vpc.aws_subnet.database",
            "module.rosa-vpc.aws_subnet.elasticache",
            "module.rosa-vpc.aws_subnet.intra",
            "module.rosa-vpc.aws_subnet.outpost",
            "module.rosa-vpc.aws_subnet.private",
            "module.rosa-vpc.aws_subnet.public",
            "module.rosa-vpc.aws_subnet.redshift",
            "module.rosa-vpc.aws_vpc.this",
            "module.rosa-vpc.aws_vpc_dhcp_options.this",
            "module.rosa-vpc.aws_vpc_dhcp_options_association.this",
            "module.rosa-vpc.aws_vpc_ipv4_cidr_block_association.this",
            "module.rosa-vpc.aws_vpn_gateway.this",
            "module.rosa-vpc.aws_vpn_gateway_attachment.this",
            "module.rosa-vpc.aws_vpn_gateway_route_propagation.intra",
            "module.rosa-vpc.aws_vpn_gateway_route_propagation.private",
            "module.rosa-vpc.aws_vpn_gateway_route_propagation.public",
            "module.rosa-vpc.data.aws_iam_policy_document.flow_log_cloudwatch_assume_role",
            "module.rosa-vpc.data.aws_iam_policy_document.vpc_flow_log_cloudwatch",
            "rhcs_cluster_rosa_classic.rosa"
          ]
        }
      ]
    },
    {
      "module": "module.operator_roles.module.rosa_operator_roles[0].module.rosa_operator_roles[3]",
      "mode": "data",
      "type": "aws_caller_identity",
      "name": "current",
      "provider": "provider[\"registry.terraform.io/hashicorp/aws\"]",
      "instances": [
        {
          "schema_version": 0,
          "attributes": {
            "account_id": "742735434737",
            "arn": "arn:aws:iam::742735434737:user/rcarrata@redhat.com-fvn9d-admin",
            "id": "742735434737",
            "user_id": "AIDA2Z3T3KPYRSICTJSRI"
          },
          "sensitive_attributes": []
        }
      ]
    },
    {
      "module": "module.operator_roles.module.rosa_operator_roles[0].module.rosa_operator_roles[3]",
      "mode": "managed",
      "type": "aws_iam_role",
      "name": "operator_role",
      "provider": "provider[\"registry.terraform.io/hashicorp/aws\"]",
      "instances": [
        {
          "schema_version": 0,
          "attributes": {
            "arn": "arn:aws:iam::742735434737:role/tf-rcarrata-openshift-image-registry-installer-cloud-credentials",
            "assume_role_policy": "{\"Statement\":[{\"Action\":\"sts:AssumeRoleWithWebIdentity\",\"Condition\":{\"StringEquals\":{\"rh-oidc.s3.us-east-1.amazonaws.com/26325n0knv751u1f84bc4g9793rmrvbc:sub\":[\"system:serviceaccount:openshift-image-registry:cluster-image-registry-operator\",\"system:serviceaccount:openshift-image-registry:registry\"]}},\"Effect\":\"Allow\",\"Principal\":{\"Federated\":\"arn:aws:iam::742735434737:oidc-provider/rh-oidc.s3.us-east-1.amazonaws.com/26325n0knv751u1f84bc4g9793rmrvbc\"}}],\"Version\":\"2012-10-17\"}",
            "create_date": "2023-09-06T12:30:32Z",
            "description": "",
            "force_detach_policies": false,
            "id": "tf-rcarrata-openshift-image-registry-installer-cloud-credentials",
            "inline_policy": [],
            "managed_policy_arns": [],
            "max_session_duration": 3600,
            "name": "tf-rcarrata-openshift-image-registry-installer-cloud-credentials",
            "name_prefix": "",
            "path": "/",
            "permissions_boundary": null,
            "role_last_used": [
              {
                "last_used_date": "",
                "region": ""
              }
            ],
            "tags": {
              "operator_name": "installer-cloud-credentials",
              "operator_namespace": "openshift-image-registry",
              "red-hat-managed": "true",
              "rosa_cluster_id": "26325n0knv751u1f84bc4g9793rmrvbc"
            },
            "tags_all": {
              "operator_name": "installer-cloud-credentials",
              "operator_namespace": "openshift-image-registry",
              "red-hat-managed": "true",
              "rosa_cluster_id": "26325n0knv751u1f84bc4g9793rmrvbc"
            },
            "unique_id": "AROA2Z3T3KPY5LUBK457X"
          },
          "sensitive_attributes": [],
          "private": "bnVsbA==",
          "dependencies": [
            "data.aws_caller_identity.current",
            "data.rhcs_rosa_operator_roles.operator_roles",
            "module.operator_roles.module.rosa_operator_roles.module.rosa_operator_roles.data.aws_caller_identity.current",
            "module.rosa-vpc.aws_cloudwatch_log_group.flow_log",
            "module.rosa-vpc.aws_customer_gateway.this",
            "module.rosa-vpc.aws_db_subnet_group.database",
            "module.rosa-vpc.aws_default_network_acl.this",
            "module.rosa-vpc.aws_default_route_table.default",
            "module.rosa-vpc.aws_default_security_group.this",
            "module.rosa-vpc.aws_default_vpc.this",
            "module.rosa-vpc.aws_egress_only_internet_gateway.this",
            "module.rosa-vpc.aws_eip.nat",
            "module.rosa-vpc.aws_elasticache_subnet_group.elasticache",
            "module.rosa-vpc.aws_flow_log.this",
            "module.rosa-vpc.aws_iam_policy.vpc_flow_log_cloudwatch",
            "module.rosa-vpc.aws_iam_role.vpc_flow_log_cloudwatch",
            "module.rosa-vpc.aws_iam_role_policy_attachment.vpc_flow_log_cloudwatch",
            "module.rosa-vpc.aws_internet_gateway.this",
            "module.rosa-vpc.aws_nat_gateway.this",
            "module.rosa-vpc.aws_network_acl.database",
            "module.rosa-vpc.aws_network_acl.elasticache",
            "module.rosa-vpc.aws_network_acl.intra",
            "module.rosa-vpc.aws_network_acl.outpost",
            "module.rosa-vpc.aws_network_acl.private",
            "module.rosa-vpc.aws_network_acl.public",
            "module.rosa-vpc.aws_network_acl.redshift",
            "module.rosa-vpc.aws_network_acl_rule.database_inbound",
            "module.rosa-vpc.aws_network_acl_rule.database_outbound",
            "module.rosa-vpc.aws_network_acl_rule.elasticache_inbound",
            "module.rosa-vpc.aws_network_acl_rule.elasticache_outbound",
            "module.rosa-vpc.aws_network_acl_rule.intra_inbound",
            "module.rosa-vpc.aws_network_acl_rule.intra_outbound",
            "module.rosa-vpc.aws_network_acl_rule.outpost_inbound",
            "module.rosa-vpc.aws_network_acl_rule.outpost_outbound",
            "module.rosa-vpc.aws_network_acl_rule.private_inbound",
            "module.rosa-vpc.aws_network_acl_rule.private_outbound",
            "module.rosa-vpc.aws_network_acl_rule.public_inbound",
            "module.rosa-vpc.aws_network_acl_rule.public_outbound",
            "module.rosa-vpc.aws_network_acl_rule.redshift_inbound",
            "module.rosa-vpc.aws_network_acl_rule.redshift_outbound",
            "module.rosa-vpc.aws_redshift_subnet_group.redshift",
            "module.rosa-vpc.aws_route.database_internet_gateway",
            "module.rosa-vpc.aws_route.database_ipv6_egress",
            "module.rosa-vpc.aws_route.database_nat_gateway",
            "module.rosa-vpc.aws_route.private_ipv6_egress",
            "module.rosa-vpc.aws_route.private_nat_gateway",
            "module.rosa-vpc.aws_route.public_internet_gateway",
            "module.rosa-vpc.aws_route.public_internet_gateway_ipv6",
            "module.rosa-vpc.aws_route_table.database",
            "module.rosa-vpc.aws_route_table.elasticache",
            "module.rosa-vpc.aws_route_table.intra",
            "module.rosa-vpc.aws_route_table.private",
            "module.rosa-vpc.aws_route_table.public",
            "module.rosa-vpc.aws_route_table.redshift",
            "module.rosa-vpc.aws_route_table_association.database",
            "module.rosa-vpc.aws_route_table_association.elasticache",
            "module.rosa-vpc.aws_route_table_association.intra",
            "module.rosa-vpc.aws_route_table_association.outpost",
            "module.rosa-vpc.aws_route_table_association.private",
            "module.rosa-vpc.aws_route_table_association.public",
            "module.rosa-vpc.aws_route_table_association.redshift",
            "module.rosa-vpc.aws_route_table_association.redshift_public",
            "module.rosa-vpc.aws_subnet.database",
            "module.rosa-vpc.aws_subnet.elasticache",
            "module.rosa-vpc.aws_subnet.intra",
            "module.rosa-vpc.aws_subnet.outpost",
            "module.rosa-vpc.aws_subnet.private",
            "module.rosa-vpc.aws_subnet.public",
            "module.rosa-vpc.aws_subnet.redshift",
            "module.rosa-vpc.aws_vpc.this",
            "module.rosa-vpc.aws_vpc_dhcp_options.this",
            "module.rosa-vpc.aws_vpc_dhcp_options_association.this",
            "module.rosa-vpc.aws_vpc_ipv4_cidr_block_association.this",
            "module.rosa-vpc.aws_vpn_gateway.this",
            "module.rosa-vpc.aws_vpn_gateway_attachment.this",
            "module.rosa-vpc.aws_vpn_gateway_route_propagation.intra",
            "module.rosa-vpc.aws_vpn_gateway_route_propagation.private",
            "module.rosa-vpc.aws_vpn_gateway_route_propagation.public",
            "module.rosa-vpc.data.aws_iam_policy_document.flow_log_cloudwatch_assume_role",
            "module.rosa-vpc.data.aws_iam_policy_document.vpc_flow_log_cloudwatch",
            "rhcs_cluster_rosa_classic.rosa"
          ]
        }
      ]
    },
    {
      "module": "module.operator_roles.module.rosa_operator_roles[0].module.rosa_operator_roles[3]",
      "mode": "managed",
      "type": "aws_iam_role_policy_attachment",
      "name": "operator_role_policy_attachment",
      "provider": "provider[\"registry.terraform.io/hashicorp/aws\"]",
      "instances": [
        {
          "schema_version": 0,
          "attributes": {
            "id": "tf-rcarrata-openshift-image-registry-installer-cloud-credentials-20230906123033581200000007",
            "policy_arn": "arn:aws:iam::742735434737:policy/ManagedOpenShift-openshift-image-registry-installer-cloud-creden",
            "role": "tf-rcarrata-openshift-image-registry-installer-cloud-credentials"
          },
          "sensitive_attributes": [],
          "private": "bnVsbA==",
          "dependencies": [
            "data.aws_caller_identity.current",
            "data.rhcs_rosa_operator_roles.operator_roles",
            "module.operator_roles.module.rosa_operator_roles.module.rosa_operator_roles.aws_iam_role.operator_role",
            "module.operator_roles.module.rosa_operator_roles.module.rosa_operator_roles.data.aws_caller_identity.current",
            "module.rosa-vpc.aws_cloudwatch_log_group.flow_log",
            "module.rosa-vpc.aws_customer_gateway.this",
            "module.rosa-vpc.aws_db_subnet_group.database",
            "module.rosa-vpc.aws_default_network_acl.this",
            "module.rosa-vpc.aws_default_route_table.default",
            "module.rosa-vpc.aws_default_security_group.this",
            "module.rosa-vpc.aws_default_vpc.this",
            "module.rosa-vpc.aws_egress_only_internet_gateway.this",
            "module.rosa-vpc.aws_eip.nat",
            "module.rosa-vpc.aws_elasticache_subnet_group.elasticache",
            "module.rosa-vpc.aws_flow_log.this",
            "module.rosa-vpc.aws_iam_policy.vpc_flow_log_cloudwatch",
            "module.rosa-vpc.aws_iam_role.vpc_flow_log_cloudwatch",
            "module.rosa-vpc.aws_iam_role_policy_attachment.vpc_flow_log_cloudwatch",
            "module.rosa-vpc.aws_internet_gateway.this",
            "module.rosa-vpc.aws_nat_gateway.this",
            "module.rosa-vpc.aws_network_acl.database",
            "module.rosa-vpc.aws_network_acl.elasticache",
            "module.rosa-vpc.aws_network_acl.intra",
            "module.rosa-vpc.aws_network_acl.outpost",
            "module.rosa-vpc.aws_network_acl.private",
            "module.rosa-vpc.aws_network_acl.public",
            "module.rosa-vpc.aws_network_acl.redshift",
            "module.rosa-vpc.aws_network_acl_rule.database_inbound",
            "module.rosa-vpc.aws_network_acl_rule.database_outbound",
            "module.rosa-vpc.aws_network_acl_rule.elasticache_inbound",
            "module.rosa-vpc.aws_network_acl_rule.elasticache_outbound",
            "module.rosa-vpc.aws_network_acl_rule.intra_inbound",
            "module.rosa-vpc.aws_network_acl_rule.intra_outbound",
            "module.rosa-vpc.aws_network_acl_rule.outpost_inbound",
            "module.rosa-vpc.aws_network_acl_rule.outpost_outbound",
            "module.rosa-vpc.aws_network_acl_rule.private_inbound",
            "module.rosa-vpc.aws_network_acl_rule.private_outbound",
            "module.rosa-vpc.aws_network_acl_rule.public_inbound",
            "module.rosa-vpc.aws_network_acl_rule.public_outbound",
            "module.rosa-vpc.aws_network_acl_rule.redshift_inbound",
            "module.rosa-vpc.aws_network_acl_rule.redshift_outbound",
            "module.rosa-vpc.aws_redshift_subnet_group.redshift",
            "module.rosa-vpc.aws_route.database_internet_gateway",
            "module.rosa-vpc.aws_route.database_ipv6_egress",
            "module.rosa-vpc.aws_route.database_nat_gateway",
            "module.rosa-vpc.aws_route.private_ipv6_egress",
            "module.rosa-vpc.aws_route.private_nat_gateway",
            "module.rosa-vpc.aws_route.public_internet_gateway",
            "module.rosa-vpc.aws_route.public_internet_gateway_ipv6",
            "module.rosa-vpc.aws_route_table.database",
            "module.rosa-vpc.aws_route_table.elasticache",
            "module.rosa-vpc.aws_route_table.intra",
            "module.rosa-vpc.aws_route_table.private",
            "module.rosa-vpc.aws_route_table.public",
            "module.rosa-vpc.aws_route_table.redshift",
            "module.rosa-vpc.aws_route_table_association.database",
            "module.rosa-vpc.aws_route_table_association.elasticache",
            "module.rosa-vpc.aws_route_table_association.intra",
            "module.rosa-vpc.aws_route_table_association.outpost",
            "module.rosa-vpc.aws_route_table_association.private",
            "module.rosa-vpc.aws_route_table_association.public",
            "module.rosa-vpc.aws_route_table_association.redshift",
            "module.rosa-vpc.aws_route_table_association.redshift_public",
            "module.rosa-vpc.aws_subnet.database",
            "module.rosa-vpc.aws_subnet.elasticache",
            "module.rosa-vpc.aws_subnet.intra",
            "module.rosa-vpc.aws_subnet.outpost",
            "module.rosa-vpc.aws_subnet.private",
            "module.rosa-vpc.aws_subnet.public",
            "module.rosa-vpc.aws_subnet.redshift",
            "module.rosa-vpc.aws_vpc.this",
            "module.rosa-vpc.aws_vpc_dhcp_options.this",
            "module.rosa-vpc.aws_vpc_dhcp_options_association.this",
            "module.rosa-vpc.aws_vpc_ipv4_cidr_block_association.this",
            "module.rosa-vpc.aws_vpn_gateway.this",
            "module.rosa-vpc.aws_vpn_gateway_attachment.this",
            "module.rosa-vpc.aws_vpn_gateway_route_propagation.intra",
            "module.rosa-vpc.aws_vpn_gateway_route_propagation.private",
            "module.rosa-vpc.aws_vpn_gateway_route_propagation.public",
            "module.rosa-vpc.data.aws_iam_policy_document.flow_log_cloudwatch_assume_role",
            "module.rosa-vpc.data.aws_iam_policy_document.vpc_flow_log_cloudwatch",
            "rhcs_cluster_rosa_classic.rosa"
          ]
        }
      ]
    },
    {
      "module": "module.operator_roles.module.rosa_operator_roles[0].module.rosa_operator_roles[4]",
      "mode": "data",
      "type": "aws_caller_identity",
      "name": "current",
      "provider": "provider[\"registry.terraform.io/hashicorp/aws\"]",
      "instances": [
        {
          "schema_version": 0,
          "attributes": {
            "account_id": "742735434737",
            "arn": "arn:aws:iam::742735434737:user/rcarrata@redhat.com-fvn9d-admin",
            "id": "742735434737",
            "user_id": "AIDA2Z3T3KPYRSICTJSRI"
          },
          "sensitive_attributes": []
        }
      ]
    },
    {
      "module": "module.operator_roles.module.rosa_operator_roles[0].module.rosa_operator_roles[4]",
      "mode": "managed",
      "type": "aws_iam_role",
      "name": "operator_role",
      "provider": "provider[\"registry.terraform.io/hashicorp/aws\"]",
      "instances": [
        {
          "schema_version": 0,
          "attributes": {
            "arn": "arn:aws:iam::742735434737:role/tf-rcarrata-openshift-ingress-operator-cloud-credentials",
            "assume_role_policy": "{\"Statement\":[{\"Action\":\"sts:AssumeRoleWithWebIdentity\",\"Condition\":{\"StringEquals\":{\"rh-oidc.s3.us-east-1.amazonaws.com/26325n0knv751u1f84bc4g9793rmrvbc:sub\":[\"system:serviceaccount:openshift-ingress-operator:ingress-operator\"]}},\"Effect\":\"Allow\",\"Principal\":{\"Federated\":\"arn:aws:iam::742735434737:oidc-provider/rh-oidc.s3.us-east-1.amazonaws.com/26325n0knv751u1f84bc4g9793rmrvbc\"}}],\"Version\":\"2012-10-17\"}",
            "create_date": "2023-09-06T12:30:32Z",
            "description": "",
            "force_detach_policies": false,
            "id": "tf-rcarrata-openshift-ingress-operator-cloud-credentials",
            "inline_policy": [],
            "managed_policy_arns": [],
            "max_session_duration": 3600,
            "name": "tf-rcarrata-openshift-ingress-operator-cloud-credentials",
            "name_prefix": "",
            "path": "/",
            "permissions_boundary": null,
            "role_last_used": [
              {
                "last_used_date": "",
                "region": ""
              }
            ],
            "tags": {
              "operator_name": "cloud-credentials",
              "operator_namespace": "openshift-ingress-operator",
              "red-hat-managed": "true",
              "rosa_cluster_id": "26325n0knv751u1f84bc4g9793rmrvbc"
            },
            "tags_all": {
              "operator_name": "cloud-credentials",
              "operator_namespace": "openshift-ingress-operator",
              "red-hat-managed": "true",
              "rosa_cluster_id": "26325n0knv751u1f84bc4g9793rmrvbc"
            },
            "unique_id": "AROA2Z3T3KPY5TJPP6MR5"
          },
          "sensitive_attributes": [],
          "private": "bnVsbA==",
          "dependencies": [
            "data.aws_caller_identity.current",
            "data.rhcs_rosa_operator_roles.operator_roles",
            "module.operator_roles.module.rosa_operator_roles.module.rosa_operator_roles.data.aws_caller_identity.current",
            "module.rosa-vpc.aws_cloudwatch_log_group.flow_log",
            "module.rosa-vpc.aws_customer_gateway.this",
            "module.rosa-vpc.aws_db_subnet_group.database",
            "module.rosa-vpc.aws_default_network_acl.this",
            "module.rosa-vpc.aws_default_route_table.default",
            "module.rosa-vpc.aws_default_security_group.this",
            "module.rosa-vpc.aws_default_vpc.this",
            "module.rosa-vpc.aws_egress_only_internet_gateway.this",
            "module.rosa-vpc.aws_eip.nat",
            "module.rosa-vpc.aws_elasticache_subnet_group.elasticache",
            "module.rosa-vpc.aws_flow_log.this",
            "module.rosa-vpc.aws_iam_policy.vpc_flow_log_cloudwatch",
            "module.rosa-vpc.aws_iam_role.vpc_flow_log_cloudwatch",
            "module.rosa-vpc.aws_iam_role_policy_attachment.vpc_flow_log_cloudwatch",
            "module.rosa-vpc.aws_internet_gateway.this",
            "module.rosa-vpc.aws_nat_gateway.this",
            "module.rosa-vpc.aws_network_acl.database",
            "module.rosa-vpc.aws_network_acl.elasticache",
            "module.rosa-vpc.aws_network_acl.intra",
            "module.rosa-vpc.aws_network_acl.outpost",
            "module.rosa-vpc.aws_network_acl.private",
            "module.rosa-vpc.aws_network_acl.public",
            "module.rosa-vpc.aws_network_acl.redshift",
            "module.rosa-vpc.aws_network_acl_rule.database_inbound",
            "module.rosa-vpc.aws_network_acl_rule.database_outbound",
            "module.rosa-vpc.aws_network_acl_rule.elasticache_inbound",
            "module.rosa-vpc.aws_network_acl_rule.elasticache_outbound",
            "module.rosa-vpc.aws_network_acl_rule.intra_inbound",
            "module.rosa-vpc.aws_network_acl_rule.intra_outbound",
            "module.rosa-vpc.aws_network_acl_rule.outpost_inbound",
            "module.rosa-vpc.aws_network_acl_rule.outpost_outbound",
            "module.rosa-vpc.aws_network_acl_rule.private_inbound",
            "module.rosa-vpc.aws_network_acl_rule.private_outbound",
            "module.rosa-vpc.aws_network_acl_rule.public_inbound",
            "module.rosa-vpc.aws_network_acl_rule.public_outbound",
            "module.rosa-vpc.aws_network_acl_rule.redshift_inbound",
            "module.rosa-vpc.aws_network_acl_rule.redshift_outbound",
            "module.rosa-vpc.aws_redshift_subnet_group.redshift",
            "module.rosa-vpc.aws_route.database_internet_gateway",
            "module.rosa-vpc.aws_route.database_ipv6_egress",
            "module.rosa-vpc.aws_route.database_nat_gateway",
            "module.rosa-vpc.aws_route.private_ipv6_egress",
            "module.rosa-vpc.aws_route.private_nat_gateway",
            "module.rosa-vpc.aws_route.public_internet_gateway",
            "module.rosa-vpc.aws_route.public_internet_gateway_ipv6",
            "module.rosa-vpc.aws_route_table.database",
            "module.rosa-vpc.aws_route_table.elasticache",
            "module.rosa-vpc.aws_route_table.intra",
            "module.rosa-vpc.aws_route_table.private",
            "module.rosa-vpc.aws_route_table.public",
            "module.rosa-vpc.aws_route_table.redshift",
            "module.rosa-vpc.aws_route_table_association.database",
            "module.rosa-vpc.aws_route_table_association.elasticache",
            "module.rosa-vpc.aws_route_table_association.intra",
            "module.rosa-vpc.aws_route_table_association.outpost",
            "module.rosa-vpc.aws_route_table_association.private",
            "module.rosa-vpc.aws_route_table_association.public",
            "module.rosa-vpc.aws_route_table_association.redshift",
            "module.rosa-vpc.aws_route_table_association.redshift_public",
            "module.rosa-vpc.aws_subnet.database",
            "module.rosa-vpc.aws_subnet.elasticache",
            "module.rosa-vpc.aws_subnet.intra",
            "module.rosa-vpc.aws_subnet.outpost",
            "module.rosa-vpc.aws_subnet.private",
            "module.rosa-vpc.aws_subnet.public",
            "module.rosa-vpc.aws_subnet.redshift",
            "module.rosa-vpc.aws_vpc.this",
            "module.rosa-vpc.aws_vpc_dhcp_options.this",
            "module.rosa-vpc.aws_vpc_dhcp_options_association.this",
            "module.rosa-vpc.aws_vpc_ipv4_cidr_block_association.this",
            "module.rosa-vpc.aws_vpn_gateway.this",
            "module.rosa-vpc.aws_vpn_gateway_attachment.this",
            "module.rosa-vpc.aws_vpn_gateway_route_propagation.intra",
            "module.rosa-vpc.aws_vpn_gateway_route_propagation.private",
            "module.rosa-vpc.aws_vpn_gateway_route_propagation.public",
            "module.rosa-vpc.data.aws_iam_policy_document.flow_log_cloudwatch_assume_role",
            "module.rosa-vpc.data.aws_iam_policy_document.vpc_flow_log_cloudwatch",
            "rhcs_cluster_rosa_classic.rosa"
          ]
        }
      ]
    },
    {
      "module": "module.operator_roles.module.rosa_operator_roles[0].module.rosa_operator_roles[4]",
      "mode": "managed",
      "type": "aws_iam_role_policy_attachment",
      "name": "operator_role_policy_attachment",
      "provider": "provider[\"registry.terraform.io/hashicorp/aws\"]",
      "instances": [
        {
          "schema_version": 0,
          "attributes": {
            "id": "tf-rcarrata-openshift-ingress-operator-cloud-credentials-20230906123033591200000008",
            "policy_arn": "arn:aws:iam::742735434737:policy/ManagedOpenShift-openshift-ingress-operator-cloud-credentials",
            "role": "tf-rcarrata-openshift-ingress-operator-cloud-credentials"
          },
          "sensitive_attributes": [],
          "private": "bnVsbA==",
          "dependencies": [
            "data.aws_caller_identity.current",
            "data.rhcs_rosa_operator_roles.operator_roles",
            "module.operator_roles.module.rosa_operator_roles.module.rosa_operator_roles.aws_iam_role.operator_role",
            "module.operator_roles.module.rosa_operator_roles.module.rosa_operator_roles.data.aws_caller_identity.current",
            "module.rosa-vpc.aws_cloudwatch_log_group.flow_log",
            "module.rosa-vpc.aws_customer_gateway.this",
            "module.rosa-vpc.aws_db_subnet_group.database",
            "module.rosa-vpc.aws_default_network_acl.this",
            "module.rosa-vpc.aws_default_route_table.default",
            "module.rosa-vpc.aws_default_security_group.this",
            "module.rosa-vpc.aws_default_vpc.this",
            "module.rosa-vpc.aws_egress_only_internet_gateway.this",
            "module.rosa-vpc.aws_eip.nat",
            "module.rosa-vpc.aws_elasticache_subnet_group.elasticache",
            "module.rosa-vpc.aws_flow_log.this",
            "module.rosa-vpc.aws_iam_policy.vpc_flow_log_cloudwatch",
            "module.rosa-vpc.aws_iam_role.vpc_flow_log_cloudwatch",
            "module.rosa-vpc.aws_iam_role_policy_attachment.vpc_flow_log_cloudwatch",
            "module.rosa-vpc.aws_internet_gateway.this",
            "module.rosa-vpc.aws_nat_gateway.this",
            "module.rosa-vpc.aws_network_acl.database",
            "module.rosa-vpc.aws_network_acl.elasticache",
            "module.rosa-vpc.aws_network_acl.intra",
            "module.rosa-vpc.aws_network_acl.outpost",
            "module.rosa-vpc.aws_network_acl.private",
            "module.rosa-vpc.aws_network_acl.public",
            "module.rosa-vpc.aws_network_acl.redshift",
            "module.rosa-vpc.aws_network_acl_rule.database_inbound",
            "module.rosa-vpc.aws_network_acl_rule.database_outbound",
            "module.rosa-vpc.aws_network_acl_rule.elasticache_inbound",
            "module.rosa-vpc.aws_network_acl_rule.elasticache_outbound",
            "module.rosa-vpc.aws_network_acl_rule.intra_inbound",
            "module.rosa-vpc.aws_network_acl_rule.intra_outbound",
            "module.rosa-vpc.aws_network_acl_rule.outpost_inbound",
            "module.rosa-vpc.aws_network_acl_rule.outpost_outbound",
            "module.rosa-vpc.aws_network_acl_rule.private_inbound",
            "module.rosa-vpc.aws_network_acl_rule.private_outbound",
            "module.rosa-vpc.aws_network_acl_rule.public_inbound",
            "module.rosa-vpc.aws_network_acl_rule.public_outbound",
            "module.rosa-vpc.aws_network_acl_rule.redshift_inbound",
            "module.rosa-vpc.aws_network_acl_rule.redshift_outbound",
            "module.rosa-vpc.aws_redshift_subnet_group.redshift",
            "module.rosa-vpc.aws_route.database_internet_gateway",
            "module.rosa-vpc.aws_route.database_ipv6_egress",
            "module.rosa-vpc.aws_route.database_nat_gateway",
            "module.rosa-vpc.aws_route.private_ipv6_egress",
            "module.rosa-vpc.aws_route.private_nat_gateway",
            "module.rosa-vpc.aws_route.public_internet_gateway",
            "module.rosa-vpc.aws_route.public_internet_gateway_ipv6",
            "module.rosa-vpc.aws_route_table.database",
            "module.rosa-vpc.aws_route_table.elasticache",
            "module.rosa-vpc.aws_route_table.intra",
            "module.rosa-vpc.aws_route_table.private",
            "module.rosa-vpc.aws_route_table.public",
            "module.rosa-vpc.aws_route_table.redshift",
            "module.rosa-vpc.aws_route_table_association.database",
            "module.rosa-vpc.aws_route_table_association.elasticache",
            "module.rosa-vpc.aws_route_table_association.intra",
            "module.rosa-vpc.aws_route_table_association.outpost",
            "module.rosa-vpc.aws_route_table_association.private",
            "module.rosa-vpc.aws_route_table_association.public",
            "module.rosa-vpc.aws_route_table_association.redshift",
            "module.rosa-vpc.aws_route_table_association.redshift_public",
            "module.rosa-vpc.aws_subnet.database",
            "module.rosa-vpc.aws_subnet.elasticache",
            "module.rosa-vpc.aws_subnet.intra",
            "module.rosa-vpc.aws_subnet.outpost",
            "module.rosa-vpc.aws_subnet.private",
            "module.rosa-vpc.aws_subnet.public",
            "module.rosa-vpc.aws_subnet.redshift",
            "module.rosa-vpc.aws_vpc.this",
            "module.rosa-vpc.aws_vpc_dhcp_options.this",
            "module.rosa-vpc.aws_vpc_dhcp_options_association.this",
            "module.rosa-vpc.aws_vpc_ipv4_cidr_block_association.this",
            "module.rosa-vpc.aws_vpn_gateway.this",
            "module.rosa-vpc.aws_vpn_gateway_attachment.this",
            "module.rosa-vpc.aws_vpn_gateway_route_propagation.intra",
            "module.rosa-vpc.aws_vpn_gateway_route_propagation.private",
            "module.rosa-vpc.aws_vpn_gateway_route_propagation.public",
            "module.rosa-vpc.data.aws_iam_policy_document.flow_log_cloudwatch_assume_role",
            "module.rosa-vpc.data.aws_iam_policy_document.vpc_flow_log_cloudwatch",
            "rhcs_cluster_rosa_classic.rosa"
          ]
        }
      ]
    },
    {
      "module": "module.operator_roles.module.rosa_operator_roles[0].module.rosa_operator_roles[5]",
      "mode": "data",
      "type": "aws_caller_identity",
      "name": "current",
      "provider": "provider[\"registry.terraform.io/hashicorp/aws\"]",
      "instances": [
        {
          "schema_version": 0,
          "attributes": {
            "account_id": "742735434737",
            "arn": "arn:aws:iam::742735434737:user/rcarrata@redhat.com-fvn9d-admin",
            "id": "742735434737",
            "user_id": "AIDA2Z3T3KPYRSICTJSRI"
          },
          "sensitive_attributes": []
        }
      ]
    },
    {
      "module": "module.operator_roles.module.rosa_operator_roles[0].module.rosa_operator_roles[5]",
      "mode": "managed",
      "type": "aws_iam_role",
      "name": "operator_role",
      "provider": "provider[\"registry.terraform.io/hashicorp/aws\"]",
      "instances": [
        {
          "schema_version": 0,
          "attributes": {
            "arn": "arn:aws:iam::742735434737:role/tf-rcarrata-openshift-machine-api-aws-cloud-credentials",
            "assume_role_policy": "{\"Statement\":[{\"Action\":\"sts:AssumeRoleWithWebIdentity\",\"Condition\":{\"StringEquals\":{\"rh-oidc.s3.us-east-1.amazonaws.com/26325n0knv751u1f84bc4g9793rmrvbc:sub\":[\"system:serviceaccount:openshift-machine-api:machine-api-controllers\"]}},\"Effect\":\"Allow\",\"Principal\":{\"Federated\":\"arn:aws:iam::742735434737:oidc-provider/rh-oidc.s3.us-east-1.amazonaws.com/26325n0knv751u1f84bc4g9793rmrvbc\"}}],\"Version\":\"2012-10-17\"}",
            "create_date": "2023-09-06T12:30:32Z",
            "description": "",
            "force_detach_policies": false,
            "id": "tf-rcarrata-openshift-machine-api-aws-cloud-credentials",
            "inline_policy": [],
            "managed_policy_arns": [],
            "max_session_duration": 3600,
            "name": "tf-rcarrata-openshift-machine-api-aws-cloud-credentials",
            "name_prefix": "",
            "path": "/",
            "permissions_boundary": null,
            "role_last_used": [
              {
                "last_used_date": "",
                "region": ""
              }
            ],
            "tags": {
              "operator_name": "aws-cloud-credentials",
              "operator_namespace": "openshift-machine-api",
              "red-hat-managed": "true",
              "rosa_cluster_id": "26325n0knv751u1f84bc4g9793rmrvbc"
            },
            "tags_all": {
              "operator_name": "aws-cloud-credentials",
              "operator_namespace": "openshift-machine-api",
              "red-hat-managed": "true",
              "rosa_cluster_id": "26325n0knv751u1f84bc4g9793rmrvbc"
            },
            "unique_id": "AROA2Z3T3KPYUJT3G5BLZ"
          },
          "sensitive_attributes": [],
          "private": "bnVsbA==",
          "dependencies": [
            "data.aws_caller_identity.current",
            "data.rhcs_rosa_operator_roles.operator_roles",
            "module.operator_roles.module.rosa_operator_roles.module.rosa_operator_roles.data.aws_caller_identity.current",
            "module.rosa-vpc.aws_cloudwatch_log_group.flow_log",
            "module.rosa-vpc.aws_customer_gateway.this",
            "module.rosa-vpc.aws_db_subnet_group.database",
            "module.rosa-vpc.aws_default_network_acl.this",
            "module.rosa-vpc.aws_default_route_table.default",
            "module.rosa-vpc.aws_default_security_group.this",
            "module.rosa-vpc.aws_default_vpc.this",
            "module.rosa-vpc.aws_egress_only_internet_gateway.this",
            "module.rosa-vpc.aws_eip.nat",
            "module.rosa-vpc.aws_elasticache_subnet_group.elasticache",
            "module.rosa-vpc.aws_flow_log.this",
            "module.rosa-vpc.aws_iam_policy.vpc_flow_log_cloudwatch",
            "module.rosa-vpc.aws_iam_role.vpc_flow_log_cloudwatch",
            "module.rosa-vpc.aws_iam_role_policy_attachment.vpc_flow_log_cloudwatch",
            "module.rosa-vpc.aws_internet_gateway.this",
            "module.rosa-vpc.aws_nat_gateway.this",
            "module.rosa-vpc.aws_network_acl.database",
            "module.rosa-vpc.aws_network_acl.elasticache",
            "module.rosa-vpc.aws_network_acl.intra",
            "module.rosa-vpc.aws_network_acl.outpost",
            "module.rosa-vpc.aws_network_acl.private",
            "module.rosa-vpc.aws_network_acl.public",
            "module.rosa-vpc.aws_network_acl.redshift",
            "module.rosa-vpc.aws_network_acl_rule.database_inbound",
            "module.rosa-vpc.aws_network_acl_rule.database_outbound",
            "module.rosa-vpc.aws_network_acl_rule.elasticache_inbound",
            "module.rosa-vpc.aws_network_acl_rule.elasticache_outbound",
            "module.rosa-vpc.aws_network_acl_rule.intra_inbound",
            "module.rosa-vpc.aws_network_acl_rule.intra_outbound",
            "module.rosa-vpc.aws_network_acl_rule.outpost_inbound",
            "module.rosa-vpc.aws_network_acl_rule.outpost_outbound",
            "module.rosa-vpc.aws_network_acl_rule.private_inbound",
            "module.rosa-vpc.aws_network_acl_rule.private_outbound",
            "module.rosa-vpc.aws_network_acl_rule.public_inbound",
            "module.rosa-vpc.aws_network_acl_rule.public_outbound",
            "module.rosa-vpc.aws_network_acl_rule.redshift_inbound",
            "module.rosa-vpc.aws_network_acl_rule.redshift_outbound",
            "module.rosa-vpc.aws_redshift_subnet_group.redshift",
            "module.rosa-vpc.aws_route.database_internet_gateway",
            "module.rosa-vpc.aws_route.database_ipv6_egress",
            "module.rosa-vpc.aws_route.database_nat_gateway",
            "module.rosa-vpc.aws_route.private_ipv6_egress",
            "module.rosa-vpc.aws_route.private_nat_gateway",
            "module.rosa-vpc.aws_route.public_internet_gateway",
            "module.rosa-vpc.aws_route.public_internet_gateway_ipv6",
            "module.rosa-vpc.aws_route_table.database",
            "module.rosa-vpc.aws_route_table.elasticache",
            "module.rosa-vpc.aws_route_table.intra",
            "module.rosa-vpc.aws_route_table.private",
            "module.rosa-vpc.aws_route_table.public",
            "module.rosa-vpc.aws_route_table.redshift",
            "module.rosa-vpc.aws_route_table_association.database",
            "module.rosa-vpc.aws_route_table_association.elasticache",
            "module.rosa-vpc.aws_route_table_association.intra",
            "module.rosa-vpc.aws_route_table_association.outpost",
            "module.rosa-vpc.aws_route_table_association.private",
            "module.rosa-vpc.aws_route_table_association.public",
            "module.rosa-vpc.aws_route_table_association.redshift",
            "module.rosa-vpc.aws_route_table_association.redshift_public",
            "module.rosa-vpc.aws_subnet.database",
            "module.rosa-vpc.aws_subnet.elasticache",
            "module.rosa-vpc.aws_subnet.intra",
            "module.rosa-vpc.aws_subnet.outpost",
            "module.rosa-vpc.aws_subnet.private",
            "module.rosa-vpc.aws_subnet.public",
            "module.rosa-vpc.aws_subnet.redshift",
            "module.rosa-vpc.aws_vpc.this",
            "module.rosa-vpc.aws_vpc_dhcp_options.this",
            "module.rosa-vpc.aws_vpc_dhcp_options_association.this",
            "module.rosa-vpc.aws_vpc_ipv4_cidr_block_association.this",
            "module.rosa-vpc.aws_vpn_gateway.this",
            "module.rosa-vpc.aws_vpn_gateway_attachment.this",
            "module.rosa-vpc.aws_vpn_gateway_route_propagation.intra",
            "module.rosa-vpc.aws_vpn_gateway_route_propagation.private",
            "module.rosa-vpc.aws_vpn_gateway_route_propagation.public",
            "module.rosa-vpc.data.aws_iam_policy_document.flow_log_cloudwatch_assume_role",
            "module.rosa-vpc.data.aws_iam_policy_document.vpc_flow_log_cloudwatch",
            "rhcs_cluster_rosa_classic.rosa"
          ]
        }
      ]
    },
    {
      "module": "module.operator_roles.module.rosa_operator_roles[0].module.rosa_operator_roles[5]",
      "mode": "managed",
      "type": "aws_iam_role_policy_attachment",
      "name": "operator_role_policy_attachment",
      "provider": "provider[\"registry.terraform.io/hashicorp/aws\"]",
      "instances": [
        {
          "schema_version": 0,
          "attributes": {
            "id": "tf-rcarrata-openshift-machine-api-aws-cloud-credentials-20230906123033578800000006",
            "policy_arn": "arn:aws:iam::742735434737:policy/ManagedOpenShift-openshift-machine-api-aws-cloud-credentials",
            "role": "tf-rcarrata-openshift-machine-api-aws-cloud-credentials"
          },
          "sensitive_attributes": [],
          "private": "bnVsbA==",
          "dependencies": [
            "data.aws_caller_identity.current",
            "data.rhcs_rosa_operator_roles.operator_roles",
            "module.operator_roles.module.rosa_operator_roles.module.rosa_operator_roles.aws_iam_role.operator_role",
            "module.operator_roles.module.rosa_operator_roles.module.rosa_operator_roles.data.aws_caller_identity.current",
            "module.rosa-vpc.aws_cloudwatch_log_group.flow_log",
            "module.rosa-vpc.aws_customer_gateway.this",
            "module.rosa-vpc.aws_db_subnet_group.database",
            "module.rosa-vpc.aws_default_network_acl.this",
            "module.rosa-vpc.aws_default_route_table.default",
            "module.rosa-vpc.aws_default_security_group.this",
            "module.rosa-vpc.aws_default_vpc.this",
            "module.rosa-vpc.aws_egress_only_internet_gateway.this",
            "module.rosa-vpc.aws_eip.nat",
            "module.rosa-vpc.aws_elasticache_subnet_group.elasticache",
            "module.rosa-vpc.aws_flow_log.this",
            "module.rosa-vpc.aws_iam_policy.vpc_flow_log_cloudwatch",
            "module.rosa-vpc.aws_iam_role.vpc_flow_log_cloudwatch",
            "module.rosa-vpc.aws_iam_role_policy_attachment.vpc_flow_log_cloudwatch",
            "module.rosa-vpc.aws_internet_gateway.this",
            "module.rosa-vpc.aws_nat_gateway.this",
            "module.rosa-vpc.aws_network_acl.database",
            "module.rosa-vpc.aws_network_acl.elasticache",
            "module.rosa-vpc.aws_network_acl.intra",
            "module.rosa-vpc.aws_network_acl.outpost",
            "module.rosa-vpc.aws_network_acl.private",
            "module.rosa-vpc.aws_network_acl.public",
            "module.rosa-vpc.aws_network_acl.redshift",
            "module.rosa-vpc.aws_network_acl_rule.database_inbound",
            "module.rosa-vpc.aws_network_acl_rule.database_outbound",
            "module.rosa-vpc.aws_network_acl_rule.elasticache_inbound",
            "module.rosa-vpc.aws_network_acl_rule.elasticache_outbound",
            "module.rosa-vpc.aws_network_acl_rule.intra_inbound",
            "module.rosa-vpc.aws_network_acl_rule.intra_outbound",
            "module.rosa-vpc.aws_network_acl_rule.outpost_inbound",
            "module.rosa-vpc.aws_network_acl_rule.outpost_outbound",
            "module.rosa-vpc.aws_network_acl_rule.private_inbound",
            "module.rosa-vpc.aws_network_acl_rule.private_outbound",
            "module.rosa-vpc.aws_network_acl_rule.public_inbound",
            "module.rosa-vpc.aws_network_acl_rule.public_outbound",
            "module.rosa-vpc.aws_network_acl_rule.redshift_inbound",
            "module.rosa-vpc.aws_network_acl_rule.redshift_outbound",
            "module.rosa-vpc.aws_redshift_subnet_group.redshift",
            "module.rosa-vpc.aws_route.database_internet_gateway",
            "module.rosa-vpc.aws_route.database_ipv6_egress",
            "module.rosa-vpc.aws_route.database_nat_gateway",
            "module.rosa-vpc.aws_route.private_ipv6_egress",
            "module.rosa-vpc.aws_route.private_nat_gateway",
            "module.rosa-vpc.aws_route.public_internet_gateway",
            "module.rosa-vpc.aws_route.public_internet_gateway_ipv6",
            "module.rosa-vpc.aws_route_table.database",
            "module.rosa-vpc.aws_route_table.elasticache",
            "module.rosa-vpc.aws_route_table.intra",
            "module.rosa-vpc.aws_route_table.private",
            "module.rosa-vpc.aws_route_table.public",
            "module.rosa-vpc.aws_route_table.redshift",
            "module.rosa-vpc.aws_route_table_association.database",
            "module.rosa-vpc.aws_route_table_association.elasticache",
            "module.rosa-vpc.aws_route_table_association.intra",
            "module.rosa-vpc.aws_route_table_association.outpost",
            "module.rosa-vpc.aws_route_table_association.private",
            "module.rosa-vpc.aws_route_table_association.public",
            "module.rosa-vpc.aws_route_table_association.redshift",
            "module.rosa-vpc.aws_route_table_association.redshift_public",
            "module.rosa-vpc.aws_subnet.database",
            "module.rosa-vpc.aws_subnet.elasticache",
            "module.rosa-vpc.aws_subnet.intra",
            "module.rosa-vpc.aws_subnet.outpost",
            "module.rosa-vpc.aws_subnet.private",
            "module.rosa-vpc.aws_subnet.public",
            "module.rosa-vpc.aws_subnet.redshift",
            "module.rosa-vpc.aws_vpc.this",
            "module.rosa-vpc.aws_vpc_dhcp_options.this",
            "module.rosa-vpc.aws_vpc_dhcp_options_association.this",
            "module.rosa-vpc.aws_vpc_ipv4_cidr_block_association.this",
            "module.rosa-vpc.aws_vpn_gateway.this",
            "module.rosa-vpc.aws_vpn_gateway_attachment.this",
            "module.rosa-vpc.aws_vpn_gateway_route_propagation.intra",
            "module.rosa-vpc.aws_vpn_gateway_route_propagation.private",
            "module.rosa-vpc.aws_vpn_gateway_route_propagation.public",
            "module.rosa-vpc.data.aws_iam_policy_document.flow_log_cloudwatch_assume_role",
            "module.rosa-vpc.data.aws_iam_policy_document.vpc_flow_log_cloudwatch",
            "rhcs_cluster_rosa_classic.rosa"
          ]
        }
      ]
    },
    {
      "module": "module.rosa-vpc",
      "mode": "managed",
      "type": "aws_cloudwatch_log_group",
      "name": "flow_log",
      "provider": "provider[\"registry.terraform.io/hashicorp/aws\"]",
      "instances": []
    },
    {
      "module": "module.rosa-vpc",
      "mode": "managed",
      "type": "aws_customer_gateway",
      "name": "this",
      "provider": "provider[\"registry.terraform.io/hashicorp/aws\"]",
      "instances": []
    },
    {
      "module": "module.rosa-vpc",
      "mode": "managed",
      "type": "aws_db_subnet_group",
      "name": "database",
      "provider": "provider[\"registry.terraform.io/hashicorp/aws\"]",
      "instances": []
    },
    {
      "module": "module.rosa-vpc",
      "mode": "managed",
      "type": "aws_default_network_acl",
      "name": "this",
      "provider": "provider[\"registry.terraform.io/hashicorp/aws\"]",
      "instances": [
        {
          "index_key": 0,
          "schema_version": 0,
          "attributes": {
            "arn": "arn:aws:ec2:eu-west-1:742735434737:network-acl/acl-0a37b0afe7a2c80ba",
            "default_network_acl_id": "acl-0a37b0afe7a2c80ba",
            "egress": [
              {
                "action": "allow",
                "cidr_block": "",
                "from_port": 0,
                "icmp_code": null,
                "icmp_type": null,
                "ipv6_cidr_block": "::/0",
                "protocol": "-1",
                "rule_no": 101,
                "to_port": 0
              },
              {
                "action": "allow",
                "cidr_block": "0.0.0.0/0",
                "from_port": 0,
                "icmp_code": null,
                "icmp_type": null,
                "ipv6_cidr_block": "",
                "protocol": "-1",
                "rule_no": 100,
                "to_port": 0
              }
            ],
            "id": "acl-0a37b0afe7a2c80ba",
            "ingress": [
              {
                "action": "allow",
                "cidr_block": "",
                "from_port": 0,
                "icmp_code": null,
                "icmp_type": null,
                "ipv6_cidr_block": "::/0",
                "protocol": "-1",
                "rule_no": 101,
                "to_port": 0
              },
              {
                "action": "allow",
                "cidr_block": "0.0.0.0/0",
                "from_port": 0,
                "icmp_code": null,
                "icmp_type": null,
                "ipv6_cidr_block": "",
                "protocol": "-1",
                "rule_no": 100,
                "to_port": 0
              }
            ],
            "owner_id": "742735434737",
            "subnet_ids": [
              "subnet-01045d29a0753e017",
              "subnet-01eb98bf7a509dcc4",
              "subnet-0414f20190315e0dc",
              "subnet-0e607ed2a4e123c1a",
              "subnet-0eff49ff3fb6bae8f",
              "subnet-0fc0e785b5a11d8df"
            ],
            "tags": {
              "Name": "tf-rcarrata-default"
            },
            "tags_all": {
              "Name": "tf-rcarrata-default"
            },
            "vpc_id": "vpc-014c74e8dd4934da1"
          },
          "sensitive_attributes": [],
          "private": "bnVsbA==",
          "dependencies": [
            "module.rosa-vpc.aws_vpc.this"
          ]
        }
      ]
    },
    {
      "module": "module.rosa-vpc",
      "mode": "managed",
      "type": "aws_default_route_table",
      "name": "default",
      "provider": "provider[\"registry.terraform.io/hashicorp/aws\"]",
      "instances": [
        {
          "index_key": 0,
          "schema_version": 0,
          "attributes": {
            "arn": "arn:aws:ec2:eu-west-1:742735434737:route-table/rtb-0ee916236e243ecf7",
            "default_route_table_id": "rtb-0ee916236e243ecf7",
            "id": "rtb-0ee916236e243ecf7",
            "owner_id": "742735434737",
            "propagating_vgws": null,
            "route": [],
            "tags": {
              "Name": "tf-rcarrata-default"
            },
            "tags_all": {
              "Name": "tf-rcarrata-default"
            },
            "timeouts": {
              "create": "5m",
              "update": "5m"
            },
            "vpc_id": "vpc-014c74e8dd4934da1"
          },
          "sensitive_attributes": [],
          "private": "eyJlMmJmYjczMC1lY2FhLTExZTYtOGY4OC0zNDM2M2JjN2M0YzAiOnsiY3JlYXRlIjozMDAwMDAwMDAwMDAsInVwZGF0ZSI6MzAwMDAwMDAwMDAwfX0=",
          "dependencies": [
            "module.rosa-vpc.aws_vpc.this"
          ]
        }
      ]
    },
    {
      "module": "module.rosa-vpc",
      "mode": "managed",
      "type": "aws_default_security_group",
      "name": "this",
      "provider": "provider[\"registry.terraform.io/hashicorp/aws\"]",
      "instances": [
        {
          "index_key": 0,
          "schema_version": 1,
          "attributes": {
            "arn": "arn:aws:ec2:eu-west-1:742735434737:security-group/sg-0484bd9820f180075",
            "description": "default VPC security group",
            "egress": [],
            "id": "sg-0484bd9820f180075",
            "ingress": [],
            "name": "default",
            "name_prefix": "",
            "owner_id": "742735434737",
            "revoke_rules_on_delete": false,
            "tags": {
              "Name": "tf-rcarrata-default"
            },
            "tags_all": {
              "Name": "tf-rcarrata-default"
            },
            "vpc_id": "vpc-014c74e8dd4934da1"
          },
          "sensitive_attributes": [],
          "private": "eyJzY2hlbWFfdmVyc2lvbiI6IjEifQ==",
          "dependencies": [
            "module.rosa-vpc.aws_vpc.this"
          ]
        }
      ]
    },
    {
      "module": "module.rosa-vpc",
      "mode": "managed",
      "type": "aws_default_vpc",
      "name": "this",
      "provider": "provider[\"registry.terraform.io/hashicorp/aws\"]",
      "instances": []
    },
    {
      "module": "module.rosa-vpc",
      "mode": "managed",
      "type": "aws_egress_only_internet_gateway",
      "name": "this",
      "provider": "provider[\"registry.terraform.io/hashicorp/aws\"]",
      "instances": []
    },
    {
      "module": "module.rosa-vpc",
      "mode": "managed",
      "type": "aws_eip",
      "name": "nat",
      "provider": "provider[\"registry.terraform.io/hashicorp/aws\"]",
      "instances": [
        {
          "index_key": 0,
          "schema_version": 0,
          "attributes": {
            "address": null,
            "allocation_id": "eipalloc-08bd2993455e1ba15",
            "associate_with_private_ip": null,
            "association_id": "",
            "carrier_ip": "",
            "customer_owned_ip": "",
            "customer_owned_ipv4_pool": "",
            "domain": "vpc",
            "id": "eipalloc-08bd2993455e1ba15",
            "instance": "",
            "network_border_group": "eu-west-1",
            "network_interface": "",
            "private_dns": null,
            "private_ip": "",
            "public_dns": "ec2-52-212-135-212.eu-west-1.compute.amazonaws.com",
            "public_ip": "52.212.135.212",
            "public_ipv4_pool": "amazon",
            "tags": {
              "Name": "tf-rcarrata-eu-west-1a"
            },
            "tags_all": {
              "Name": "tf-rcarrata-eu-west-1a"
            },
            "timeouts": null,
            "vpc": true
          },
          "sensitive_attributes": [],
          "private": "eyJlMmJmYjczMC1lY2FhLTExZTYtOGY4OC0zNDM2M2JjN2M0YzAiOnsiZGVsZXRlIjoxODAwMDAwMDAwMDAsInJlYWQiOjkwMDAwMDAwMDAwMCwidXBkYXRlIjozMDAwMDAwMDAwMDB9fQ=="
        },
        {
          "index_key": 1,
          "schema_version": 0,
          "attributes": {
            "address": null,
            "allocation_id": "eipalloc-02b2b4fa5c561f453",
            "associate_with_private_ip": null,
            "association_id": "",
            "carrier_ip": "",
            "customer_owned_ip": "",
            "customer_owned_ipv4_pool": "",
            "domain": "vpc",
            "id": "eipalloc-02b2b4fa5c561f453",
            "instance": "",
            "network_border_group": "eu-west-1",
            "network_interface": "",
            "private_dns": null,
            "private_ip": "",
            "public_dns": "ec2-52-18-179-199.eu-west-1.compute.amazonaws.com",
            "public_ip": "52.18.179.199",
            "public_ipv4_pool": "amazon",
            "tags": {
              "Name": "tf-rcarrata-eu-west-1b"
            },
            "tags_all": {
              "Name": "tf-rcarrata-eu-west-1b"
            },
            "timeouts": null,
            "vpc": true
          },
          "sensitive_attributes": [],
          "private": "eyJlMmJmYjczMC1lY2FhLTExZTYtOGY4OC0zNDM2M2JjN2M0YzAiOnsiZGVsZXRlIjoxODAwMDAwMDAwMDAsInJlYWQiOjkwMDAwMDAwMDAwMCwidXBkYXRlIjozMDAwMDAwMDAwMDB9fQ=="
        },
        {
          "index_key": 2,
          "schema_version": 0,
          "attributes": {
            "address": null,
            "allocation_id": "eipalloc-05e187543173757f2",
            "associate_with_private_ip": null,
            "association_id": "",
            "carrier_ip": "",
            "customer_owned_ip": "",
            "customer_owned_ipv4_pool": "",
            "domain": "vpc",
            "id": "eipalloc-05e187543173757f2",
            "instance": "",
            "network_border_group": "eu-west-1",
            "network_interface": "",
            "private_dns": null,
            "private_ip": "",
            "public_dns": "ec2-34-240-57-221.eu-west-1.compute.amazonaws.com",
            "public_ip": "34.240.57.221",
            "public_ipv4_pool": "amazon",
            "tags": {
              "Name": "tf-rcarrata-eu-west-1c"
            },
            "tags_all": {
              "Name": "tf-rcarrata-eu-west-1c"
            },
            "timeouts": null,
            "vpc": true
          },
          "sensitive_attributes": [],
          "private": "eyJlMmJmYjczMC1lY2FhLTExZTYtOGY4OC0zNDM2M2JjN2M0YzAiOnsiZGVsZXRlIjoxODAwMDAwMDAwMDAsInJlYWQiOjkwMDAwMDAwMDAwMCwidXBkYXRlIjozMDAwMDAwMDAwMDB9fQ=="
        }
      ]
    },
    {
      "module": "module.rosa-vpc",
      "mode": "managed",
      "type": "aws_elasticache_subnet_group",
      "name": "elasticache",
      "provider": "provider[\"registry.terraform.io/hashicorp/aws\"]",
      "instances": []
    },
    {
      "module": "module.rosa-vpc",
      "mode": "managed",
      "type": "aws_flow_log",
      "name": "this",
      "provider": "provider[\"registry.terraform.io/hashicorp/aws\"]",
      "instances": []
    },
    {
      "module": "module.rosa-vpc",
      "mode": "managed",
      "type": "aws_iam_role",
      "name": "vpc_flow_log_cloudwatch",
      "provider": "provider[\"registry.terraform.io/hashicorp/aws\"]",
      "instances": []
    },
    {
      "module": "module.rosa-vpc",
      "mode": "managed",
      "type": "aws_internet_gateway",
      "name": "this",
      "provider": "provider[\"registry.terraform.io/hashicorp/aws\"]",
      "instances": [
        {
          "index_key": 0,
          "schema_version": 0,
          "attributes": {
            "arn": "arn:aws:ec2:eu-west-1:742735434737:internet-gateway/igw-0c357b835061f44e0",
            "id": "igw-0c357b835061f44e0",
            "owner_id": "742735434737",
            "tags": {
              "Name": "tf-rcarrata"
            },
            "tags_all": {
              "Name": "tf-rcarrata"
            },
            "timeouts": null,
            "vpc_id": "vpc-014c74e8dd4934da1"
          },
          "sensitive_attributes": [],
          "private": "eyJlMmJmYjczMC1lY2FhLTExZTYtOGY4OC0zNDM2M2JjN2M0YzAiOnsiY3JlYXRlIjoxMjAwMDAwMDAwMDAwLCJkZWxldGUiOjEyMDAwMDAwMDAwMDAsInVwZGF0ZSI6MTIwMDAwMDAwMDAwMH19",
          "dependencies": [
            "module.rosa-vpc.aws_vpc.this",
            "module.rosa-vpc.aws_vpc_ipv4_cidr_block_association.this"
          ]
        }
      ]
    },
    {
      "module": "module.rosa-vpc",
      "mode": "managed",
      "type": "aws_nat_gateway",
      "name": "this",
      "provider": "provider[\"registry.terraform.io/hashicorp/aws\"]",
      "instances": [
        {
          "index_key": 0,
          "schema_version": 0,
          "attributes": {
            "allocation_id": "eipalloc-08bd2993455e1ba15",
            "association_id": "eipassoc-0a4e205ee6b22ddfa",
            "connectivity_type": "public",
            "id": "nat-0e621dacd77104cfa",
            "network_interface_id": "eni-02e0e3e42839feedb",
            "private_ip": "10.66.101.104",
            "public_ip": "52.212.135.212",
            "subnet_id": "subnet-01045d29a0753e017",
            "tags": {
              "Name": "tf-rcarrata-eu-west-1a"
            },
            "tags_all": {
              "Name": "tf-rcarrata-eu-west-1a"
            }
          },
          "sensitive_attributes": [],
          "private": "bnVsbA==",
          "dependencies": [
            "module.rosa-vpc.aws_eip.nat",
            "module.rosa-vpc.aws_internet_gateway.this",
            "module.rosa-vpc.aws_subnet.public",
            "module.rosa-vpc.aws_vpc.this",
            "module.rosa-vpc.aws_vpc_ipv4_cidr_block_association.this"
          ]
        },
        {
          "index_key": 1,
          "schema_version": 0,
          "attributes": {
            "allocation_id": "eipalloc-02b2b4fa5c561f453",
            "association_id": "eipassoc-04c1e82f43aa9d385",
            "connectivity_type": "public",
            "id": "nat-0721bbc5b469891c1",
            "network_interface_id": "eni-0a2ef57b1bf462a55",
            "private_ip": "10.66.102.18",
            "public_ip": "52.18.179.199",
            "subnet_id": "subnet-01eb98bf7a509dcc4",
            "tags": {
              "Name": "tf-rcarrata-eu-west-1b"
            },
            "tags_all": {
              "Name": "tf-rcarrata-eu-west-1b"
            }
          },
          "sensitive_attributes": [],
          "private": "bnVsbA==",
          "dependencies": [
            "module.rosa-vpc.aws_eip.nat",
            "module.rosa-vpc.aws_internet_gateway.this",
            "module.rosa-vpc.aws_subnet.public",
            "module.rosa-vpc.aws_vpc.this",
            "module.rosa-vpc.aws_vpc_ipv4_cidr_block_association.this"
          ]
        },
        {
          "index_key": 2,
          "schema_version": 0,
          "attributes": {
            "allocation_id": "eipalloc-05e187543173757f2",
            "association_id": "eipassoc-0bf465023a72e8cfc",
            "connectivity_type": "public",
            "id": "nat-0e4e262815488f3de",
            "network_interface_id": "eni-0b2977f16b33c7db3",
            "private_ip": "10.66.103.79",
            "public_ip": "34.240.57.221",
            "subnet_id": "subnet-0eff49ff3fb6bae8f",
            "tags": {
              "Name": "tf-rcarrata-eu-west-1c"
            },
            "tags_all": {
              "Name": "tf-rcarrata-eu-west-1c"
            }
          },
          "sensitive_attributes": [],
          "private": "bnVsbA==",
          "dependencies": [
            "module.rosa-vpc.aws_eip.nat",
            "module.rosa-vpc.aws_internet_gateway.this",
            "module.rosa-vpc.aws_subnet.public",
            "module.rosa-vpc.aws_vpc.this",
            "module.rosa-vpc.aws_vpc_ipv4_cidr_block_association.this"
          ]
        }
      ]
    },
    {
      "module": "module.rosa-vpc",
      "mode": "managed",
      "type": "aws_network_acl",
      "name": "database",
      "provider": "provider[\"registry.terraform.io/hashicorp/aws\"]",
      "instances": []
    },
    {
      "module": "module.rosa-vpc",
      "mode": "managed",
      "type": "aws_network_acl",
      "name": "elasticache",
      "provider": "provider[\"registry.terraform.io/hashicorp/aws\"]",
      "instances": []
    },
    {
      "module": "module.rosa-vpc",
      "mode": "managed",
      "type": "aws_network_acl",
      "name": "intra",
      "provider": "provider[\"registry.terraform.io/hashicorp/aws\"]",
      "instances": []
    },
    {
      "module": "module.rosa-vpc",
      "mode": "managed",
      "type": "aws_network_acl",
      "name": "outpost",
      "provider": "provider[\"registry.terraform.io/hashicorp/aws\"]",
      "instances": []
    },
    {
      "module": "module.rosa-vpc",
      "mode": "managed",
      "type": "aws_network_acl",
      "name": "private",
      "provider": "provider[\"registry.terraform.io/hashicorp/aws\"]",
      "instances": []
    },
    {
      "module": "module.rosa-vpc",
      "mode": "managed",
      "type": "aws_network_acl",
      "name": "public",
      "provider": "provider[\"registry.terraform.io/hashicorp/aws\"]",
      "instances": []
    },
    {
      "module": "module.rosa-vpc",
      "mode": "managed",
      "type": "aws_network_acl",
      "name": "redshift",
      "provider": "provider[\"registry.terraform.io/hashicorp/aws\"]",
      "instances": []
    },
    {
      "module": "module.rosa-vpc",
      "mode": "managed",
      "type": "aws_redshift_subnet_group",
      "name": "redshift",
      "provider": "provider[\"registry.terraform.io/hashicorp/aws\"]",
      "instances": []
    },
    {
      "module": "module.rosa-vpc",
      "mode": "managed",
      "type": "aws_route",
      "name": "database_internet_gateway",
      "provider": "provider[\"registry.terraform.io/hashicorp/aws\"]",
      "instances": []
    },
    {
      "module": "module.rosa-vpc",
      "mode": "managed",
      "type": "aws_route",
      "name": "database_ipv6_egress",
      "provider": "provider[\"registry.terraform.io/hashicorp/aws\"]",
      "instances": []
    },
    {
      "module": "module.rosa-vpc",
      "mode": "managed",
      "type": "aws_route",
      "name": "database_nat_gateway",
      "provider": "provider[\"registry.terraform.io/hashicorp/aws\"]",
      "instances": []
    },
    {
      "module": "module.rosa-vpc",
      "mode": "managed",
      "type": "aws_route",
      "name": "private_ipv6_egress",
      "provider": "provider[\"registry.terraform.io/hashicorp/aws\"]",
      "instances": []
    },
    {
      "module": "module.rosa-vpc",
      "mode": "managed",
      "type": "aws_route",
      "name": "private_nat_gateway",
      "provider": "provider[\"registry.terraform.io/hashicorp/aws\"]",
      "instances": [
        {
          "index_key": 0,
          "schema_version": 0,
          "attributes": {
            "carrier_gateway_id": "",
            "core_network_arn": "",
            "destination_cidr_block": "0.0.0.0/0",
            "destination_ipv6_cidr_block": "",
            "destination_prefix_list_id": "",
            "egress_only_gateway_id": "",
            "gateway_id": "",
            "id": "r-rtb-04f87e26e131a92b01080289494",
            "instance_id": "",
            "instance_owner_id": "",
            "local_gateway_id": "",
            "nat_gateway_id": "nat-0e621dacd77104cfa",
            "network_interface_id": "",
            "origin": "CreateRoute",
            "route_table_id": "rtb-04f87e26e131a92b0",
            "state": "active",
            "timeouts": {
              "create": "5m",
              "delete": null,
              "update": null
            },
            "transit_gateway_id": "",
            "vpc_endpoint_id": "",
            "vpc_peering_connection_id": ""
          },
          "sensitive_attributes": [],
          "private": "eyJlMmJmYjczMC1lY2FhLTExZTYtOGY4OC0zNDM2M2JjN2M0YzAiOnsiY3JlYXRlIjozMDAwMDAwMDAwMDAsImRlbGV0ZSI6MzAwMDAwMDAwMDAwLCJ1cGRhdGUiOjEyMDAwMDAwMDAwMH19",
          "dependencies": [
            "module.rosa-vpc.aws_eip.nat",
            "module.rosa-vpc.aws_internet_gateway.this",
            "module.rosa-vpc.aws_nat_gateway.this",
            "module.rosa-vpc.aws_route_table.private",
            "module.rosa-vpc.aws_subnet.public",
            "module.rosa-vpc.aws_vpc.this",
            "module.rosa-vpc.aws_vpc_ipv4_cidr_block_association.this"
          ]
        },
        {
          "index_key": 1,
          "schema_version": 0,
          "attributes": {
            "carrier_gateway_id": "",
            "core_network_arn": "",
            "destination_cidr_block": "0.0.0.0/0",
            "destination_ipv6_cidr_block": "",
            "destination_prefix_list_id": "",
            "egress_only_gateway_id": "",
            "gateway_id": "",
            "id": "r-rtb-02905f1b8784074381080289494",
            "instance_id": "",
            "instance_owner_id": "",
            "local_gateway_id": "",
            "nat_gateway_id": "nat-0721bbc5b469891c1",
            "network_interface_id": "",
            "origin": "CreateRoute",
            "route_table_id": "rtb-02905f1b878407438",
            "state": "active",
            "timeouts": {
              "create": "5m",
              "delete": null,
              "update": null
            },
            "transit_gateway_id": "",
            "vpc_endpoint_id": "",
            "vpc_peering_connection_id": ""
          },
          "sensitive_attributes": [],
          "private": "eyJlMmJmYjczMC1lY2FhLTExZTYtOGY4OC0zNDM2M2JjN2M0YzAiOnsiY3JlYXRlIjozMDAwMDAwMDAwMDAsImRlbGV0ZSI6MzAwMDAwMDAwMDAwLCJ1cGRhdGUiOjEyMDAwMDAwMDAwMH19",
          "dependencies": [
            "module.rosa-vpc.aws_eip.nat",
            "module.rosa-vpc.aws_internet_gateway.this",
            "module.rosa-vpc.aws_nat_gateway.this",
            "module.rosa-vpc.aws_route_table.private",
            "module.rosa-vpc.aws_subnet.public",
            "module.rosa-vpc.aws_vpc.this",
            "module.rosa-vpc.aws_vpc_ipv4_cidr_block_association.this"
          ]
        },
        {
          "index_key": 2,
          "schema_version": 0,
          "attributes": {
            "carrier_gateway_id": "",
            "core_network_arn": "",
            "destination_cidr_block": "0.0.0.0/0",
            "destination_ipv6_cidr_block": "",
            "destination_prefix_list_id": "",
            "egress_only_gateway_id": "",
            "gateway_id": "",
            "id": "r-rtb-0559c4d772912be181080289494",
            "instance_id": "",
            "instance_owner_id": "",
            "local_gateway_id": "",
            "nat_gateway_id": "nat-0e4e262815488f3de",
            "network_interface_id": "",
            "origin": "CreateRoute",
            "route_table_id": "rtb-0559c4d772912be18",
            "state": "active",
            "timeouts": {
              "create": "5m",
              "delete": null,
              "update": null
            },
            "transit_gateway_id": "",
            "vpc_endpoint_id": "",
            "vpc_peering_connection_id": ""
          },
          "sensitive_attributes": [],
          "private": "eyJlMmJmYjczMC1lY2FhLTExZTYtOGY4OC0zNDM2M2JjN2M0YzAiOnsiY3JlYXRlIjozMDAwMDAwMDAwMDAsImRlbGV0ZSI6MzAwMDAwMDAwMDAwLCJ1cGRhdGUiOjEyMDAwMDAwMDAwMH19",
          "dependencies": [
            "module.rosa-vpc.aws_eip.nat",
            "module.rosa-vpc.aws_internet_gateway.this",
            "module.rosa-vpc.aws_nat_gateway.this",
            "module.rosa-vpc.aws_route_table.private",
            "module.rosa-vpc.aws_subnet.public",
            "module.rosa-vpc.aws_vpc.this",
            "module.rosa-vpc.aws_vpc_ipv4_cidr_block_association.this"
          ]
        }
      ]
    },
    {
      "module": "module.rosa-vpc",
      "mode": "managed",
      "type": "aws_route",
      "name": "public_internet_gateway",
      "provider": "provider[\"registry.terraform.io/hashicorp/aws\"]",
      "instances": [
        {
          "index_key": 0,
          "schema_version": 0,
          "attributes": {
            "carrier_gateway_id": "",
            "core_network_arn": "",
            "destination_cidr_block": "0.0.0.0/0",
            "destination_ipv6_cidr_block": "",
            "destination_prefix_list_id": "",
            "egress_only_gateway_id": "",
            "gateway_id": "igw-0c357b835061f44e0",
            "id": "r-rtb-0a848c77a851d45a21080289494",
            "instance_id": "",
            "instance_owner_id": "",
            "local_gateway_id": "",
            "nat_gateway_id": "",
            "network_interface_id": "",
            "origin": "CreateRoute",
            "route_table_id": "rtb-0a848c77a851d45a2",
            "state": "active",
            "timeouts": {
              "create": "5m",
              "delete": null,
              "update": null
            },
            "transit_gateway_id": "",
            "vpc_endpoint_id": "",
            "vpc_peering_connection_id": ""
          },
          "sensitive_attributes": [],
          "private": "eyJlMmJmYjczMC1lY2FhLTExZTYtOGY4OC0zNDM2M2JjN2M0YzAiOnsiY3JlYXRlIjozMDAwMDAwMDAwMDAsImRlbGV0ZSI6MzAwMDAwMDAwMDAwLCJ1cGRhdGUiOjEyMDAwMDAwMDAwMH19",
          "dependencies": [
            "module.rosa-vpc.aws_internet_gateway.this",
            "module.rosa-vpc.aws_route_table.public",
            "module.rosa-vpc.aws_vpc.this",
            "module.rosa-vpc.aws_vpc_ipv4_cidr_block_association.this"
          ]
        }
      ]
    },
    {
      "module": "module.rosa-vpc",
      "mode": "managed",
      "type": "aws_route",
      "name": "public_internet_gateway_ipv6",
      "provider": "provider[\"registry.terraform.io/hashicorp/aws\"]",
      "instances": []
    },
    {
      "module": "module.rosa-vpc",
      "mode": "managed",
      "type": "aws_route_table",
      "name": "database",
      "provider": "provider[\"registry.terraform.io/hashicorp/aws\"]",
      "instances": []
    },
    {
      "module": "module.rosa-vpc",
      "mode": "managed",
      "type": "aws_route_table",
      "name": "elasticache",
      "provider": "provider[\"registry.terraform.io/hashicorp/aws\"]",
      "instances": []
    },
    {
      "module": "module.rosa-vpc",
      "mode": "managed",
      "type": "aws_route_table",
      "name": "intra",
      "provider": "provider[\"registry.terraform.io/hashicorp/aws\"]",
      "instances": []
    },
    {
      "module": "module.rosa-vpc",
      "mode": "managed",
      "type": "aws_route_table",
      "name": "private",
      "provider": "provider[\"registry.terraform.io/hashicorp/aws\"]",
      "instances": [
        {
          "index_key": 0,
          "schema_version": 0,
          "attributes": {
            "arn": "arn:aws:ec2:eu-west-1:742735434737:route-table/rtb-04f87e26e131a92b0",
            "id": "rtb-04f87e26e131a92b0",
            "owner_id": "742735434737",
            "propagating_vgws": [],
            "route": [],
            "tags": {
              "Name": "tf-rcarrata-private-eu-west-1a"
            },
            "tags_all": {
              "Name": "tf-rcarrata-private-eu-west-1a"
            },
            "timeouts": null,
            "vpc_id": "vpc-014c74e8dd4934da1"
          },
          "sensitive_attributes": [],
          "private": "eyJlMmJmYjczMC1lY2FhLTExZTYtOGY4OC0zNDM2M2JjN2M0YzAiOnsiY3JlYXRlIjozMDAwMDAwMDAwMDAsImRlbGV0ZSI6MzAwMDAwMDAwMDAwLCJ1cGRhdGUiOjEyMDAwMDAwMDAwMH19",
          "dependencies": [
            "module.rosa-vpc.aws_vpc.this",
            "module.rosa-vpc.aws_vpc_ipv4_cidr_block_association.this"
          ]
        },
        {
          "index_key": 1,
          "schema_version": 0,
          "attributes": {
            "arn": "arn:aws:ec2:eu-west-1:742735434737:route-table/rtb-02905f1b878407438",
            "id": "rtb-02905f1b878407438",
            "owner_id": "742735434737",
            "propagating_vgws": [],
            "route": [],
            "tags": {
              "Name": "tf-rcarrata-private-eu-west-1b"
            },
            "tags_all": {
              "Name": "tf-rcarrata-private-eu-west-1b"
            },
            "timeouts": null,
            "vpc_id": "vpc-014c74e8dd4934da1"
          },
          "sensitive_attributes": [],
          "private": "eyJlMmJmYjczMC1lY2FhLTExZTYtOGY4OC0zNDM2M2JjN2M0YzAiOnsiY3JlYXRlIjozMDAwMDAwMDAwMDAsImRlbGV0ZSI6MzAwMDAwMDAwMDAwLCJ1cGRhdGUiOjEyMDAwMDAwMDAwMH19",
          "dependencies": [
            "module.rosa-vpc.aws_vpc.this",
            "module.rosa-vpc.aws_vpc_ipv4_cidr_block_association.this"
          ]
        },
        {
          "index_key": 2,
          "schema_version": 0,
          "attributes": {
            "arn": "arn:aws:ec2:eu-west-1:742735434737:route-table/rtb-0559c4d772912be18",
            "id": "rtb-0559c4d772912be18",
            "owner_id": "742735434737",
            "propagating_vgws": [],
            "route": [],
            "tags": {
              "Name": "tf-rcarrata-private-eu-west-1c"
            },
            "tags_all": {
              "Name": "tf-rcarrata-private-eu-west-1c"
            },
            "timeouts": null,
            "vpc_id": "vpc-014c74e8dd4934da1"
          },
          "sensitive_attributes": [],
          "private": "eyJlMmJmYjczMC1lY2FhLTExZTYtOGY4OC0zNDM2M2JjN2M0YzAiOnsiY3JlYXRlIjozMDAwMDAwMDAwMDAsImRlbGV0ZSI6MzAwMDAwMDAwMDAwLCJ1cGRhdGUiOjEyMDAwMDAwMDAwMH19",
          "dependencies": [
            "module.rosa-vpc.aws_vpc.this",
            "module.rosa-vpc.aws_vpc_ipv4_cidr_block_association.this"
          ]
        }
      ]
    },
    {
      "module": "module.rosa-vpc",
      "mode": "managed",
      "type": "aws_route_table",
      "name": "public",
      "provider": "provider[\"registry.terraform.io/hashicorp/aws\"]",
      "instances": [
        {
          "index_key": 0,
          "schema_version": 0,
          "attributes": {
            "arn": "arn:aws:ec2:eu-west-1:742735434737:route-table/rtb-0a848c77a851d45a2",
            "id": "rtb-0a848c77a851d45a2",
            "owner_id": "742735434737",
            "propagating_vgws": [],
            "route": [],
            "tags": {
              "Name": "tf-rcarrata-public"
            },
            "tags_all": {
              "Name": "tf-rcarrata-public"
            },
            "timeouts": null,
            "vpc_id": "vpc-014c74e8dd4934da1"
          },
          "sensitive_attributes": [],
          "private": "eyJlMmJmYjczMC1lY2FhLTExZTYtOGY4OC0zNDM2M2JjN2M0YzAiOnsiY3JlYXRlIjozMDAwMDAwMDAwMDAsImRlbGV0ZSI6MzAwMDAwMDAwMDAwLCJ1cGRhdGUiOjEyMDAwMDAwMDAwMH19",
          "dependencies": [
            "module.rosa-vpc.aws_vpc.this",
            "module.rosa-vpc.aws_vpc_ipv4_cidr_block_association.this"
          ]
        }
      ]
    },
    {
      "module": "module.rosa-vpc",
      "mode": "managed",
      "type": "aws_route_table",
      "name": "redshift",
      "provider": "provider[\"registry.terraform.io/hashicorp/aws\"]",
      "instances": []
    },
    {
      "module": "module.rosa-vpc",
      "mode": "managed",
      "type": "aws_route_table_association",
      "name": "database",
      "provider": "provider[\"registry.terraform.io/hashicorp/aws\"]",
      "instances": []
    },
    {
      "module": "module.rosa-vpc",
      "mode": "managed",
      "type": "aws_route_table_association",
      "name": "elasticache",
      "provider": "provider[\"registry.terraform.io/hashicorp/aws\"]",
      "instances": []
    },
    {
      "module": "module.rosa-vpc",
      "mode": "managed",
      "type": "aws_route_table_association",
      "name": "intra",
      "provider": "provider[\"registry.terraform.io/hashicorp/aws\"]",
      "instances": []
    },
    {
      "module": "module.rosa-vpc",
      "mode": "managed",
      "type": "aws_route_table_association",
      "name": "private",
      "provider": "provider[\"registry.terraform.io/hashicorp/aws\"]",
      "instances": [
        {
          "index_key": 0,
          "schema_version": 0,
          "attributes": {
            "gateway_id": "",
            "id": "rtbassoc-0e3d53b40e849be90",
            "route_table_id": "rtb-04f87e26e131a92b0",
            "subnet_id": "subnet-0fc0e785b5a11d8df",
            "timeouts": null
          },
          "sensitive_attributes": [],
          "private": "eyJlMmJmYjczMC1lY2FhLTExZTYtOGY4OC0zNDM2M2JjN2M0YzAiOnsiY3JlYXRlIjozMDAwMDAwMDAwMDAsImRlbGV0ZSI6MzAwMDAwMDAwMDAwLCJ1cGRhdGUiOjEyMDAwMDAwMDAwMH19",
          "dependencies": [
            "module.rosa-vpc.aws_route_table.private",
            "module.rosa-vpc.aws_subnet.private",
            "module.rosa-vpc.aws_vpc.this",
            "module.rosa-vpc.aws_vpc_ipv4_cidr_block_association.this"
          ]
        },
        {
          "index_key": 1,
          "schema_version": 0,
          "attributes": {
            "gateway_id": "",
            "id": "rtbassoc-08e7c4935e3007de3",
            "route_table_id": "rtb-02905f1b878407438",
            "subnet_id": "subnet-0414f20190315e0dc",
            "timeouts": null
          },
          "sensitive_attributes": [],
          "private": "eyJlMmJmYjczMC1lY2FhLTExZTYtOGY4OC0zNDM2M2JjN2M0YzAiOnsiY3JlYXRlIjozMDAwMDAwMDAwMDAsImRlbGV0ZSI6MzAwMDAwMDAwMDAwLCJ1cGRhdGUiOjEyMDAwMDAwMDAwMH19",
          "dependencies": [
            "module.rosa-vpc.aws_route_table.private",
            "module.rosa-vpc.aws_subnet.private",
            "module.rosa-vpc.aws_vpc.this",
            "module.rosa-vpc.aws_vpc_ipv4_cidr_block_association.this"
          ]
        },
        {
          "index_key": 2,
          "schema_version": 0,
          "attributes": {
            "gateway_id": "",
            "id": "rtbassoc-07ac3d5a4007b4f34",
            "route_table_id": "rtb-0559c4d772912be18",
            "subnet_id": "subnet-0e607ed2a4e123c1a",
            "timeouts": null
          },
          "sensitive_attributes": [],
          "private": "eyJlMmJmYjczMC1lY2FhLTExZTYtOGY4OC0zNDM2M2JjN2M0YzAiOnsiY3JlYXRlIjozMDAwMDAwMDAwMDAsImRlbGV0ZSI6MzAwMDAwMDAwMDAwLCJ1cGRhdGUiOjEyMDAwMDAwMDAwMH19",
          "dependencies": [
            "module.rosa-vpc.aws_route_table.private",
            "module.rosa-vpc.aws_subnet.private",
            "module.rosa-vpc.aws_vpc.this",
            "module.rosa-vpc.aws_vpc_ipv4_cidr_block_association.this"
          ]
        }
      ]
    },
    {
      "module": "module.rosa-vpc",
      "mode": "managed",
      "type": "aws_route_table_association",
      "name": "public",
      "provider": "provider[\"registry.terraform.io/hashicorp/aws\"]",
      "instances": [
        {
          "index_key": 0,
          "schema_version": 0,
          "attributes": {
            "gateway_id": "",
            "id": "rtbassoc-040c240952ad8f7a7",
            "route_table_id": "rtb-0a848c77a851d45a2",
            "subnet_id": "subnet-01045d29a0753e017",
            "timeouts": null
          },
          "sensitive_attributes": [],
          "private": "eyJlMmJmYjczMC1lY2FhLTExZTYtOGY4OC0zNDM2M2JjN2M0YzAiOnsiY3JlYXRlIjozMDAwMDAwMDAwMDAsImRlbGV0ZSI6MzAwMDAwMDAwMDAwLCJ1cGRhdGUiOjEyMDAwMDAwMDAwMH19",
          "dependencies": [
            "module.rosa-vpc.aws_route_table.public",
            "module.rosa-vpc.aws_subnet.public",
            "module.rosa-vpc.aws_vpc.this",
            "module.rosa-vpc.aws_vpc_ipv4_cidr_block_association.this"
          ]
        },
        {
          "index_key": 1,
          "schema_version": 0,
          "attributes": {
            "gateway_id": "",
            "id": "rtbassoc-078a34d4f0c5a4667",
            "route_table_id": "rtb-0a848c77a851d45a2",
            "subnet_id": "subnet-01eb98bf7a509dcc4",
            "timeouts": null
          },
          "sensitive_attributes": [],
          "private": "eyJlMmJmYjczMC1lY2FhLTExZTYtOGY4OC0zNDM2M2JjN2M0YzAiOnsiY3JlYXRlIjozMDAwMDAwMDAwMDAsImRlbGV0ZSI6MzAwMDAwMDAwMDAwLCJ1cGRhdGUiOjEyMDAwMDAwMDAwMH19",
          "dependencies": [
            "module.rosa-vpc.aws_route_table.public",
            "module.rosa-vpc.aws_subnet.public",
            "module.rosa-vpc.aws_vpc.this",
            "module.rosa-vpc.aws_vpc_ipv4_cidr_block_association.this"
          ]
        },
        {
          "index_key": 2,
          "schema_version": 0,
          "attributes": {
            "gateway_id": "",
            "id": "rtbassoc-0a9724727d10f5e27",
            "route_table_id": "rtb-0a848c77a851d45a2",
            "subnet_id": "subnet-0eff49ff3fb6bae8f",
            "timeouts": null
          },
          "sensitive_attributes": [],
          "private": "eyJlMmJmYjczMC1lY2FhLTExZTYtOGY4OC0zNDM2M2JjN2M0YzAiOnsiY3JlYXRlIjozMDAwMDAwMDAwMDAsImRlbGV0ZSI6MzAwMDAwMDAwMDAwLCJ1cGRhdGUiOjEyMDAwMDAwMDAwMH19",
          "dependencies": [
            "module.rosa-vpc.aws_route_table.public",
            "module.rosa-vpc.aws_subnet.public",
            "module.rosa-vpc.aws_vpc.this",
            "module.rosa-vpc.aws_vpc_ipv4_cidr_block_association.this"
          ]
        }
      ]
    },
    {
      "module": "module.rosa-vpc",
      "mode": "managed",
      "type": "aws_route_table_association",
      "name": "redshift",
      "provider": "provider[\"registry.terraform.io/hashicorp/aws\"]",
      "instances": []
    },
    {
      "module": "module.rosa-vpc",
      "mode": "managed",
      "type": "aws_route_table_association",
      "name": "redshift_public",
      "provider": "provider[\"registry.terraform.io/hashicorp/aws\"]",
      "instances": []
    },
    {
      "module": "module.rosa-vpc",
      "mode": "managed",
      "type": "aws_subnet",
      "name": "database",
      "provider": "provider[\"registry.terraform.io/hashicorp/aws\"]",
      "instances": []
    },
    {
      "module": "module.rosa-vpc",
      "mode": "managed",
      "type": "aws_subnet",
      "name": "elasticache",
      "provider": "provider[\"registry.terraform.io/hashicorp/aws\"]",
      "instances": []
    },
    {
      "module": "module.rosa-vpc",
      "mode": "managed",
      "type": "aws_subnet",
      "name": "intra",
      "provider": "provider[\"registry.terraform.io/hashicorp/aws\"]",
      "instances": []
    },
    {
      "module": "module.rosa-vpc",
      "mode": "managed",
      "type": "aws_subnet",
      "name": "outpost",
      "provider": "provider[\"registry.terraform.io/hashicorp/aws\"]",
      "instances": []
    },
    {
      "module": "module.rosa-vpc",
      "mode": "managed",
      "type": "aws_subnet",
      "name": "private",
      "provider": "provider[\"registry.terraform.io/hashicorp/aws\"]",
      "instances": [
        {
          "index_key": 0,
          "schema_version": 1,
          "attributes": {
            "arn": "arn:aws:ec2:eu-west-1:742735434737:subnet/subnet-0fc0e785b5a11d8df",
            "assign_ipv6_address_on_creation": false,
            "availability_zone": "eu-west-1a",
            "availability_zone_id": "euw1-az2",
            "cidr_block": "10.66.1.0/24",
            "customer_owned_ipv4_pool": "",
            "enable_dns64": false,
            "enable_lni_at_device_index": 0,
            "enable_resource_name_dns_a_record_on_launch": false,
            "enable_resource_name_dns_aaaa_record_on_launch": false,
            "id": "subnet-0fc0e785b5a11d8df",
            "ipv6_cidr_block": "",
            "ipv6_cidr_block_association_id": "",
            "ipv6_native": false,
            "map_customer_owned_ip_on_launch": false,
            "map_public_ip_on_launch": false,
            "outpost_arn": "",
            "owner_id": "742735434737",
            "private_dns_hostname_type_on_launch": "ip-name",
            "tags": {
              "Name": "tf-rcarrata-private-eu-west-1a"
            },
            "tags_all": {
              "Name": "tf-rcarrata-private-eu-west-1a"
            },
            "timeouts": null,
            "vpc_id": "vpc-014c74e8dd4934da1"
          },
          "sensitive_attributes": [],
          "private": "eyJlMmJmYjczMC1lY2FhLTExZTYtOGY4OC0zNDM2M2JjN2M0YzAiOnsiY3JlYXRlIjo2MDAwMDAwMDAwMDAsImRlbGV0ZSI6MTIwMDAwMDAwMDAwMH0sInNjaGVtYV92ZXJzaW9uIjoiMSJ9",
          "dependencies": [
            "module.rosa-vpc.aws_vpc.this",
            "module.rosa-vpc.aws_vpc_ipv4_cidr_block_association.this"
          ]
        },
        {
          "index_key": 1,
          "schema_version": 1,
          "attributes": {
            "arn": "arn:aws:ec2:eu-west-1:742735434737:subnet/subnet-0414f20190315e0dc",
            "assign_ipv6_address_on_creation": false,
            "availability_zone": "eu-west-1b",
            "availability_zone_id": "euw1-az3",
            "cidr_block": "10.66.2.0/24",
            "customer_owned_ipv4_pool": "",
            "enable_dns64": false,
            "enable_lni_at_device_index": 0,
            "enable_resource_name_dns_a_record_on_launch": false,
            "enable_resource_name_dns_aaaa_record_on_launch": false,
            "id": "subnet-0414f20190315e0dc",
            "ipv6_cidr_block": "",
            "ipv6_cidr_block_association_id": "",
            "ipv6_native": false,
            "map_customer_owned_ip_on_launch": false,
            "map_public_ip_on_launch": false,
            "outpost_arn": "",
            "owner_id": "742735434737",
            "private_dns_hostname_type_on_launch": "ip-name",
            "tags": {
              "Name": "tf-rcarrata-private-eu-west-1b"
            },
            "tags_all": {
              "Name": "tf-rcarrata-private-eu-west-1b"
            },
            "timeouts": null,
            "vpc_id": "vpc-014c74e8dd4934da1"
          },
          "sensitive_attributes": [],
          "private": "eyJlMmJmYjczMC1lY2FhLTExZTYtOGY4OC0zNDM2M2JjN2M0YzAiOnsiY3JlYXRlIjo2MDAwMDAwMDAwMDAsImRlbGV0ZSI6MTIwMDAwMDAwMDAwMH0sInNjaGVtYV92ZXJzaW9uIjoiMSJ9",
          "dependencies": [
            "module.rosa-vpc.aws_vpc.this",
            "module.rosa-vpc.aws_vpc_ipv4_cidr_block_association.this"
          ]
        },
        {
          "index_key": 2,
          "schema_version": 1,
          "attributes": {
            "arn": "arn:aws:ec2:eu-west-1:742735434737:subnet/subnet-0e607ed2a4e123c1a",
            "assign_ipv6_address_on_creation": false,
            "availability_zone": "eu-west-1c",
            "availability_zone_id": "euw1-az1",
            "cidr_block": "10.66.3.0/24",
            "customer_owned_ipv4_pool": "",
            "enable_dns64": false,
            "enable_lni_at_device_index": 0,
            "enable_resource_name_dns_a_record_on_launch": false,
            "enable_resource_name_dns_aaaa_record_on_launch": false,
            "id": "subnet-0e607ed2a4e123c1a",
            "ipv6_cidr_block": "",
            "ipv6_cidr_block_association_id": "",
            "ipv6_native": false,
            "map_customer_owned_ip_on_launch": false,
            "map_public_ip_on_launch": false,
            "outpost_arn": "",
            "owner_id": "742735434737",
            "private_dns_hostname_type_on_launch": "ip-name",
            "tags": {
              "Name": "tf-rcarrata-private-eu-west-1c"
            },
            "tags_all": {
              "Name": "tf-rcarrata-private-eu-west-1c"
            },
            "timeouts": null,
            "vpc_id": "vpc-014c74e8dd4934da1"
          },
          "sensitive_attributes": [],
          "private": "eyJlMmJmYjczMC1lY2FhLTExZTYtOGY4OC0zNDM2M2JjN2M0YzAiOnsiY3JlYXRlIjo2MDAwMDAwMDAwMDAsImRlbGV0ZSI6MTIwMDAwMDAwMDAwMH0sInNjaGVtYV92ZXJzaW9uIjoiMSJ9",
          "dependencies": [
            "module.rosa-vpc.aws_vpc.this",
            "module.rosa-vpc.aws_vpc_ipv4_cidr_block_association.this"
          ]
        }
      ]
    },
    {
      "module": "module.rosa-vpc",
      "mode": "managed",
      "type": "aws_subnet",
      "name": "public",
      "provider": "provider[\"registry.terraform.io/hashicorp/aws\"]",
      "instances": [
        {
          "index_key": 0,
          "schema_version": 1,
          "attributes": {
            "arn": "arn:aws:ec2:eu-west-1:742735434737:subnet/subnet-01045d29a0753e017",
            "assign_ipv6_address_on_creation": false,
            "availability_zone": "eu-west-1a",
            "availability_zone_id": "euw1-az2",
            "cidr_block": "10.66.101.0/24",
            "customer_owned_ipv4_pool": "",
            "enable_dns64": false,
            "enable_lni_at_device_index": 0,
            "enable_resource_name_dns_a_record_on_launch": false,
            "enable_resource_name_dns_aaaa_record_on_launch": false,
            "id": "subnet-01045d29a0753e017",
            "ipv6_cidr_block": "",
            "ipv6_cidr_block_association_id": "",
            "ipv6_native": false,
            "map_customer_owned_ip_on_launch": false,
            "map_public_ip_on_launch": false,
            "outpost_arn": "",
            "owner_id": "742735434737",
            "private_dns_hostname_type_on_launch": "ip-name",
            "tags": {
              "Name": "tf-rcarrata-public-eu-west-1a"
            },
            "tags_all": {
              "Name": "tf-rcarrata-public-eu-west-1a"
            },
            "timeouts": null,
            "vpc_id": "vpc-014c74e8dd4934da1"
          },
          "sensitive_attributes": [],
          "private": "eyJlMmJmYjczMC1lY2FhLTExZTYtOGY4OC0zNDM2M2JjN2M0YzAiOnsiY3JlYXRlIjo2MDAwMDAwMDAwMDAsImRlbGV0ZSI6MTIwMDAwMDAwMDAwMH0sInNjaGVtYV92ZXJzaW9uIjoiMSJ9",
          "dependencies": [
            "module.rosa-vpc.aws_vpc.this",
            "module.rosa-vpc.aws_vpc_ipv4_cidr_block_association.this"
          ]
        },
        {
          "index_key": 1,
          "schema_version": 1,
          "attributes": {
            "arn": "arn:aws:ec2:eu-west-1:742735434737:subnet/subnet-01eb98bf7a509dcc4",
            "assign_ipv6_address_on_creation": false,
            "availability_zone": "eu-west-1b",
            "availability_zone_id": "euw1-az3",
            "cidr_block": "10.66.102.0/24",
            "customer_owned_ipv4_pool": "",
            "enable_dns64": false,
            "enable_lni_at_device_index": 0,
            "enable_resource_name_dns_a_record_on_launch": false,
            "enable_resource_name_dns_aaaa_record_on_launch": false,
            "id": "subnet-01eb98bf7a509dcc4",
            "ipv6_cidr_block": "",
            "ipv6_cidr_block_association_id": "",
            "ipv6_native": false,
            "map_customer_owned_ip_on_launch": false,
            "map_public_ip_on_launch": false,
            "outpost_arn": "",
            "owner_id": "742735434737",
            "private_dns_hostname_type_on_launch": "ip-name",
            "tags": {
              "Name": "tf-rcarrata-public-eu-west-1b"
            },
            "tags_all": {
              "Name": "tf-rcarrata-public-eu-west-1b"
            },
            "timeouts": null,
            "vpc_id": "vpc-014c74e8dd4934da1"
          },
          "sensitive_attributes": [],
          "private": "eyJlMmJmYjczMC1lY2FhLTExZTYtOGY4OC0zNDM2M2JjN2M0YzAiOnsiY3JlYXRlIjo2MDAwMDAwMDAwMDAsImRlbGV0ZSI6MTIwMDAwMDAwMDAwMH0sInNjaGVtYV92ZXJzaW9uIjoiMSJ9",
          "dependencies": [
            "module.rosa-vpc.aws_vpc.this",
            "module.rosa-vpc.aws_vpc_ipv4_cidr_block_association.this"
          ]
        },
        {
          "index_key": 2,
          "schema_version": 1,
          "attributes": {
            "arn": "arn:aws:ec2:eu-west-1:742735434737:subnet/subnet-0eff49ff3fb6bae8f",
            "assign_ipv6_address_on_creation": false,
            "availability_zone": "eu-west-1c",
            "availability_zone_id": "euw1-az1",
            "cidr_block": "10.66.103.0/24",
            "customer_owned_ipv4_pool": "",
            "enable_dns64": false,
            "enable_lni_at_device_index": 0,
            "enable_resource_name_dns_a_record_on_launch": false,
            "enable_resource_name_dns_aaaa_record_on_launch": false,
            "id": "subnet-0eff49ff3fb6bae8f",
            "ipv6_cidr_block": "",
            "ipv6_cidr_block_association_id": "",
            "ipv6_native": false,
            "map_customer_owned_ip_on_launch": false,
            "map_public_ip_on_launch": false,
            "outpost_arn": "",
            "owner_id": "742735434737",
            "private_dns_hostname_type_on_launch": "ip-name",
            "tags": {
              "Name": "tf-rcarrata-public-eu-west-1c"
            },
            "tags_all": {
              "Name": "tf-rcarrata-public-eu-west-1c"
            },
            "timeouts": null,
            "vpc_id": "vpc-014c74e8dd4934da1"
          },
          "sensitive_attributes": [],
          "private": "eyJlMmJmYjczMC1lY2FhLTExZTYtOGY4OC0zNDM2M2JjN2M0YzAiOnsiY3JlYXRlIjo2MDAwMDAwMDAwMDAsImRlbGV0ZSI6MTIwMDAwMDAwMDAwMH0sInNjaGVtYV92ZXJzaW9uIjoiMSJ9",
          "dependencies": [
            "module.rosa-vpc.aws_vpc.this",
            "module.rosa-vpc.aws_vpc_ipv4_cidr_block_association.this"
          ]
        }
      ]
    },
    {
      "module": "module.rosa-vpc",
      "mode": "managed",
      "type": "aws_subnet",
      "name": "redshift",
      "provider": "provider[\"registry.terraform.io/hashicorp/aws\"]",
      "instances": []
    },
    {
      "module": "module.rosa-vpc",
      "mode": "managed",
      "type": "aws_vpc",
      "name": "this",
      "provider": "provider[\"registry.terraform.io/hashicorp/aws\"]",
      "instances": [
        {
          "index_key": 0,
          "schema_version": 1,
          "attributes": {
            "arn": "arn:aws:ec2:eu-west-1:742735434737:vpc/vpc-014c74e8dd4934da1",
            "assign_generated_ipv6_cidr_block": false,
            "cidr_block": "10.66.0.0/16",
            "default_network_acl_id": "acl-0a37b0afe7a2c80ba",
            "default_route_table_id": "rtb-0ee916236e243ecf7",
            "default_security_group_id": "sg-0484bd9820f180075",
            "dhcp_options_id": "dopt-0f40d42f252975f23",
            "enable_classiclink": false,
            "enable_classiclink_dns_support": false,
            "enable_dns_hostnames": true,
            "enable_dns_support": true,
            "enable_network_address_usage_metrics": false,
            "id": "vpc-014c74e8dd4934da1",
            "instance_tenancy": "default",
            "ipv4_ipam_pool_id": null,
            "ipv4_netmask_length": null,
            "ipv6_association_id": "",
            "ipv6_cidr_block": "",
            "ipv6_cidr_block_network_border_group": "",
            "ipv6_ipam_pool_id": "",
            "ipv6_netmask_length": 0,
            "main_route_table_id": "rtb-0ee916236e243ecf7",
            "owner_id": "742735434737",
            "tags": {
              "Name": "tf-rcarrata"
            },
            "tags_all": {
              "Name": "tf-rcarrata"
            }
          },
          "sensitive_attributes": [],
          "private": "eyJzY2hlbWFfdmVyc2lvbiI6IjEifQ=="
        }
      ]
    },
    {
      "module": "module.rosa-vpc",
      "mode": "managed",
      "type": "aws_vpc_dhcp_options",
      "name": "this",
      "provider": "provider[\"registry.terraform.io/hashicorp/aws\"]",
      "instances": []
    },
    {
      "module": "module.rosa-vpc",
      "mode": "managed",
      "type": "aws_vpc_ipv4_cidr_block_association",
      "name": "this",
      "provider": "provider[\"registry.terraform.io/hashicorp/aws\"]",
      "instances": []
    },
    {
      "module": "module.rosa-vpc",
      "mode": "managed",
      "type": "aws_vpn_gateway",
      "name": "this",
      "provider": "provider[\"registry.terraform.io/hashicorp/aws\"]",
      "instances": []
    },
    {
      "module": "module.rosa-vpc",
      "mode": "managed",
      "type": "aws_vpn_gateway_attachment",
      "name": "this",
      "provider": "provider[\"registry.terraform.io/hashicorp/aws\"]",
      "instances": []
    }
  ],
  "check_results": null
}
