{
  "version": 4,
  "terraform_version": "1.5.7",
  "serial": 139,
  "lineage": "a3b50654-730d-5d48-c323-4d45b4976fbb",
  "outputs": {
    "rosa_api": {
      "value": "",
      "type": "string"
    },
    "rosa_console": {
      "value": "",
      "type": "string"
    },
    "rosa_htpasswd_password": {
      "value": "pGhCferyH!9Ut*",
      "type": "string",
      "sensitive": true
    },
    "rosa_htpasswd_username": {
      "value": "cluster-admin",
      "type": "string"
    }
  },
  "resources": [
    {
      "mode": "data",
      "type": "aws_caller_identity",
      "name": "current",
      "provider": "provider[\"registry.terraform.io/hashicorp/aws\"]",
      "instances": [
        {
          "schema_version": 0,
          "attributes": {
            "account_id": "818210062884",
            "arn": "arn:aws:iam::818210062884:user/rcarrata@redhat.com-hl47j-admin",
            "id": "818210062884",
            "user_id": "AIDA35AI6YISFSOEZELJO"
          },
          "sensitive_attributes": []
        }
      ]
    },
    {
      "mode": "data",
      "type": "rhcs_rosa_operator_roles",
      "name": "operator_roles",
      "provider": "provider[\"registry.terraform.io/terraform-redhat/rhcs\"]",
      "instances": [
        {
          "schema_version": 0,
          "attributes": {
            "account_role_prefix": null,
            "operator_iam_roles": [
              {
                "operator_name": "cloud-credential-operator-iam-ro-creds",
                "operator_namespace": "openshift-cloud-credential-operator",
                "policy_name": "ManagedOpenShift-openshift-cloud-credential-operator-cloud-crede",
                "role_name": "rosa-rcarrata-openshift-cloud-credential-operator-cloud-credenti",
                "service_accounts": [
                  "system:serviceaccount:openshift-cloud-credential-operator:cloud-credential-operator"
                ]
              },
              {
                "operator_name": "cloud-credentials",
                "operator_namespace": "openshift-cloud-network-config-controller",
                "policy_name": "ManagedOpenShift-openshift-cloud-network-config-controller-cloud",
                "role_name": "rosa-rcarrata-openshift-cloud-network-config-controller-cloud-cr",
                "service_accounts": [
                  "system:serviceaccount:openshift-cloud-network-config-controller:cloud-network-config-controller"
                ]
              },
              {
                "operator_name": "ebs-cloud-credentials",
                "operator_namespace": "openshift-cluster-csi-drivers",
                "policy_name": "ManagedOpenShift-openshift-cluster-csi-drivers-ebs-cloud-credent",
                "role_name": "rosa-rcarrata-openshift-cluster-csi-drivers-ebs-cloud-credential",
                "service_accounts": [
                  "system:serviceaccount:openshift-cluster-csi-drivers:aws-ebs-csi-driver-operator",
                  "system:serviceaccount:openshift-cluster-csi-drivers:aws-ebs-csi-driver-controller-sa"
                ]
              },
              {
                "operator_name": "installer-cloud-credentials",
                "operator_namespace": "openshift-image-registry",
                "policy_name": "ManagedOpenShift-openshift-image-registry-installer-cloud-creden",
                "role_name": "rosa-rcarrata-openshift-image-registry-installer-cloud-credentia",
                "service_accounts": [
                  "system:serviceaccount:openshift-image-registry:cluster-image-registry-operator",
                  "system:serviceaccount:openshift-image-registry:registry"
                ]
              },
              {
                "operator_name": "cloud-credentials",
                "operator_namespace": "openshift-ingress-operator",
                "policy_name": "ManagedOpenShift-openshift-ingress-operator-cloud-credentials",
                "role_name": "rosa-rcarrata-openshift-ingress-operator-cloud-credentials",
                "service_accounts": [
                  "system:serviceaccount:openshift-ingress-operator:ingress-operator"
                ]
              },
              {
                "operator_name": "aws-cloud-credentials",
                "operator_namespace": "openshift-machine-api",
                "policy_name": "ManagedOpenShift-openshift-machine-api-aws-cloud-credentials",
                "role_name": "rosa-rcarrata-openshift-machine-api-aws-cloud-credentials",
                "service_accounts": [
                  "system:serviceaccount:openshift-machine-api:machine-api-controllers"
                ]
              }
            ],
            "operator_role_prefix": "rosa-rcarrata"
          },
          "sensitive_attributes": []
        }
      ]
    },
    {
      "mode": "managed",
      "type": "rhcs_cluster_rosa_classic",
      "name": "rosa",
      "provider": "provider[\"registry.terraform.io/terraform-redhat/rhcs\"]",
      "instances": [
        {
          "schema_version": 0,
          "attributes": {
            "admin_credentials": null,
            "api_url": "",
            "autoscaling_enabled": null,
            "availability_zones": [
              "eu-west-1a"
            ],
            "aws_account_id": "818210062884",
            "aws_private_link": false,
            "aws_subnet_ids": [
              "subnet-0745b329872e39099",
              "subnet-08e953cf4ec0c184f"
            ],
            "ccs_enabled": true,
            "channel_group": "stable",
            "cloud_region": "eu-west-1",
            "compute_machine_type": "m5.xlarge",
            "console_url": "",
            "current_version": "4.13.11",
            "default_mp_labels": null,
            "destroy_timeout": null,
            "disable_scp_checks": null,
            "disable_waiting_in_destroy": null,
            "disable_workload_monitoring": null,
            "domain": "rosa-rcarrata.phw9.p1.openshiftapps.com",
            "ec2_metadata_http_tokens": null,
            "etcd_encryption": false,
            "external_id": "",
            "fips": null,
            "host_prefix": 23,
            "id": "26g81hfh27pi3nadbq87n8i81b5roj3l",
            "kms_key_arn": null,
            "machine_cidr": "10.66.0.0/16",
            "max_replicas": null,
            "min_replicas": null,
            "multi_az": false,
            "name": "rosa-rcarrata",
            "ocm_properties": {
              "rosa_creator_arn": "arn:aws:iam::818210062884:user/rcarrata@redhat.com-hl47j-admin",
              "rosa_tf_commit": "4d2c1e14b3302355c5f22aad3707417f53e28805",
              "rosa_tf_version": "1.2.4"
            },
            "pod_cidr": "10.128.0.0/14",
            "properties": {
              "rosa_creator_arn": "arn:aws:iam::818210062884:user/rcarrata@redhat.com-hl47j-admin"
            },
            "proxy": null,
            "replicas": 3,
            "service_cidr": "172.30.0.0/16",
            "state": "waiting",
            "sts": {
              "instance_iam_roles": {
                "master_role_arn": "arn:aws:iam::818210062884:role/ManagedOpenShift-ControlPlane-Role",
                "worker_role_arn": "arn:aws:iam::818210062884:role/ManagedOpenShift-Worker-Role"
              },
              "oidc_config_id": null,
              "oidc_endpoint_url": "rh-oidc.s3.us-east-1.amazonaws.com/26g81hfh27pi3nadbq87n8i81b5roj3l",
              "operator_role_prefix": "rosa-rcarrata",
              "role_arn": "arn:aws:iam::818210062884:role/ManagedOpenShift-Installer-Role",
              "support_role_arn": "arn:aws:iam::818210062884:role/ManagedOpenShift-Support-Role",
              "thumbprint": "9e99a48a9960b14926bb7f3b02e22da2b0ab7280"
            },
            "tags": {
              "owner": "arn:aws:iam::818210062884:user/rcarrata@redhat.com-hl47j-admin"
            },
            "upgrade_acknowledgements_for": null,
            "version": "4.13.11"
          },
          "sensitive_attributes": [],
          "dependencies": [
            "data.aws_caller_identity.current",
            "module.rosa-vpc.aws_cloudwatch_log_group.flow_log",
            "module.rosa-vpc.aws_customer_gateway.this",
            "module.rosa-vpc.aws_db_subnet_group.database",
            "module.rosa-vpc.aws_default_network_acl.this",
            "module.rosa-vpc.aws_default_route_table.default",
            "module.rosa-vpc.aws_default_security_group.this",
            "module.rosa-vpc.aws_default_vpc.this",
            "module.rosa-vpc.aws_egress_only_internet_gateway.this",
            "module.rosa-vpc.aws_eip.nat",
            "module.rosa-vpc.aws_elasticache_subnet_group.elasticache",
            "module.rosa-vpc.aws_flow_log.this",
            "module.rosa-vpc.aws_iam_policy.vpc_flow_log_cloudwatch",
            "module.rosa-vpc.aws_iam_role.vpc_flow_log_cloudwatch",
            "module.rosa-vpc.aws_iam_role_policy_attachment.vpc_flow_log_cloudwatch",
            "module.rosa-vpc.aws_internet_gateway.this",
            "module.rosa-vpc.aws_nat_gateway.this",
            "module.rosa-vpc.aws_network_acl.database",
            "module.rosa-vpc.aws_network_acl.elasticache",
            "module.rosa-vpc.aws_network_acl.intra",
            "module.rosa-vpc.aws_network_acl.outpost",
            "module.rosa-vpc.aws_network_acl.private",
            "module.rosa-vpc.aws_network_acl.public",
            "module.rosa-vpc.aws_network_acl.redshift",
            "module.rosa-vpc.aws_network_acl_rule.database_inbound",
            "module.rosa-vpc.aws_network_acl_rule.database_outbound",
            "module.rosa-vpc.aws_network_acl_rule.elasticache_inbound",
            "module.rosa-vpc.aws_network_acl_rule.elasticache_outbound",
            "module.rosa-vpc.aws_network_acl_rule.intra_inbound",
            "module.rosa-vpc.aws_network_acl_rule.intra_outbound",
            "module.rosa-vpc.aws_network_acl_rule.outpost_inbound",
            "module.rosa-vpc.aws_network_acl_rule.outpost_outbound",
            "module.rosa-vpc.aws_network_acl_rule.private_inbound",
            "module.rosa-vpc.aws_network_acl_rule.private_outbound",
            "module.rosa-vpc.aws_network_acl_rule.public_inbound",
            "module.rosa-vpc.aws_network_acl_rule.public_outbound",
            "module.rosa-vpc.aws_network_acl_rule.redshift_inbound",
            "module.rosa-vpc.aws_network_acl_rule.redshift_outbound",
            "module.rosa-vpc.aws_redshift_subnet_group.redshift",
            "module.rosa-vpc.aws_route.database_internet_gateway",
            "module.rosa-vpc.aws_route.database_ipv6_egress",
            "module.rosa-vpc.aws_route.database_nat_gateway",
            "module.rosa-vpc.aws_route.private_ipv6_egress",
            "module.rosa-vpc.aws_route.private_nat_gateway",
            "module.rosa-vpc.aws_route.public_internet_gateway",
            "module.rosa-vpc.aws_route.public_internet_gateway_ipv6",
            "module.rosa-vpc.aws_route_table.database",
            "module.rosa-vpc.aws_route_table.elasticache",
            "module.rosa-vpc.aws_route_table.intra",
            "module.rosa-vpc.aws_route_table.private",
            "module.rosa-vpc.aws_route_table.public",
            "module.rosa-vpc.aws_route_table.redshift",
            "module.rosa-vpc.aws_route_table_association.database",
            "module.rosa-vpc.aws_route_table_association.elasticache",
            "module.rosa-vpc.aws_route_table_association.intra",
            "module.rosa-vpc.aws_route_table_association.outpost",
            "module.rosa-vpc.aws_route_table_association.private",
            "module.rosa-vpc.aws_route_table_association.public",
            "module.rosa-vpc.aws_route_table_association.redshift",
            "module.rosa-vpc.aws_route_table_association.redshift_public",
            "module.rosa-vpc.aws_subnet.database",
            "module.rosa-vpc.aws_subnet.elasticache",
            "module.rosa-vpc.aws_subnet.intra",
            "module.rosa-vpc.aws_subnet.outpost",
            "module.rosa-vpc.aws_subnet.private",
            "module.rosa-vpc.aws_subnet.public",
            "module.rosa-vpc.aws_subnet.redshift",
            "module.rosa-vpc.aws_vpc.this",
            "module.rosa-vpc.aws_vpc_dhcp_options.this",
            "module.rosa-vpc.aws_vpc_dhcp_options_association.this",
            "module.rosa-vpc.aws_vpc_ipv4_cidr_block_association.this",
            "module.rosa-vpc.aws_vpn_gateway.this",
            "module.rosa-vpc.aws_vpn_gateway_attachment.this",
            "module.rosa-vpc.aws_vpn_gateway_route_propagation.intra",
            "module.rosa-vpc.aws_vpn_gateway_route_propagation.private",
            "module.rosa-vpc.aws_vpn_gateway_route_propagation.public",
            "module.rosa-vpc.data.aws_iam_policy_document.flow_log_cloudwatch_assume_role",
            "module.rosa-vpc.data.aws_iam_policy_document.vpc_flow_log_cloudwatch"
          ]
        }
      ]
    },
    {
      "mode": "managed",
      "type": "rhcs_cluster_wait",
      "name": "rosa",
      "provider": "provider[\"registry.terraform.io/terraform-redhat/rhcs\"]",
      "instances": [
        {
          "schema_version": 0,
          "attributes": {
            "cluster": "26g81hfh27pi3nadbq87n8i81b5roj3l",
            "ready": false,
            "timeout": 60
          },
          "sensitive_attributes": [],
          "dependencies": [
            "data.aws_caller_identity.current",
            "module.rosa-vpc.aws_cloudwatch_log_group.flow_log",
            "module.rosa-vpc.aws_customer_gateway.this",
            "module.rosa-vpc.aws_db_subnet_group.database",
            "module.rosa-vpc.aws_default_network_acl.this",
            "module.rosa-vpc.aws_default_route_table.default",
            "module.rosa-vpc.aws_default_security_group.this",
            "module.rosa-vpc.aws_default_vpc.this",
            "module.rosa-vpc.aws_egress_only_internet_gateway.this",
            "module.rosa-vpc.aws_eip.nat",
            "module.rosa-vpc.aws_elasticache_subnet_group.elasticache",
            "module.rosa-vpc.aws_flow_log.this",
            "module.rosa-vpc.aws_iam_policy.vpc_flow_log_cloudwatch",
            "module.rosa-vpc.aws_iam_role.vpc_flow_log_cloudwatch",
            "module.rosa-vpc.aws_iam_role_policy_attachment.vpc_flow_log_cloudwatch",
            "module.rosa-vpc.aws_internet_gateway.this",
            "module.rosa-vpc.aws_nat_gateway.this",
            "module.rosa-vpc.aws_network_acl.database",
            "module.rosa-vpc.aws_network_acl.elasticache",
            "module.rosa-vpc.aws_network_acl.intra",
            "module.rosa-vpc.aws_network_acl.outpost",
            "module.rosa-vpc.aws_network_acl.private",
            "module.rosa-vpc.aws_network_acl.public",
            "module.rosa-vpc.aws_network_acl.redshift",
            "module.rosa-vpc.aws_network_acl_rule.database_inbound",
            "module.rosa-vpc.aws_network_acl_rule.database_outbound",
            "module.rosa-vpc.aws_network_acl_rule.elasticache_inbound",
            "module.rosa-vpc.aws_network_acl_rule.elasticache_outbound",
            "module.rosa-vpc.aws_network_acl_rule.intra_inbound",
            "module.rosa-vpc.aws_network_acl_rule.intra_outbound",
            "module.rosa-vpc.aws_network_acl_rule.outpost_inbound",
            "module.rosa-vpc.aws_network_acl_rule.outpost_outbound",
            "module.rosa-vpc.aws_network_acl_rule.private_inbound",
            "module.rosa-vpc.aws_network_acl_rule.private_outbound",
            "module.rosa-vpc.aws_network_acl_rule.public_inbound",
            "module.rosa-vpc.aws_network_acl_rule.public_outbound",
            "module.rosa-vpc.aws_network_acl_rule.redshift_inbound",
            "module.rosa-vpc.aws_network_acl_rule.redshift_outbound",
            "module.rosa-vpc.aws_redshift_subnet_group.redshift",
            "module.rosa-vpc.aws_route.database_internet_gateway",
            "module.rosa-vpc.aws_route.database_ipv6_egress",
            "module.rosa-vpc.aws_route.database_nat_gateway",
            "module.rosa-vpc.aws_route.private_ipv6_egress",
            "module.rosa-vpc.aws_route.private_nat_gateway",
            "module.rosa-vpc.aws_route.public_internet_gateway",
            "module.rosa-vpc.aws_route.public_internet_gateway_ipv6",
            "module.rosa-vpc.aws_route_table.database",
            "module.rosa-vpc.aws_route_table.elasticache",
            "module.rosa-vpc.aws_route_table.intra",
            "module.rosa-vpc.aws_route_table.private",
            "module.rosa-vpc.aws_route_table.public",
            "module.rosa-vpc.aws_route_table.redshift",
            "module.rosa-vpc.aws_route_table_association.database",
            "module.rosa-vpc.aws_route_table_association.elasticache",
            "module.rosa-vpc.aws_route_table_association.intra",
            "module.rosa-vpc.aws_route_table_association.outpost",
            "module.rosa-vpc.aws_route_table_association.private",
            "module.rosa-vpc.aws_route_table_association.public",
            "module.rosa-vpc.aws_route_table_association.redshift",
            "module.rosa-vpc.aws_route_table_association.redshift_public",
            "module.rosa-vpc.aws_subnet.database",
            "module.rosa-vpc.aws_subnet.elasticache",
            "module.rosa-vpc.aws_subnet.intra",
            "module.rosa-vpc.aws_subnet.outpost",
            "module.rosa-vpc.aws_subnet.private",
            "module.rosa-vpc.aws_subnet.public",
            "module.rosa-vpc.aws_subnet.redshift",
            "module.rosa-vpc.aws_vpc.this",
            "module.rosa-vpc.aws_vpc_dhcp_options.this",
            "module.rosa-vpc.aws_vpc_dhcp_options_association.this",
            "module.rosa-vpc.aws_vpc_ipv4_cidr_block_association.this",
            "module.rosa-vpc.aws_vpn_gateway.this",
            "module.rosa-vpc.aws_vpn_gateway_attachment.this",
            "module.rosa-vpc.aws_vpn_gateway_route_propagation.intra",
            "module.rosa-vpc.aws_vpn_gateway_route_propagation.private",
            "module.rosa-vpc.aws_vpn_gateway_route_propagation.public",
            "module.rosa-vpc.data.aws_iam_policy_document.flow_log_cloudwatch_assume_role",
            "module.rosa-vpc.data.aws_iam_policy_document.vpc_flow_log_cloudwatch",
            "rhcs_cluster_rosa_classic.rosa"
          ]
        }
      ]
    },
    {
      "mode": "managed",
      "type": "rhcs_group_membership",
      "name": "htpasswd_admin",
      "provider": "provider[\"registry.terraform.io/terraform-redhat/rhcs\"]",
      "instances": []
    },
    {
      "mode": "managed",
      "type": "rhcs_identity_provider",
      "name": "rosa_iam_htpasswd",
      "provider": "provider[\"registry.terraform.io/terraform-redhat/rhcs\"]",
      "instances": []
    },
    {
      "module": "module.operator_roles.module.rosa_oidc_provider[0]",
      "mode": "managed",
      "type": "aws_iam_openid_connect_provider",
      "name": "oidc_provider",
      "provider": "provider[\"registry.terraform.io/hashicorp/aws\"]",
      "instances": [
        {
          "schema_version": 0,
          "attributes": {
            "arn": "arn:aws:iam::818210062884:oidc-provider/rh-oidc.s3.us-east-1.amazonaws.com/26g81hfh27pi3nadbq87n8i81b5roj3l",
            "client_id_list": [
              "openshift",
              "sts.amazonaws.com"
            ],
            "id": "arn:aws:iam::818210062884:oidc-provider/rh-oidc.s3.us-east-1.amazonaws.com/26g81hfh27pi3nadbq87n8i81b5roj3l",
            "tags": {
              "rosa_cluster_id": "26g81hfh27pi3nadbq87n8i81b5roj3l"
            },
            "tags_all": {
              "rosa_cluster_id": "26g81hfh27pi3nadbq87n8i81b5roj3l"
            },
            "thumbprint_list": [
              "9e99a48a9960b14926bb7f3b02e22da2b0ab7280"
            ],
            "url": "rh-oidc.s3.us-east-1.amazonaws.com/26g81hfh27pi3nadbq87n8i81b5roj3l"
          },
          "sensitive_attributes": [],
          "private": "bnVsbA==",
          "dependencies": [
            "data.aws_caller_identity.current",
            "module.rosa-vpc.aws_cloudwatch_log_group.flow_log",
            "module.rosa-vpc.aws_customer_gateway.this",
            "module.rosa-vpc.aws_db_subnet_group.database",
            "module.rosa-vpc.aws_default_network_acl.this",
            "module.rosa-vpc.aws_default_route_table.default",
            "module.rosa-vpc.aws_default_security_group.this",
            "module.rosa-vpc.aws_default_vpc.this",
            "module.rosa-vpc.aws_egress_only_internet_gateway.this",
            "module.rosa-vpc.aws_eip.nat",
            "module.rosa-vpc.aws_elasticache_subnet_group.elasticache",
            "module.rosa-vpc.aws_flow_log.this",
            "module.rosa-vpc.aws_iam_policy.vpc_flow_log_cloudwatch",
            "module.rosa-vpc.aws_iam_role.vpc_flow_log_cloudwatch",
            "module.rosa-vpc.aws_iam_role_policy_attachment.vpc_flow_log_cloudwatch",
            "module.rosa-vpc.aws_internet_gateway.this",
            "module.rosa-vpc.aws_nat_gateway.this",
            "module.rosa-vpc.aws_network_acl.database",
            "module.rosa-vpc.aws_network_acl.elasticache",
            "module.rosa-vpc.aws_network_acl.intra",
            "module.rosa-vpc.aws_network_acl.outpost",
            "module.rosa-vpc.aws_network_acl.private",
            "module.rosa-vpc.aws_network_acl.public",
            "module.rosa-vpc.aws_network_acl.redshift",
            "module.rosa-vpc.aws_network_acl_rule.database_inbound",
            "module.rosa-vpc.aws_network_acl_rule.database_outbound",
            "module.rosa-vpc.aws_network_acl_rule.elasticache_inbound",
            "module.rosa-vpc.aws_network_acl_rule.elasticache_outbound",
            "module.rosa-vpc.aws_network_acl_rule.intra_inbound",
            "module.rosa-vpc.aws_network_acl_rule.intra_outbound",
            "module.rosa-vpc.aws_network_acl_rule.outpost_inbound",
            "module.rosa-vpc.aws_network_acl_rule.outpost_outbound",
            "module.rosa-vpc.aws_network_acl_rule.private_inbound",
            "module.rosa-vpc.aws_network_acl_rule.private_outbound",
            "module.rosa-vpc.aws_network_acl_rule.public_inbound",
            "module.rosa-vpc.aws_network_acl_rule.public_outbound",
            "module.rosa-vpc.aws_network_acl_rule.redshift_inbound",
            "module.rosa-vpc.aws_network_acl_rule.redshift_outbound",
            "module.rosa-vpc.aws_redshift_subnet_group.redshift",
            "module.rosa-vpc.aws_route.database_internet_gateway",
            "module.rosa-vpc.aws_route.database_ipv6_egress",
            "module.rosa-vpc.aws_route.database_nat_gateway",
            "module.rosa-vpc.aws_route.private_ipv6_egress",
            "module.rosa-vpc.aws_route.private_nat_gateway",
            "module.rosa-vpc.aws_route.public_internet_gateway",
            "module.rosa-vpc.aws_route.public_internet_gateway_ipv6",
            "module.rosa-vpc.aws_route_table.database",
            "module.rosa-vpc.aws_route_table.elasticache",
            "module.rosa-vpc.aws_route_table.intra",
            "module.rosa-vpc.aws_route_table.private",
            "module.rosa-vpc.aws_route_table.public",
            "module.rosa-vpc.aws_route_table.redshift",
            "module.rosa-vpc.aws_route_table_association.database",
            "module.rosa-vpc.aws_route_table_association.elasticache",
            "module.rosa-vpc.aws_route_table_association.intra",
            "module.rosa-vpc.aws_route_table_association.outpost",
            "module.rosa-vpc.aws_route_table_association.private",
            "module.rosa-vpc.aws_route_table_association.public",
            "module.rosa-vpc.aws_route_table_association.redshift",
            "module.rosa-vpc.aws_route_table_association.redshift_public",
            "module.rosa-vpc.aws_subnet.database",
            "module.rosa-vpc.aws_subnet.elasticache",
            "module.rosa-vpc.aws_subnet.intra",
            "module.rosa-vpc.aws_subnet.outpost",
            "module.rosa-vpc.aws_subnet.private",
            "module.rosa-vpc.aws_subnet.public",
            "module.rosa-vpc.aws_subnet.redshift",
            "module.rosa-vpc.aws_vpc.this",
            "module.rosa-vpc.aws_vpc_dhcp_options.this",
            "module.rosa-vpc.aws_vpc_dhcp_options_association.this",
            "module.rosa-vpc.aws_vpc_ipv4_cidr_block_association.this",
            "module.rosa-vpc.aws_vpn_gateway.this",
            "module.rosa-vpc.aws_vpn_gateway_attachment.this",
            "module.rosa-vpc.aws_vpn_gateway_route_propagation.intra",
            "module.rosa-vpc.aws_vpn_gateway_route_propagation.private",
            "module.rosa-vpc.aws_vpn_gateway_route_propagation.public",
            "module.rosa-vpc.data.aws_iam_policy_document.flow_log_cloudwatch_assume_role",
            "module.rosa-vpc.data.aws_iam_policy_document.vpc_flow_log_cloudwatch",
            "rhcs_cluster_rosa_classic.rosa"
          ]
        }
      ]
    },
    {
      "module": "module.operator_roles.module.rosa_operator_roles[0].module.rosa_operator_roles[0]",
      "mode": "data",
      "type": "aws_caller_identity",
      "name": "current",
      "provider": "provider[\"registry.terraform.io/hashicorp/aws\"]",
      "instances": [
        {
          "schema_version": 0,
          "attributes": {
            "account_id": "818210062884",
            "arn": "arn:aws:iam::818210062884:user/rcarrata@redhat.com-hl47j-admin",
            "id": "818210062884",
            "user_id": "AIDA35AI6YISFSOEZELJO"
          },
          "sensitive_attributes": []
        }
      ]
    },
    {
      "module": "module.operator_roles.module.rosa_operator_roles[0].module.rosa_operator_roles[0]",
      "mode": "managed",
      "type": "aws_iam_role",
      "name": "operator_role",
      "provider": "provider[\"registry.terraform.io/hashicorp/aws\"]",
      "instances": [
        {
          "schema_version": 0,
          "attributes": {
            "arn": "arn:aws:iam::818210062884:role/rosa-rcarrata-openshift-cloud-credential-operator-cloud-credenti",
            "assume_role_policy": "{\"Statement\":[{\"Action\":\"sts:AssumeRoleWithWebIdentity\",\"Condition\":{\"StringEquals\":{\"rh-oidc.s3.us-east-1.amazonaws.com/26g81hfh27pi3nadbq87n8i81b5roj3l:sub\":[\"system:serviceaccount:openshift-cloud-credential-operator:cloud-credential-operator\"]}},\"Effect\":\"Allow\",\"Principal\":{\"Federated\":\"arn:aws:iam::818210062884:oidc-provider/rh-oidc.s3.us-east-1.amazonaws.com/26g81hfh27pi3nadbq87n8i81b5roj3l\"}}],\"Version\":\"2012-10-17\"}",
            "create_date": "2023-09-26T12:30:05Z",
            "description": "",
            "force_detach_policies": false,
            "id": "rosa-rcarrata-openshift-cloud-credential-operator-cloud-credenti",
            "inline_policy": [],
            "managed_policy_arns": [],
            "max_session_duration": 3600,
            "name": "rosa-rcarrata-openshift-cloud-credential-operator-cloud-credenti",
            "name_prefix": "",
            "path": "/",
            "permissions_boundary": "",
            "role_last_used": [
              {
                "last_used_date": "",
                "region": ""
              }
            ],
            "tags": {
              "operator_name": "cloud-credential-operator-iam-ro-creds",
              "operator_namespace": "openshift-cloud-credential-operator",
              "red-hat-managed": "true",
              "rosa_cluster_id": "26g81hfh27pi3nadbq87n8i81b5roj3l"
            },
            "tags_all": {
              "operator_name": "cloud-credential-operator-iam-ro-creds",
              "operator_namespace": "openshift-cloud-credential-operator",
              "red-hat-managed": "true",
              "rosa_cluster_id": "26g81hfh27pi3nadbq87n8i81b5roj3l"
            },
            "unique_id": "AROA35AI6YISAVURTJSQ7"
          },
          "sensitive_attributes": [],
          "private": "bnVsbA==",
          "dependencies": [
            "data.aws_caller_identity.current",
            "data.rhcs_rosa_operator_roles.operator_roles",
            "module.operator_roles.module.rosa_operator_roles.module.rosa_operator_roles.data.aws_caller_identity.current",
            "module.rosa-vpc.aws_cloudwatch_log_group.flow_log",
            "module.rosa-vpc.aws_customer_gateway.this",
            "module.rosa-vpc.aws_db_subnet_group.database",
            "module.rosa-vpc.aws_default_network_acl.this",
            "module.rosa-vpc.aws_default_route_table.default",
            "module.rosa-vpc.aws_default_security_group.this",
            "module.rosa-vpc.aws_default_vpc.this",
            "module.rosa-vpc.aws_egress_only_internet_gateway.this",
            "module.rosa-vpc.aws_eip.nat",
            "module.rosa-vpc.aws_elasticache_subnet_group.elasticache",
            "module.rosa-vpc.aws_flow_log.this",
            "module.rosa-vpc.aws_iam_policy.vpc_flow_log_cloudwatch",
            "module.rosa-vpc.aws_iam_role.vpc_flow_log_cloudwatch",
            "module.rosa-vpc.aws_iam_role_policy_attachment.vpc_flow_log_cloudwatch",
            "module.rosa-vpc.aws_internet_gateway.this",
            "module.rosa-vpc.aws_nat_gateway.this",
            "module.rosa-vpc.aws_network_acl.database",
            "module.rosa-vpc.aws_network_acl.elasticache",
            "module.rosa-vpc.aws_network_acl.intra",
            "module.rosa-vpc.aws_network_acl.outpost",
            "module.rosa-vpc.aws_network_acl.private",
            "module.rosa-vpc.aws_network_acl.public",
            "module.rosa-vpc.aws_network_acl.redshift",
            "module.rosa-vpc.aws_network_acl_rule.database_inbound",
            "module.rosa-vpc.aws_network_acl_rule.database_outbound",
            "module.rosa-vpc.aws_network_acl_rule.elasticache_inbound",
            "module.rosa-vpc.aws_network_acl_rule.elasticache_outbound",
            "module.rosa-vpc.aws_network_acl_rule.intra_inbound",
            "module.rosa-vpc.aws_network_acl_rule.intra_outbound",
            "module.rosa-vpc.aws_network_acl_rule.outpost_inbound",
            "module.rosa-vpc.aws_network_acl_rule.outpost_outbound",
            "module.rosa-vpc.aws_network_acl_rule.private_inbound",
            "module.rosa-vpc.aws_network_acl_rule.private_outbound",
            "module.rosa-vpc.aws_network_acl_rule.public_inbound",
            "module.rosa-vpc.aws_network_acl_rule.public_outbound",
            "module.rosa-vpc.aws_network_acl_rule.redshift_inbound",
            "module.rosa-vpc.aws_network_acl_rule.redshift_outbound",
            "module.rosa-vpc.aws_redshift_subnet_group.redshift",
            "module.rosa-vpc.aws_route.database_internet_gateway",
            "module.rosa-vpc.aws_route.database_ipv6_egress",
            "module.rosa-vpc.aws_route.database_nat_gateway",
            "module.rosa-vpc.aws_route.private_ipv6_egress",
            "module.rosa-vpc.aws_route.private_nat_gateway",
            "module.rosa-vpc.aws_route.public_internet_gateway",
            "module.rosa-vpc.aws_route.public_internet_gateway_ipv6",
            "module.rosa-vpc.aws_route_table.database",
            "module.rosa-vpc.aws_route_table.elasticache",
            "module.rosa-vpc.aws_route_table.intra",
            "module.rosa-vpc.aws_route_table.private",
            "module.rosa-vpc.aws_route_table.public",
            "module.rosa-vpc.aws_route_table.redshift",
            "module.rosa-vpc.aws_route_table_association.database",
            "module.rosa-vpc.aws_route_table_association.elasticache",
            "module.rosa-vpc.aws_route_table_association.intra",
            "module.rosa-vpc.aws_route_table_association.outpost",
            "module.rosa-vpc.aws_route_table_association.private",
            "module.rosa-vpc.aws_route_table_association.public",
            "module.rosa-vpc.aws_route_table_association.redshift",
            "module.rosa-vpc.aws_route_table_association.redshift_public",
            "module.rosa-vpc.aws_subnet.database",
            "module.rosa-vpc.aws_subnet.elasticache",
            "module.rosa-vpc.aws_subnet.intra",
            "module.rosa-vpc.aws_subnet.outpost",
            "module.rosa-vpc.aws_subnet.private",
            "module.rosa-vpc.aws_subnet.public",
            "module.rosa-vpc.aws_subnet.redshift",
            "module.rosa-vpc.aws_vpc.this",
            "module.rosa-vpc.aws_vpc_dhcp_options.this",
            "module.rosa-vpc.aws_vpc_dhcp_options_association.this",
            "module.rosa-vpc.aws_vpc_ipv4_cidr_block_association.this",
            "module.rosa-vpc.aws_vpn_gateway.this",
            "module.rosa-vpc.aws_vpn_gateway_attachment.this",
            "module.rosa-vpc.aws_vpn_gateway_route_propagation.intra",
            "module.rosa-vpc.aws_vpn_gateway_route_propagation.private",
            "module.rosa-vpc.aws_vpn_gateway_route_propagation.public",
            "module.rosa-vpc.data.aws_iam_policy_document.flow_log_cloudwatch_assume_role",
            "module.rosa-vpc.data.aws_iam_policy_document.vpc_flow_log_cloudwatch",
            "rhcs_cluster_rosa_classic.rosa"
          ]
        }
      ]
    },
    {
      "module": "module.operator_roles.module.rosa_operator_roles[0].module.rosa_operator_roles[1]",
      "mode": "data",
      "type": "aws_caller_identity",
      "name": "current",
      "provider": "provider[\"registry.terraform.io/hashicorp/aws\"]",
      "instances": [
        {
          "schema_version": 0,
          "attributes": {
            "account_id": "818210062884",
            "arn": "arn:aws:iam::818210062884:user/rcarrata@redhat.com-hl47j-admin",
            "id": "818210062884",
            "user_id": "AIDA35AI6YISFSOEZELJO"
          },
          "sensitive_attributes": []
        }
      ]
    },
    {
      "module": "module.operator_roles.module.rosa_operator_roles[0].module.rosa_operator_roles[1]",
      "mode": "managed",
      "type": "aws_iam_role",
      "name": "operator_role",
      "provider": "provider[\"registry.terraform.io/hashicorp/aws\"]",
      "instances": [
        {
          "schema_version": 0,
          "attributes": {
            "arn": "arn:aws:iam::818210062884:role/rosa-rcarrata-openshift-cloud-network-config-controller-cloud-cr",
            "assume_role_policy": "{\"Statement\":[{\"Action\":\"sts:AssumeRoleWithWebIdentity\",\"Condition\":{\"StringEquals\":{\"rh-oidc.s3.us-east-1.amazonaws.com/26g81hfh27pi3nadbq87n8i81b5roj3l:sub\":[\"system:serviceaccount:openshift-cloud-network-config-controller:cloud-network-config-controller\"]}},\"Effect\":\"Allow\",\"Principal\":{\"Federated\":\"arn:aws:iam::818210062884:oidc-provider/rh-oidc.s3.us-east-1.amazonaws.com/26g81hfh27pi3nadbq87n8i81b5roj3l\"}}],\"Version\":\"2012-10-17\"}",
            "create_date": "2023-09-26T12:30:05Z",
            "description": "",
            "force_detach_policies": false,
            "id": "rosa-rcarrata-openshift-cloud-network-config-controller-cloud-cr",
            "inline_policy": [],
            "managed_policy_arns": [],
            "max_session_duration": 3600,
            "name": "rosa-rcarrata-openshift-cloud-network-config-controller-cloud-cr",
            "name_prefix": "",
            "path": "/",
            "permissions_boundary": "",
            "role_last_used": [
              {
                "last_used_date": "",
                "region": ""
              }
            ],
            "tags": {
              "operator_name": "cloud-credentials",
              "operator_namespace": "openshift-cloud-network-config-controller",
              "red-hat-managed": "true",
              "rosa_cluster_id": "26g81hfh27pi3nadbq87n8i81b5roj3l"
            },
            "tags_all": {
              "operator_name": "cloud-credentials",
              "operator_namespace": "openshift-cloud-network-config-controller",
              "red-hat-managed": "true",
              "rosa_cluster_id": "26g81hfh27pi3nadbq87n8i81b5roj3l"
            },
            "unique_id": "AROA35AI6YISMVPXU7NQY"
          },
          "sensitive_attributes": [],
          "private": "bnVsbA==",
          "dependencies": [
            "data.aws_caller_identity.current",
            "data.rhcs_rosa_operator_roles.operator_roles",
            "module.operator_roles.module.rosa_operator_roles.module.rosa_operator_roles.data.aws_caller_identity.current",
            "module.rosa-vpc.aws_cloudwatch_log_group.flow_log",
            "module.rosa-vpc.aws_customer_gateway.this",
            "module.rosa-vpc.aws_db_subnet_group.database",
            "module.rosa-vpc.aws_default_network_acl.this",
            "module.rosa-vpc.aws_default_route_table.default",
            "module.rosa-vpc.aws_default_security_group.this",
            "module.rosa-vpc.aws_default_vpc.this",
            "module.rosa-vpc.aws_egress_only_internet_gateway.this",
            "module.rosa-vpc.aws_eip.nat",
            "module.rosa-vpc.aws_elasticache_subnet_group.elasticache",
            "module.rosa-vpc.aws_flow_log.this",
            "module.rosa-vpc.aws_iam_policy.vpc_flow_log_cloudwatch",
            "module.rosa-vpc.aws_iam_role.vpc_flow_log_cloudwatch",
            "module.rosa-vpc.aws_iam_role_policy_attachment.vpc_flow_log_cloudwatch",
            "module.rosa-vpc.aws_internet_gateway.this",
            "module.rosa-vpc.aws_nat_gateway.this",
            "module.rosa-vpc.aws_network_acl.database",
            "module.rosa-vpc.aws_network_acl.elasticache",
            "module.rosa-vpc.aws_network_acl.intra",
            "module.rosa-vpc.aws_network_acl.outpost",
            "module.rosa-vpc.aws_network_acl.private",
            "module.rosa-vpc.aws_network_acl.public",
            "module.rosa-vpc.aws_network_acl.redshift",
            "module.rosa-vpc.aws_network_acl_rule.database_inbound",
            "module.rosa-vpc.aws_network_acl_rule.database_outbound",
            "module.rosa-vpc.aws_network_acl_rule.elasticache_inbound",
            "module.rosa-vpc.aws_network_acl_rule.elasticache_outbound",
            "module.rosa-vpc.aws_network_acl_rule.intra_inbound",
            "module.rosa-vpc.aws_network_acl_rule.intra_outbound",
            "module.rosa-vpc.aws_network_acl_rule.outpost_inbound",
            "module.rosa-vpc.aws_network_acl_rule.outpost_outbound",
            "module.rosa-vpc.aws_network_acl_rule.private_inbound",
            "module.rosa-vpc.aws_network_acl_rule.private_outbound",
            "module.rosa-vpc.aws_network_acl_rule.public_inbound",
            "module.rosa-vpc.aws_network_acl_rule.public_outbound",
            "module.rosa-vpc.aws_network_acl_rule.redshift_inbound",
            "module.rosa-vpc.aws_network_acl_rule.redshift_outbound",
            "module.rosa-vpc.aws_redshift_subnet_group.redshift",
            "module.rosa-vpc.aws_route.database_internet_gateway",
            "module.rosa-vpc.aws_route.database_ipv6_egress",
            "module.rosa-vpc.aws_route.database_nat_gateway",
            "module.rosa-vpc.aws_route.private_ipv6_egress",
            "module.rosa-vpc.aws_route.private_nat_gateway",
            "module.rosa-vpc.aws_route.public_internet_gateway",
            "module.rosa-vpc.aws_route.public_internet_gateway_ipv6",
            "module.rosa-vpc.aws_route_table.database",
            "module.rosa-vpc.aws_route_table.elasticache",
            "module.rosa-vpc.aws_route_table.intra",
            "module.rosa-vpc.aws_route_table.private",
            "module.rosa-vpc.aws_route_table.public",
            "module.rosa-vpc.aws_route_table.redshift",
            "module.rosa-vpc.aws_route_table_association.database",
            "module.rosa-vpc.aws_route_table_association.elasticache",
            "module.rosa-vpc.aws_route_table_association.intra",
            "module.rosa-vpc.aws_route_table_association.outpost",
            "module.rosa-vpc.aws_route_table_association.private",
            "module.rosa-vpc.aws_route_table_association.public",
            "module.rosa-vpc.aws_route_table_association.redshift",
            "module.rosa-vpc.aws_route_table_association.redshift_public",
            "module.rosa-vpc.aws_subnet.database",
            "module.rosa-vpc.aws_subnet.elasticache",
            "module.rosa-vpc.aws_subnet.intra",
            "module.rosa-vpc.aws_subnet.outpost",
            "module.rosa-vpc.aws_subnet.private",
            "module.rosa-vpc.aws_subnet.public",
            "module.rosa-vpc.aws_subnet.redshift",
            "module.rosa-vpc.aws_vpc.this",
            "module.rosa-vpc.aws_vpc_dhcp_options.this",
            "module.rosa-vpc.aws_vpc_dhcp_options_association.this",
            "module.rosa-vpc.aws_vpc_ipv4_cidr_block_association.this",
            "module.rosa-vpc.aws_vpn_gateway.this",
            "module.rosa-vpc.aws_vpn_gateway_attachment.this",
            "module.rosa-vpc.aws_vpn_gateway_route_propagation.intra",
            "module.rosa-vpc.aws_vpn_gateway_route_propagation.private",
            "module.rosa-vpc.aws_vpn_gateway_route_propagation.public",
            "module.rosa-vpc.data.aws_iam_policy_document.flow_log_cloudwatch_assume_role",
            "module.rosa-vpc.data.aws_iam_policy_document.vpc_flow_log_cloudwatch",
            "rhcs_cluster_rosa_classic.rosa"
          ]
        }
      ]
    },
    {
      "module": "module.operator_roles.module.rosa_operator_roles[0].module.rosa_operator_roles[2]",
      "mode": "data",
      "type": "aws_caller_identity",
      "name": "current",
      "provider": "provider[\"registry.terraform.io/hashicorp/aws\"]",
      "instances": [
        {
          "schema_version": 0,
          "attributes": {
            "account_id": "818210062884",
            "arn": "arn:aws:iam::818210062884:user/rcarrata@redhat.com-hl47j-admin",
            "id": "818210062884",
            "user_id": "AIDA35AI6YISFSOEZELJO"
          },
          "sensitive_attributes": []
        }
      ]
    },
    {
      "module": "module.operator_roles.module.rosa_operator_roles[0].module.rosa_operator_roles[2]",
      "mode": "managed",
      "type": "aws_iam_role",
      "name": "operator_role",
      "provider": "provider[\"registry.terraform.io/hashicorp/aws\"]",
      "instances": [
        {
          "schema_version": 0,
          "attributes": {
            "arn": "arn:aws:iam::818210062884:role/rosa-rcarrata-openshift-cluster-csi-drivers-ebs-cloud-credential",
            "assume_role_policy": "{\"Statement\":[{\"Action\":\"sts:AssumeRoleWithWebIdentity\",\"Condition\":{\"StringEquals\":{\"rh-oidc.s3.us-east-1.amazonaws.com/26g81hfh27pi3nadbq87n8i81b5roj3l:sub\":[\"system:serviceaccount:openshift-cluster-csi-drivers:aws-ebs-csi-driver-operator\",\"system:serviceaccount:openshift-cluster-csi-drivers:aws-ebs-csi-driver-controller-sa\"]}},\"Effect\":\"Allow\",\"Principal\":{\"Federated\":\"arn:aws:iam::818210062884:oidc-provider/rh-oidc.s3.us-east-1.amazonaws.com/26g81hfh27pi3nadbq87n8i81b5roj3l\"}}],\"Version\":\"2012-10-17\"}",
            "create_date": "2023-09-26T12:30:05Z",
            "description": "",
            "force_detach_policies": false,
            "id": "rosa-rcarrata-openshift-cluster-csi-drivers-ebs-cloud-credential",
            "inline_policy": [],
            "managed_policy_arns": [],
            "max_session_duration": 3600,
            "name": "rosa-rcarrata-openshift-cluster-csi-drivers-ebs-cloud-credential",
            "name_prefix": "",
            "path": "/",
            "permissions_boundary": "",
            "role_last_used": [
              {
                "last_used_date": "",
                "region": ""
              }
            ],
            "tags": {
              "operator_name": "ebs-cloud-credentials",
              "operator_namespace": "openshift-cluster-csi-drivers",
              "red-hat-managed": "true",
              "rosa_cluster_id": "26g81hfh27pi3nadbq87n8i81b5roj3l"
            },
            "tags_all": {
              "operator_name": "ebs-cloud-credentials",
              "operator_namespace": "openshift-cluster-csi-drivers",
              "red-hat-managed": "true",
              "rosa_cluster_id": "26g81hfh27pi3nadbq87n8i81b5roj3l"
            },
            "unique_id": "AROA35AI6YISBFUSLYFJY"
          },
          "sensitive_attributes": [],
          "private": "bnVsbA==",
          "dependencies": [
            "data.aws_caller_identity.current",
            "data.rhcs_rosa_operator_roles.operator_roles",
            "module.operator_roles.module.rosa_operator_roles.module.rosa_operator_roles.data.aws_caller_identity.current",
            "module.rosa-vpc.aws_cloudwatch_log_group.flow_log",
            "module.rosa-vpc.aws_customer_gateway.this",
            "module.rosa-vpc.aws_db_subnet_group.database",
            "module.rosa-vpc.aws_default_network_acl.this",
            "module.rosa-vpc.aws_default_route_table.default",
            "module.rosa-vpc.aws_default_security_group.this",
            "module.rosa-vpc.aws_default_vpc.this",
            "module.rosa-vpc.aws_egress_only_internet_gateway.this",
            "module.rosa-vpc.aws_eip.nat",
            "module.rosa-vpc.aws_elasticache_subnet_group.elasticache",
            "module.rosa-vpc.aws_flow_log.this",
            "module.rosa-vpc.aws_iam_policy.vpc_flow_log_cloudwatch",
            "module.rosa-vpc.aws_iam_role.vpc_flow_log_cloudwatch",
            "module.rosa-vpc.aws_iam_role_policy_attachment.vpc_flow_log_cloudwatch",
            "module.rosa-vpc.aws_internet_gateway.this",
            "module.rosa-vpc.aws_nat_gateway.this",
            "module.rosa-vpc.aws_network_acl.database",
            "module.rosa-vpc.aws_network_acl.elasticache",
            "module.rosa-vpc.aws_network_acl.intra",
            "module.rosa-vpc.aws_network_acl.outpost",
            "module.rosa-vpc.aws_network_acl.private",
            "module.rosa-vpc.aws_network_acl.public",
            "module.rosa-vpc.aws_network_acl.redshift",
            "module.rosa-vpc.aws_network_acl_rule.database_inbound",
            "module.rosa-vpc.aws_network_acl_rule.database_outbound",
            "module.rosa-vpc.aws_network_acl_rule.elasticache_inbound",
            "module.rosa-vpc.aws_network_acl_rule.elasticache_outbound",
            "module.rosa-vpc.aws_network_acl_rule.intra_inbound",
            "module.rosa-vpc.aws_network_acl_rule.intra_outbound",
            "module.rosa-vpc.aws_network_acl_rule.outpost_inbound",
            "module.rosa-vpc.aws_network_acl_rule.outpost_outbound",
            "module.rosa-vpc.aws_network_acl_rule.private_inbound",
            "module.rosa-vpc.aws_network_acl_rule.private_outbound",
            "module.rosa-vpc.aws_network_acl_rule.public_inbound",
            "module.rosa-vpc.aws_network_acl_rule.public_outbound",
            "module.rosa-vpc.aws_network_acl_rule.redshift_inbound",
            "module.rosa-vpc.aws_network_acl_rule.redshift_outbound",
            "module.rosa-vpc.aws_redshift_subnet_group.redshift",
            "module.rosa-vpc.aws_route.database_internet_gateway",
            "module.rosa-vpc.aws_route.database_ipv6_egress",
            "module.rosa-vpc.aws_route.database_nat_gateway",
            "module.rosa-vpc.aws_route.private_ipv6_egress",
            "module.rosa-vpc.aws_route.private_nat_gateway",
            "module.rosa-vpc.aws_route.public_internet_gateway",
            "module.rosa-vpc.aws_route.public_internet_gateway_ipv6",
            "module.rosa-vpc.aws_route_table.database",
            "module.rosa-vpc.aws_route_table.elasticache",
            "module.rosa-vpc.aws_route_table.intra",
            "module.rosa-vpc.aws_route_table.private",
            "module.rosa-vpc.aws_route_table.public",
            "module.rosa-vpc.aws_route_table.redshift",
            "module.rosa-vpc.aws_route_table_association.database",
            "module.rosa-vpc.aws_route_table_association.elasticache",
            "module.rosa-vpc.aws_route_table_association.intra",
            "module.rosa-vpc.aws_route_table_association.outpost",
            "module.rosa-vpc.aws_route_table_association.private",
            "module.rosa-vpc.aws_route_table_association.public",
            "module.rosa-vpc.aws_route_table_association.redshift",
            "module.rosa-vpc.aws_route_table_association.redshift_public",
            "module.rosa-vpc.aws_subnet.database",
            "module.rosa-vpc.aws_subnet.elasticache",
            "module.rosa-vpc.aws_subnet.intra",
            "module.rosa-vpc.aws_subnet.outpost",
            "module.rosa-vpc.aws_subnet.private",
            "module.rosa-vpc.aws_subnet.public",
            "module.rosa-vpc.aws_subnet.redshift",
            "module.rosa-vpc.aws_vpc.this",
            "module.rosa-vpc.aws_vpc_dhcp_options.this",
            "module.rosa-vpc.aws_vpc_dhcp_options_association.this",
            "module.rosa-vpc.aws_vpc_ipv4_cidr_block_association.this",
            "module.rosa-vpc.aws_vpn_gateway.this",
            "module.rosa-vpc.aws_vpn_gateway_attachment.this",
            "module.rosa-vpc.aws_vpn_gateway_route_propagation.intra",
            "module.rosa-vpc.aws_vpn_gateway_route_propagation.private",
            "module.rosa-vpc.aws_vpn_gateway_route_propagation.public",
            "module.rosa-vpc.data.aws_iam_policy_document.flow_log_cloudwatch_assume_role",
            "module.rosa-vpc.data.aws_iam_policy_document.vpc_flow_log_cloudwatch",
            "rhcs_cluster_rosa_classic.rosa"
          ]
        }
      ]
    },
    {
      "module": "module.operator_roles.module.rosa_operator_roles[0].module.rosa_operator_roles[3]",
      "mode": "data",
      "type": "aws_caller_identity",
      "name": "current",
      "provider": "provider[\"registry.terraform.io/hashicorp/aws\"]",
      "instances": [
        {
          "schema_version": 0,
          "attributes": {
            "account_id": "818210062884",
            "arn": "arn:aws:iam::818210062884:user/rcarrata@redhat.com-hl47j-admin",
            "id": "818210062884",
            "user_id": "AIDA35AI6YISFSOEZELJO"
          },
          "sensitive_attributes": []
        }
      ]
    },
    {
      "module": "module.operator_roles.module.rosa_operator_roles[0].module.rosa_operator_roles[3]",
      "mode": "managed",
      "type": "aws_iam_role",
      "name": "operator_role",
      "provider": "provider[\"registry.terraform.io/hashicorp/aws\"]",
      "instances": [
        {
          "schema_version": 0,
          "attributes": {
            "arn": "arn:aws:iam::818210062884:role/rosa-rcarrata-openshift-image-registry-installer-cloud-credentia",
            "assume_role_policy": "{\"Statement\":[{\"Action\":\"sts:AssumeRoleWithWebIdentity\",\"Condition\":{\"StringEquals\":{\"rh-oidc.s3.us-east-1.amazonaws.com/26g81hfh27pi3nadbq87n8i81b5roj3l:sub\":[\"system:serviceaccount:openshift-image-registry:cluster-image-registry-operator\",\"system:serviceaccount:openshift-image-registry:registry\"]}},\"Effect\":\"Allow\",\"Principal\":{\"Federated\":\"arn:aws:iam::818210062884:oidc-provider/rh-oidc.s3.us-east-1.amazonaws.com/26g81hfh27pi3nadbq87n8i81b5roj3l\"}}],\"Version\":\"2012-10-17\"}",
            "create_date": "2023-09-26T12:30:05Z",
            "description": "",
            "force_detach_policies": false,
            "id": "rosa-rcarrata-openshift-image-registry-installer-cloud-credentia",
            "inline_policy": [],
            "managed_policy_arns": [],
            "max_session_duration": 3600,
            "name": "rosa-rcarrata-openshift-image-registry-installer-cloud-credentia",
            "name_prefix": "",
            "path": "/",
            "permissions_boundary": "",
            "role_last_used": [
              {
                "last_used_date": "",
                "region": ""
              }
            ],
            "tags": {
              "operator_name": "installer-cloud-credentials",
              "operator_namespace": "openshift-image-registry",
              "red-hat-managed": "true",
              "rosa_cluster_id": "26g81hfh27pi3nadbq87n8i81b5roj3l"
            },
            "tags_all": {
              "operator_name": "installer-cloud-credentials",
              "operator_namespace": "openshift-image-registry",
              "red-hat-managed": "true",
              "rosa_cluster_id": "26g81hfh27pi3nadbq87n8i81b5roj3l"
            },
            "unique_id": "AROA35AI6YISGLYA5TYHR"
          },
          "sensitive_attributes": [],
          "private": "bnVsbA==",
          "dependencies": [
            "data.aws_caller_identity.current",
            "data.rhcs_rosa_operator_roles.operator_roles",
            "module.operator_roles.module.rosa_operator_roles.module.rosa_operator_roles.data.aws_caller_identity.current",
            "module.rosa-vpc.aws_cloudwatch_log_group.flow_log",
            "module.rosa-vpc.aws_customer_gateway.this",
            "module.rosa-vpc.aws_db_subnet_group.database",
            "module.rosa-vpc.aws_default_network_acl.this",
            "module.rosa-vpc.aws_default_route_table.default",
            "module.rosa-vpc.aws_default_security_group.this",
            "module.rosa-vpc.aws_default_vpc.this",
            "module.rosa-vpc.aws_egress_only_internet_gateway.this",
            "module.rosa-vpc.aws_eip.nat",
            "module.rosa-vpc.aws_elasticache_subnet_group.elasticache",
            "module.rosa-vpc.aws_flow_log.this",
            "module.rosa-vpc.aws_iam_policy.vpc_flow_log_cloudwatch",
            "module.rosa-vpc.aws_iam_role.vpc_flow_log_cloudwatch",
            "module.rosa-vpc.aws_iam_role_policy_attachment.vpc_flow_log_cloudwatch",
            "module.rosa-vpc.aws_internet_gateway.this",
            "module.rosa-vpc.aws_nat_gateway.this",
            "module.rosa-vpc.aws_network_acl.database",
            "module.rosa-vpc.aws_network_acl.elasticache",
            "module.rosa-vpc.aws_network_acl.intra",
            "module.rosa-vpc.aws_network_acl.outpost",
            "module.rosa-vpc.aws_network_acl.private",
            "module.rosa-vpc.aws_network_acl.public",
            "module.rosa-vpc.aws_network_acl.redshift",
            "module.rosa-vpc.aws_network_acl_rule.database_inbound",
            "module.rosa-vpc.aws_network_acl_rule.database_outbound",
            "module.rosa-vpc.aws_network_acl_rule.elasticache_inbound",
            "module.rosa-vpc.aws_network_acl_rule.elasticache_outbound",
            "module.rosa-vpc.aws_network_acl_rule.intra_inbound",
            "module.rosa-vpc.aws_network_acl_rule.intra_outbound",
            "module.rosa-vpc.aws_network_acl_rule.outpost_inbound",
            "module.rosa-vpc.aws_network_acl_rule.outpost_outbound",
            "module.rosa-vpc.aws_network_acl_rule.private_inbound",
            "module.rosa-vpc.aws_network_acl_rule.private_outbound",
            "module.rosa-vpc.aws_network_acl_rule.public_inbound",
            "module.rosa-vpc.aws_network_acl_rule.public_outbound",
            "module.rosa-vpc.aws_network_acl_rule.redshift_inbound",
            "module.rosa-vpc.aws_network_acl_rule.redshift_outbound",
            "module.rosa-vpc.aws_redshift_subnet_group.redshift",
            "module.rosa-vpc.aws_route.database_internet_gateway",
            "module.rosa-vpc.aws_route.database_ipv6_egress",
            "module.rosa-vpc.aws_route.database_nat_gateway",
            "module.rosa-vpc.aws_route.private_ipv6_egress",
            "module.rosa-vpc.aws_route.private_nat_gateway",
            "module.rosa-vpc.aws_route.public_internet_gateway",
            "module.rosa-vpc.aws_route.public_internet_gateway_ipv6",
            "module.rosa-vpc.aws_route_table.database",
            "module.rosa-vpc.aws_route_table.elasticache",
            "module.rosa-vpc.aws_route_table.intra",
            "module.rosa-vpc.aws_route_table.private",
            "module.rosa-vpc.aws_route_table.public",
            "module.rosa-vpc.aws_route_table.redshift",
            "module.rosa-vpc.aws_route_table_association.database",
            "module.rosa-vpc.aws_route_table_association.elasticache",
            "module.rosa-vpc.aws_route_table_association.intra",
            "module.rosa-vpc.aws_route_table_association.outpost",
            "module.rosa-vpc.aws_route_table_association.private",
            "module.rosa-vpc.aws_route_table_association.public",
            "module.rosa-vpc.aws_route_table_association.redshift",
            "module.rosa-vpc.aws_route_table_association.redshift_public",
            "module.rosa-vpc.aws_subnet.database",
            "module.rosa-vpc.aws_subnet.elasticache",
            "module.rosa-vpc.aws_subnet.intra",
            "module.rosa-vpc.aws_subnet.outpost",
            "module.rosa-vpc.aws_subnet.private",
            "module.rosa-vpc.aws_subnet.public",
            "module.rosa-vpc.aws_subnet.redshift",
            "module.rosa-vpc.aws_vpc.this",
            "module.rosa-vpc.aws_vpc_dhcp_options.this",
            "module.rosa-vpc.aws_vpc_dhcp_options_association.this",
            "module.rosa-vpc.aws_vpc_ipv4_cidr_block_association.this",
            "module.rosa-vpc.aws_vpn_gateway.this",
            "module.rosa-vpc.aws_vpn_gateway_attachment.this",
            "module.rosa-vpc.aws_vpn_gateway_route_propagation.intra",
            "module.rosa-vpc.aws_vpn_gateway_route_propagation.private",
            "module.rosa-vpc.aws_vpn_gateway_route_propagation.public",
            "module.rosa-vpc.data.aws_iam_policy_document.flow_log_cloudwatch_assume_role",
            "module.rosa-vpc.data.aws_iam_policy_document.vpc_flow_log_cloudwatch",
            "rhcs_cluster_rosa_classic.rosa"
          ]
        }
      ]
    },
    {
      "module": "module.operator_roles.module.rosa_operator_roles[0].module.rosa_operator_roles[4]",
      "mode": "data",
      "type": "aws_caller_identity",
      "name": "current",
      "provider": "provider[\"registry.terraform.io/hashicorp/aws\"]",
      "instances": [
        {
          "schema_version": 0,
          "attributes": {
            "account_id": "818210062884",
            "arn": "arn:aws:iam::818210062884:user/rcarrata@redhat.com-hl47j-admin",
            "id": "818210062884",
            "user_id": "AIDA35AI6YISFSOEZELJO"
          },
          "sensitive_attributes": []
        }
      ]
    },
    {
      "module": "module.operator_roles.module.rosa_operator_roles[0].module.rosa_operator_roles[4]",
      "mode": "managed",
      "type": "aws_iam_role",
      "name": "operator_role",
      "provider": "provider[\"registry.terraform.io/hashicorp/aws\"]",
      "instances": [
        {
          "schema_version": 0,
          "attributes": {
            "arn": "arn:aws:iam::818210062884:role/rosa-rcarrata-openshift-ingress-operator-cloud-credentials",
            "assume_role_policy": "{\"Statement\":[{\"Action\":\"sts:AssumeRoleWithWebIdentity\",\"Condition\":{\"StringEquals\":{\"rh-oidc.s3.us-east-1.amazonaws.com/26g81hfh27pi3nadbq87n8i81b5roj3l:sub\":[\"system:serviceaccount:openshift-ingress-operator:ingress-operator\"]}},\"Effect\":\"Allow\",\"Principal\":{\"Federated\":\"arn:aws:iam::818210062884:oidc-provider/rh-oidc.s3.us-east-1.amazonaws.com/26g81hfh27pi3nadbq87n8i81b5roj3l\"}}],\"Version\":\"2012-10-17\"}",
            "create_date": "2023-09-26T12:30:05Z",
            "description": "",
            "force_detach_policies": false,
            "id": "rosa-rcarrata-openshift-ingress-operator-cloud-credentials",
            "inline_policy": [],
            "managed_policy_arns": [],
            "max_session_duration": 3600,
            "name": "rosa-rcarrata-openshift-ingress-operator-cloud-credentials",
            "name_prefix": "",
            "path": "/",
            "permissions_boundary": "",
            "role_last_used": [
              {
                "last_used_date": "",
                "region": ""
              }
            ],
            "tags": {
              "operator_name": "cloud-credentials",
              "operator_namespace": "openshift-ingress-operator",
              "red-hat-managed": "true",
              "rosa_cluster_id": "26g81hfh27pi3nadbq87n8i81b5roj3l"
            },
            "tags_all": {
              "operator_name": "cloud-credentials",
              "operator_namespace": "openshift-ingress-operator",
              "red-hat-managed": "true",
              "rosa_cluster_id": "26g81hfh27pi3nadbq87n8i81b5roj3l"
            },
            "unique_id": "AROA35AI6YISLEBRVOOEJ"
          },
          "sensitive_attributes": [],
          "private": "bnVsbA==",
          "dependencies": [
            "data.aws_caller_identity.current",
            "data.rhcs_rosa_operator_roles.operator_roles",
            "module.operator_roles.module.rosa_operator_roles.module.rosa_operator_roles.data.aws_caller_identity.current",
            "module.rosa-vpc.aws_cloudwatch_log_group.flow_log",
            "module.rosa-vpc.aws_customer_gateway.this",
            "module.rosa-vpc.aws_db_subnet_group.database",
            "module.rosa-vpc.aws_default_network_acl.this",
            "module.rosa-vpc.aws_default_route_table.default",
            "module.rosa-vpc.aws_default_security_group.this",
            "module.rosa-vpc.aws_default_vpc.this",
            "module.rosa-vpc.aws_egress_only_internet_gateway.this",
            "module.rosa-vpc.aws_eip.nat",
            "module.rosa-vpc.aws_elasticache_subnet_group.elasticache",
            "module.rosa-vpc.aws_flow_log.this",
            "module.rosa-vpc.aws_iam_policy.vpc_flow_log_cloudwatch",
            "module.rosa-vpc.aws_iam_role.vpc_flow_log_cloudwatch",
            "module.rosa-vpc.aws_iam_role_policy_attachment.vpc_flow_log_cloudwatch",
            "module.rosa-vpc.aws_internet_gateway.this",
            "module.rosa-vpc.aws_nat_gateway.this",
            "module.rosa-vpc.aws_network_acl.database",
            "module.rosa-vpc.aws_network_acl.elasticache",
            "module.rosa-vpc.aws_network_acl.intra",
            "module.rosa-vpc.aws_network_acl.outpost",
            "module.rosa-vpc.aws_network_acl.private",
            "module.rosa-vpc.aws_network_acl.public",
            "module.rosa-vpc.aws_network_acl.redshift",
            "module.rosa-vpc.aws_network_acl_rule.database_inbound",
            "module.rosa-vpc.aws_network_acl_rule.database_outbound",
            "module.rosa-vpc.aws_network_acl_rule.elasticache_inbound",
            "module.rosa-vpc.aws_network_acl_rule.elasticache_outbound",
            "module.rosa-vpc.aws_network_acl_rule.intra_inbound",
            "module.rosa-vpc.aws_network_acl_rule.intra_outbound",
            "module.rosa-vpc.aws_network_acl_rule.outpost_inbound",
            "module.rosa-vpc.aws_network_acl_rule.outpost_outbound",
            "module.rosa-vpc.aws_network_acl_rule.private_inbound",
            "module.rosa-vpc.aws_network_acl_rule.private_outbound",
            "module.rosa-vpc.aws_network_acl_rule.public_inbound",
            "module.rosa-vpc.aws_network_acl_rule.public_outbound",
            "module.rosa-vpc.aws_network_acl_rule.redshift_inbound",
            "module.rosa-vpc.aws_network_acl_rule.redshift_outbound",
            "module.rosa-vpc.aws_redshift_subnet_group.redshift",
            "module.rosa-vpc.aws_route.database_internet_gateway",
            "module.rosa-vpc.aws_route.database_ipv6_egress",
            "module.rosa-vpc.aws_route.database_nat_gateway",
            "module.rosa-vpc.aws_route.private_ipv6_egress",
            "module.rosa-vpc.aws_route.private_nat_gateway",
            "module.rosa-vpc.aws_route.public_internet_gateway",
            "module.rosa-vpc.aws_route.public_internet_gateway_ipv6",
            "module.rosa-vpc.aws_route_table.database",
            "module.rosa-vpc.aws_route_table.elasticache",
            "module.rosa-vpc.aws_route_table.intra",
            "module.rosa-vpc.aws_route_table.private",
            "module.rosa-vpc.aws_route_table.public",
            "module.rosa-vpc.aws_route_table.redshift",
            "module.rosa-vpc.aws_route_table_association.database",
            "module.rosa-vpc.aws_route_table_association.elasticache",
            "module.rosa-vpc.aws_route_table_association.intra",
            "module.rosa-vpc.aws_route_table_association.outpost",
            "module.rosa-vpc.aws_route_table_association.private",
            "module.rosa-vpc.aws_route_table_association.public",
            "module.rosa-vpc.aws_route_table_association.redshift",
            "module.rosa-vpc.aws_route_table_association.redshift_public",
            "module.rosa-vpc.aws_subnet.database",
            "module.rosa-vpc.aws_subnet.elasticache",
            "module.rosa-vpc.aws_subnet.intra",
            "module.rosa-vpc.aws_subnet.outpost",
            "module.rosa-vpc.aws_subnet.private",
            "module.rosa-vpc.aws_subnet.public",
            "module.rosa-vpc.aws_subnet.redshift",
            "module.rosa-vpc.aws_vpc.this",
            "module.rosa-vpc.aws_vpc_dhcp_options.this",
            "module.rosa-vpc.aws_vpc_dhcp_options_association.this",
            "module.rosa-vpc.aws_vpc_ipv4_cidr_block_association.this",
            "module.rosa-vpc.aws_vpn_gateway.this",
            "module.rosa-vpc.aws_vpn_gateway_attachment.this",
            "module.rosa-vpc.aws_vpn_gateway_route_propagation.intra",
            "module.rosa-vpc.aws_vpn_gateway_route_propagation.private",
            "module.rosa-vpc.aws_vpn_gateway_route_propagation.public",
            "module.rosa-vpc.data.aws_iam_policy_document.flow_log_cloudwatch_assume_role",
            "module.rosa-vpc.data.aws_iam_policy_document.vpc_flow_log_cloudwatch",
            "rhcs_cluster_rosa_classic.rosa"
          ]
        }
      ]
    },
    {
      "module": "module.operator_roles.module.rosa_operator_roles[0].module.rosa_operator_roles[5]",
      "mode": "data",
      "type": "aws_caller_identity",
      "name": "current",
      "provider": "provider[\"registry.terraform.io/hashicorp/aws\"]",
      "instances": [
        {
          "schema_version": 0,
          "attributes": {
            "account_id": "818210062884",
            "arn": "arn:aws:iam::818210062884:user/rcarrata@redhat.com-hl47j-admin",
            "id": "818210062884",
            "user_id": "AIDA35AI6YISFSOEZELJO"
          },
          "sensitive_attributes": []
        }
      ]
    },
    {
      "module": "module.operator_roles.module.rosa_operator_roles[0].module.rosa_operator_roles[5]",
      "mode": "managed",
      "type": "aws_iam_role",
      "name": "operator_role",
      "provider": "provider[\"registry.terraform.io/hashicorp/aws\"]",
      "instances": [
        {
          "schema_version": 0,
          "attributes": {
            "arn": "arn:aws:iam::818210062884:role/rosa-rcarrata-openshift-machine-api-aws-cloud-credentials",
            "assume_role_policy": "{\"Statement\":[{\"Action\":\"sts:AssumeRoleWithWebIdentity\",\"Condition\":{\"StringEquals\":{\"rh-oidc.s3.us-east-1.amazonaws.com/26g81hfh27pi3nadbq87n8i81b5roj3l:sub\":[\"system:serviceaccount:openshift-machine-api:machine-api-controllers\"]}},\"Effect\":\"Allow\",\"Principal\":{\"Federated\":\"arn:aws:iam::818210062884:oidc-provider/rh-oidc.s3.us-east-1.amazonaws.com/26g81hfh27pi3nadbq87n8i81b5roj3l\"}}],\"Version\":\"2012-10-17\"}",
            "create_date": "2023-09-26T12:30:05Z",
            "description": "",
            "force_detach_policies": false,
            "id": "rosa-rcarrata-openshift-machine-api-aws-cloud-credentials",
            "inline_policy": [],
            "managed_policy_arns": [],
            "max_session_duration": 3600,
            "name": "rosa-rcarrata-openshift-machine-api-aws-cloud-credentials",
            "name_prefix": "",
            "path": "/",
            "permissions_boundary": "",
            "role_last_used": [
              {
                "last_used_date": "",
                "region": ""
              }
            ],
            "tags": {
              "operator_name": "aws-cloud-credentials",
              "operator_namespace": "openshift-machine-api",
              "red-hat-managed": "true",
              "rosa_cluster_id": "26g81hfh27pi3nadbq87n8i81b5roj3l"
            },
            "tags_all": {
              "operator_name": "aws-cloud-credentials",
              "operator_namespace": "openshift-machine-api",
              "red-hat-managed": "true",
              "rosa_cluster_id": "26g81hfh27pi3nadbq87n8i81b5roj3l"
            },
            "unique_id": "AROA35AI6YISOSVDQQDNE"
          },
          "sensitive_attributes": [],
          "private": "bnVsbA==",
          "dependencies": [
            "data.aws_caller_identity.current",
            "data.rhcs_rosa_operator_roles.operator_roles",
            "module.operator_roles.module.rosa_operator_roles.module.rosa_operator_roles.data.aws_caller_identity.current",
            "module.rosa-vpc.aws_cloudwatch_log_group.flow_log",
            "module.rosa-vpc.aws_customer_gateway.this",
            "module.rosa-vpc.aws_db_subnet_group.database",
            "module.rosa-vpc.aws_default_network_acl.this",
            "module.rosa-vpc.aws_default_route_table.default",
            "module.rosa-vpc.aws_default_security_group.this",
            "module.rosa-vpc.aws_default_vpc.this",
            "module.rosa-vpc.aws_egress_only_internet_gateway.this",
            "module.rosa-vpc.aws_eip.nat",
            "module.rosa-vpc.aws_elasticache_subnet_group.elasticache",
            "module.rosa-vpc.aws_flow_log.this",
            "module.rosa-vpc.aws_iam_policy.vpc_flow_log_cloudwatch",
            "module.rosa-vpc.aws_iam_role.vpc_flow_log_cloudwatch",
            "module.rosa-vpc.aws_iam_role_policy_attachment.vpc_flow_log_cloudwatch",
            "module.rosa-vpc.aws_internet_gateway.this",
            "module.rosa-vpc.aws_nat_gateway.this",
            "module.rosa-vpc.aws_network_acl.database",
            "module.rosa-vpc.aws_network_acl.elasticache",
            "module.rosa-vpc.aws_network_acl.intra",
            "module.rosa-vpc.aws_network_acl.outpost",
            "module.rosa-vpc.aws_network_acl.private",
            "module.rosa-vpc.aws_network_acl.public",
            "module.rosa-vpc.aws_network_acl.redshift",
            "module.rosa-vpc.aws_network_acl_rule.database_inbound",
            "module.rosa-vpc.aws_network_acl_rule.database_outbound",
            "module.rosa-vpc.aws_network_acl_rule.elasticache_inbound",
            "module.rosa-vpc.aws_network_acl_rule.elasticache_outbound",
            "module.rosa-vpc.aws_network_acl_rule.intra_inbound",
            "module.rosa-vpc.aws_network_acl_rule.intra_outbound",
            "module.rosa-vpc.aws_network_acl_rule.outpost_inbound",
            "module.rosa-vpc.aws_network_acl_rule.outpost_outbound",
            "module.rosa-vpc.aws_network_acl_rule.private_inbound",
            "module.rosa-vpc.aws_network_acl_rule.private_outbound",
            "module.rosa-vpc.aws_network_acl_rule.public_inbound",
            "module.rosa-vpc.aws_network_acl_rule.public_outbound",
            "module.rosa-vpc.aws_network_acl_rule.redshift_inbound",
            "module.rosa-vpc.aws_network_acl_rule.redshift_outbound",
            "module.rosa-vpc.aws_redshift_subnet_group.redshift",
            "module.rosa-vpc.aws_route.database_internet_gateway",
            "module.rosa-vpc.aws_route.database_ipv6_egress",
            "module.rosa-vpc.aws_route.database_nat_gateway",
            "module.rosa-vpc.aws_route.private_ipv6_egress",
            "module.rosa-vpc.aws_route.private_nat_gateway",
            "module.rosa-vpc.aws_route.public_internet_gateway",
            "module.rosa-vpc.aws_route.public_internet_gateway_ipv6",
            "module.rosa-vpc.aws_route_table.database",
            "module.rosa-vpc.aws_route_table.elasticache",
            "module.rosa-vpc.aws_route_table.intra",
            "module.rosa-vpc.aws_route_table.private",
            "module.rosa-vpc.aws_route_table.public",
            "module.rosa-vpc.aws_route_table.redshift",
            "module.rosa-vpc.aws_route_table_association.database",
            "module.rosa-vpc.aws_route_table_association.elasticache",
            "module.rosa-vpc.aws_route_table_association.intra",
            "module.rosa-vpc.aws_route_table_association.outpost",
            "module.rosa-vpc.aws_route_table_association.private",
            "module.rosa-vpc.aws_route_table_association.public",
            "module.rosa-vpc.aws_route_table_association.redshift",
            "module.rosa-vpc.aws_route_table_association.redshift_public",
            "module.rosa-vpc.aws_subnet.database",
            "module.rosa-vpc.aws_subnet.elasticache",
            "module.rosa-vpc.aws_subnet.intra",
            "module.rosa-vpc.aws_subnet.outpost",
            "module.rosa-vpc.aws_subnet.private",
            "module.rosa-vpc.aws_subnet.public",
            "module.rosa-vpc.aws_subnet.redshift",
            "module.rosa-vpc.aws_vpc.this",
            "module.rosa-vpc.aws_vpc_dhcp_options.this",
            "module.rosa-vpc.aws_vpc_dhcp_options_association.this",
            "module.rosa-vpc.aws_vpc_ipv4_cidr_block_association.this",
            "module.rosa-vpc.aws_vpn_gateway.this",
            "module.rosa-vpc.aws_vpn_gateway_attachment.this",
            "module.rosa-vpc.aws_vpn_gateway_route_propagation.intra",
            "module.rosa-vpc.aws_vpn_gateway_route_propagation.private",
            "module.rosa-vpc.aws_vpn_gateway_route_propagation.public",
            "module.rosa-vpc.data.aws_iam_policy_document.flow_log_cloudwatch_assume_role",
            "module.rosa-vpc.data.aws_iam_policy_document.vpc_flow_log_cloudwatch",
            "rhcs_cluster_rosa_classic.rosa"
          ]
        }
      ]
    },
    {
      "module": "module.rosa-vpc",
      "mode": "managed",
      "type": "aws_cloudwatch_log_group",
      "name": "flow_log",
      "provider": "provider[\"registry.terraform.io/hashicorp/aws\"]",
      "instances": []
    },
    {
      "module": "module.rosa-vpc",
      "mode": "managed",
      "type": "aws_customer_gateway",
      "name": "this",
      "provider": "provider[\"registry.terraform.io/hashicorp/aws\"]",
      "instances": []
    },
    {
      "module": "module.rosa-vpc",
      "mode": "managed",
      "type": "aws_db_subnet_group",
      "name": "database",
      "provider": "provider[\"registry.terraform.io/hashicorp/aws\"]",
      "instances": []
    },
    {
      "module": "module.rosa-vpc",
      "mode": "managed",
      "type": "aws_default_network_acl",
      "name": "this",
      "provider": "provider[\"registry.terraform.io/hashicorp/aws\"]",
      "instances": [
        {
          "index_key": 0,
          "schema_version": 0,
          "attributes": {
            "arn": "arn:aws:ec2:eu-west-1:818210062884:network-acl/acl-0547cf9a4ea583d23",
            "default_network_acl_id": "acl-0547cf9a4ea583d23",
            "egress": [
              {
                "action": "allow",
                "cidr_block": "",
                "from_port": 0,
                "icmp_code": null,
                "icmp_type": null,
                "ipv6_cidr_block": "::/0",
                "protocol": "-1",
                "rule_no": 101,
                "to_port": 0
              },
              {
                "action": "allow",
                "cidr_block": "0.0.0.0/0",
                "from_port": 0,
                "icmp_code": null,
                "icmp_type": null,
                "ipv6_cidr_block": "",
                "protocol": "-1",
                "rule_no": 100,
                "to_port": 0
              }
            ],
            "id": "acl-0547cf9a4ea583d23",
            "ingress": [
              {
                "action": "allow",
                "cidr_block": "",
                "from_port": 0,
                "icmp_code": null,
                "icmp_type": null,
                "ipv6_cidr_block": "::/0",
                "protocol": "-1",
                "rule_no": 101,
                "to_port": 0
              },
              {
                "action": "allow",
                "cidr_block": "0.0.0.0/0",
                "from_port": 0,
                "icmp_code": null,
                "icmp_type": null,
                "ipv6_cidr_block": "",
                "protocol": "-1",
                "rule_no": 100,
                "to_port": 0
              }
            ],
            "owner_id": "818210062884",
            "subnet_ids": [
              "subnet-0745b329872e39099",
              "subnet-08e953cf4ec0c184f"
            ],
            "tags": {
              "Name": "rosa-rcarrata-default"
            },
            "tags_all": {
              "Name": "rosa-rcarrata-default"
            },
            "vpc_id": "vpc-042d137aed809cacc"
          },
          "sensitive_attributes": [],
          "private": "bnVsbA==",
          "dependencies": [
            "module.rosa-vpc.aws_vpc.this"
          ]
        }
      ]
    },
    {
      "module": "module.rosa-vpc",
      "mode": "managed",
      "type": "aws_default_route_table",
      "name": "default",
      "provider": "provider[\"registry.terraform.io/hashicorp/aws\"]",
      "instances": [
        {
          "index_key": 0,
          "schema_version": 0,
          "attributes": {
            "arn": "arn:aws:ec2:eu-west-1:818210062884:route-table/rtb-08510ca1971a6b716",
            "default_route_table_id": "rtb-08510ca1971a6b716",
            "id": "rtb-08510ca1971a6b716",
            "owner_id": "818210062884",
            "propagating_vgws": null,
            "route": [],
            "tags": {
              "Name": "rosa-rcarrata-default"
            },
            "tags_all": {
              "Name": "rosa-rcarrata-default"
            },
            "timeouts": {
              "create": "5m",
              "update": "5m"
            },
            "vpc_id": "vpc-042d137aed809cacc"
          },
          "sensitive_attributes": [],
          "private": "eyJlMmJmYjczMC1lY2FhLTExZTYtOGY4OC0zNDM2M2JjN2M0YzAiOnsiY3JlYXRlIjozMDAwMDAwMDAwMDAsInVwZGF0ZSI6MzAwMDAwMDAwMDAwfX0=",
          "dependencies": [
            "module.rosa-vpc.aws_vpc.this"
          ]
        }
      ]
    },
    {
      "module": "module.rosa-vpc",
      "mode": "managed",
      "type": "aws_default_security_group",
      "name": "this",
      "provider": "provider[\"registry.terraform.io/hashicorp/aws\"]",
      "instances": [
        {
          "index_key": 0,
          "schema_version": 1,
          "attributes": {
            "arn": "arn:aws:ec2:eu-west-1:818210062884:security-group/sg-064628e595996d791",
            "description": "default VPC security group",
            "egress": [],
            "id": "sg-064628e595996d791",
            "ingress": [],
            "name": "default",
            "name_prefix": "",
            "owner_id": "818210062884",
            "revoke_rules_on_delete": false,
            "tags": {
              "Name": "rosa-rcarrata-default"
            },
            "tags_all": {
              "Name": "rosa-rcarrata-default"
            },
            "vpc_id": "vpc-042d137aed809cacc"
          },
          "sensitive_attributes": [],
          "private": "eyJzY2hlbWFfdmVyc2lvbiI6IjEifQ==",
          "dependencies": [
            "module.rosa-vpc.aws_vpc.this"
          ]
        }
      ]
    },
    {
      "module": "module.rosa-vpc",
      "mode": "managed",
      "type": "aws_default_vpc",
      "name": "this",
      "provider": "provider[\"registry.terraform.io/hashicorp/aws\"]",
      "instances": []
    },
    {
      "module": "module.rosa-vpc",
      "mode": "managed",
      "type": "aws_egress_only_internet_gateway",
      "name": "this",
      "provider": "provider[\"registry.terraform.io/hashicorp/aws\"]",
      "instances": []
    },
    {
      "module": "module.rosa-vpc",
      "mode": "managed",
      "type": "aws_eip",
      "name": "nat",
      "provider": "provider[\"registry.terraform.io/hashicorp/aws\"]",
      "instances": [
        {
          "index_key": 0,
          "schema_version": 0,
          "attributes": {
            "address": null,
            "allocation_id": "eipalloc-08fed05606ac26a73",
            "associate_with_private_ip": null,
            "association_id": "",
            "carrier_ip": "",
            "customer_owned_ip": "",
            "customer_owned_ipv4_pool": "",
            "domain": "vpc",
            "id": "eipalloc-08fed05606ac26a73",
            "instance": "",
            "network_border_group": "eu-west-1",
            "network_interface": "",
            "private_dns": null,
            "private_ip": "",
            "public_dns": "ec2-63-34-13-123.eu-west-1.compute.amazonaws.com",
            "public_ip": "63.34.13.123",
            "public_ipv4_pool": "amazon",
            "tags": {
              "Name": "rosa-rcarrata-eu-west-1a"
            },
            "tags_all": {
              "Name": "rosa-rcarrata-eu-west-1a"
            },
            "timeouts": null,
            "vpc": true
          },
          "sensitive_attributes": [],
          "private": "eyJlMmJmYjczMC1lY2FhLTExZTYtOGY4OC0zNDM2M2JjN2M0YzAiOnsiZGVsZXRlIjoxODAwMDAwMDAwMDAsInJlYWQiOjkwMDAwMDAwMDAwMCwidXBkYXRlIjozMDAwMDAwMDAwMDB9fQ=="
        }
      ]
    },
    {
      "module": "module.rosa-vpc",
      "mode": "managed",
      "type": "aws_elasticache_subnet_group",
      "name": "elasticache",
      "provider": "provider[\"registry.terraform.io/hashicorp/aws\"]",
      "instances": []
    },
    {
      "module": "module.rosa-vpc",
      "mode": "managed",
      "type": "aws_flow_log",
      "name": "this",
      "provider": "provider[\"registry.terraform.io/hashicorp/aws\"]",
      "instances": []
    },
    {
      "module": "module.rosa-vpc",
      "mode": "managed",
      "type": "aws_iam_role",
      "name": "vpc_flow_log_cloudwatch",
      "provider": "provider[\"registry.terraform.io/hashicorp/aws\"]",
      "instances": []
    },
    {
      "module": "module.rosa-vpc",
      "mode": "managed",
      "type": "aws_internet_gateway",
      "name": "this",
      "provider": "provider[\"registry.terraform.io/hashicorp/aws\"]",
      "instances": [
        {
          "index_key": 0,
          "schema_version": 0,
          "attributes": {
            "arn": "arn:aws:ec2:eu-west-1:818210062884:internet-gateway/igw-032288ae43697a641",
            "id": "igw-032288ae43697a641",
            "owner_id": "818210062884",
            "tags": {
              "Name": "rosa-rcarrata"
            },
            "tags_all": {
              "Name": "rosa-rcarrata"
            },
            "timeouts": null,
            "vpc_id": "vpc-042d137aed809cacc"
          },
          "sensitive_attributes": [],
          "private": "eyJlMmJmYjczMC1lY2FhLTExZTYtOGY4OC0zNDM2M2JjN2M0YzAiOnsiY3JlYXRlIjoxMjAwMDAwMDAwMDAwLCJkZWxldGUiOjEyMDAwMDAwMDAwMDAsInVwZGF0ZSI6MTIwMDAwMDAwMDAwMH19",
          "dependencies": [
            "module.rosa-vpc.aws_vpc.this",
            "module.rosa-vpc.aws_vpc_ipv4_cidr_block_association.this"
          ]
        }
      ]
    },
    {
      "module": "module.rosa-vpc",
      "mode": "managed",
      "type": "aws_nat_gateway",
      "name": "this",
      "provider": "provider[\"registry.terraform.io/hashicorp/aws\"]",
      "instances": [
        {
          "index_key": 0,
          "schema_version": 0,
          "attributes": {
            "allocation_id": "eipalloc-08fed05606ac26a73",
            "association_id": "eipassoc-03c14ca29f9b8f2a0",
            "connectivity_type": "public",
            "id": "nat-09467536b748e86a6",
            "network_interface_id": "eni-061cc346cd1dca36f",
            "private_ip": "10.66.101.68",
            "public_ip": "63.34.13.123",
            "subnet_id": "subnet-08e953cf4ec0c184f",
            "tags": {
              "Name": "rosa-rcarrata-eu-west-1a"
            },
            "tags_all": {
              "Name": "rosa-rcarrata-eu-west-1a"
            }
          },
          "sensitive_attributes": [],
          "private": "bnVsbA==",
          "dependencies": [
            "module.rosa-vpc.aws_eip.nat",
            "module.rosa-vpc.aws_internet_gateway.this",
            "module.rosa-vpc.aws_subnet.public",
            "module.rosa-vpc.aws_vpc.this",
            "module.rosa-vpc.aws_vpc_ipv4_cidr_block_association.this"
          ]
        }
      ]
    },
    {
      "module": "module.rosa-vpc",
      "mode": "managed",
      "type": "aws_network_acl",
      "name": "database",
      "provider": "provider[\"registry.terraform.io/hashicorp/aws\"]",
      "instances": []
    },
    {
      "module": "module.rosa-vpc",
      "mode": "managed",
      "type": "aws_network_acl",
      "name": "elasticache",
      "provider": "provider[\"registry.terraform.io/hashicorp/aws\"]",
      "instances": []
    },
    {
      "module": "module.rosa-vpc",
      "mode": "managed",
      "type": "aws_network_acl",
      "name": "intra",
      "provider": "provider[\"registry.terraform.io/hashicorp/aws\"]",
      "instances": []
    },
    {
      "module": "module.rosa-vpc",
      "mode": "managed",
      "type": "aws_network_acl",
      "name": "outpost",
      "provider": "provider[\"registry.terraform.io/hashicorp/aws\"]",
      "instances": []
    },
    {
      "module": "module.rosa-vpc",
      "mode": "managed",
      "type": "aws_network_acl",
      "name": "private",
      "provider": "provider[\"registry.terraform.io/hashicorp/aws\"]",
      "instances": []
    },
    {
      "module": "module.rosa-vpc",
      "mode": "managed",
      "type": "aws_network_acl",
      "name": "public",
      "provider": "provider[\"registry.terraform.io/hashicorp/aws\"]",
      "instances": []
    },
    {
      "module": "module.rosa-vpc",
      "mode": "managed",
      "type": "aws_network_acl",
      "name": "redshift",
      "provider": "provider[\"registry.terraform.io/hashicorp/aws\"]",
      "instances": []
    },
    {
      "module": "module.rosa-vpc",
      "mode": "managed",
      "type": "aws_redshift_subnet_group",
      "name": "redshift",
      "provider": "provider[\"registry.terraform.io/hashicorp/aws\"]",
      "instances": []
    },
    {
      "module": "module.rosa-vpc",
      "mode": "managed",
      "type": "aws_route",
      "name": "database_internet_gateway",
      "provider": "provider[\"registry.terraform.io/hashicorp/aws\"]",
      "instances": []
    },
    {
      "module": "module.rosa-vpc",
      "mode": "managed",
      "type": "aws_route",
      "name": "database_ipv6_egress",
      "provider": "provider[\"registry.terraform.io/hashicorp/aws\"]",
      "instances": []
    },
    {
      "module": "module.rosa-vpc",
      "mode": "managed",
      "type": "aws_route",
      "name": "database_nat_gateway",
      "provider": "provider[\"registry.terraform.io/hashicorp/aws\"]",
      "instances": []
    },
    {
      "module": "module.rosa-vpc",
      "mode": "managed",
      "type": "aws_route",
      "name": "private_ipv6_egress",
      "provider": "provider[\"registry.terraform.io/hashicorp/aws\"]",
      "instances": []
    },
    {
      "module": "module.rosa-vpc",
      "mode": "managed",
      "type": "aws_route",
      "name": "private_nat_gateway",
      "provider": "provider[\"registry.terraform.io/hashicorp/aws\"]",
      "instances": [
        {
          "index_key": 0,
          "schema_version": 0,
          "attributes": {
            "carrier_gateway_id": "",
            "core_network_arn": "",
            "destination_cidr_block": "0.0.0.0/0",
            "destination_ipv6_cidr_block": "",
            "destination_prefix_list_id": "",
            "egress_only_gateway_id": "",
            "gateway_id": "",
            "id": "r-rtb-0e19a456321cd26401080289494",
            "instance_id": "",
            "instance_owner_id": "",
            "local_gateway_id": "",
            "nat_gateway_id": "nat-09467536b748e86a6",
            "network_interface_id": "",
            "origin": "CreateRoute",
            "route_table_id": "rtb-0e19a456321cd2640",
            "state": "active",
            "timeouts": {
              "create": "5m",
              "delete": null,
              "update": null
            },
            "transit_gateway_id": "",
            "vpc_endpoint_id": "",
            "vpc_peering_connection_id": ""
          },
          "sensitive_attributes": [],
          "private": "eyJlMmJmYjczMC1lY2FhLTExZTYtOGY4OC0zNDM2M2JjN2M0YzAiOnsiY3JlYXRlIjozMDAwMDAwMDAwMDAsImRlbGV0ZSI6MzAwMDAwMDAwMDAwLCJ1cGRhdGUiOjEyMDAwMDAwMDAwMH19",
          "dependencies": [
            "module.rosa-vpc.aws_eip.nat",
            "module.rosa-vpc.aws_internet_gateway.this",
            "module.rosa-vpc.aws_nat_gateway.this",
            "module.rosa-vpc.aws_route_table.private",
            "module.rosa-vpc.aws_subnet.public",
            "module.rosa-vpc.aws_vpc.this",
            "module.rosa-vpc.aws_vpc_ipv4_cidr_block_association.this"
          ]
        }
      ]
    },
    {
      "module": "module.rosa-vpc",
      "mode": "managed",
      "type": "aws_route",
      "name": "public_internet_gateway",
      "provider": "provider[\"registry.terraform.io/hashicorp/aws\"]",
      "instances": [
        {
          "index_key": 0,
          "schema_version": 0,
          "attributes": {
            "carrier_gateway_id": "",
            "core_network_arn": "",
            "destination_cidr_block": "0.0.0.0/0",
            "destination_ipv6_cidr_block": "",
            "destination_prefix_list_id": "",
            "egress_only_gateway_id": "",
            "gateway_id": "igw-032288ae43697a641",
            "id": "r-rtb-0a87718942d8ca2571080289494",
            "instance_id": "",
            "instance_owner_id": "",
            "local_gateway_id": "",
            "nat_gateway_id": "",
            "network_interface_id": "",
            "origin": "CreateRoute",
            "route_table_id": "rtb-0a87718942d8ca257",
            "state": "active",
            "timeouts": {
              "create": "5m",
              "delete": null,
              "update": null
            },
            "transit_gateway_id": "",
            "vpc_endpoint_id": "",
            "vpc_peering_connection_id": ""
          },
          "sensitive_attributes": [],
          "private": "eyJlMmJmYjczMC1lY2FhLTExZTYtOGY4OC0zNDM2M2JjN2M0YzAiOnsiY3JlYXRlIjozMDAwMDAwMDAwMDAsImRlbGV0ZSI6MzAwMDAwMDAwMDAwLCJ1cGRhdGUiOjEyMDAwMDAwMDAwMH19",
          "dependencies": [
            "module.rosa-vpc.aws_internet_gateway.this",
            "module.rosa-vpc.aws_route_table.public",
            "module.rosa-vpc.aws_vpc.this",
            "module.rosa-vpc.aws_vpc_ipv4_cidr_block_association.this"
          ]
        }
      ]
    },
    {
      "module": "module.rosa-vpc",
      "mode": "managed",
      "type": "aws_route",
      "name": "public_internet_gateway_ipv6",
      "provider": "provider[\"registry.terraform.io/hashicorp/aws\"]",
      "instances": []
    },
    {
      "module": "module.rosa-vpc",
      "mode": "managed",
      "type": "aws_route_table",
      "name": "database",
      "provider": "provider[\"registry.terraform.io/hashicorp/aws\"]",
      "instances": []
    },
    {
      "module": "module.rosa-vpc",
      "mode": "managed",
      "type": "aws_route_table",
      "name": "elasticache",
      "provider": "provider[\"registry.terraform.io/hashicorp/aws\"]",
      "instances": []
    },
    {
      "module": "module.rosa-vpc",
      "mode": "managed",
      "type": "aws_route_table",
      "name": "intra",
      "provider": "provider[\"registry.terraform.io/hashicorp/aws\"]",
      "instances": []
    },
    {
      "module": "module.rosa-vpc",
      "mode": "managed",
      "type": "aws_route_table",
      "name": "private",
      "provider": "provider[\"registry.terraform.io/hashicorp/aws\"]",
      "instances": [
        {
          "index_key": 0,
          "schema_version": 0,
          "attributes": {
            "arn": "arn:aws:ec2:eu-west-1:818210062884:route-table/rtb-0e19a456321cd2640",
            "id": "rtb-0e19a456321cd2640",
            "owner_id": "818210062884",
            "propagating_vgws": [],
            "route": [],
            "tags": {
              "Name": "rosa-rcarrata-private-eu-west-1a"
            },
            "tags_all": {
              "Name": "rosa-rcarrata-private-eu-west-1a"
            },
            "timeouts": null,
            "vpc_id": "vpc-042d137aed809cacc"
          },
          "sensitive_attributes": [],
          "private": "eyJlMmJmYjczMC1lY2FhLTExZTYtOGY4OC0zNDM2M2JjN2M0YzAiOnsiY3JlYXRlIjozMDAwMDAwMDAwMDAsImRlbGV0ZSI6MzAwMDAwMDAwMDAwLCJ1cGRhdGUiOjEyMDAwMDAwMDAwMH19",
          "dependencies": [
            "module.rosa-vpc.aws_vpc.this",
            "module.rosa-vpc.aws_vpc_ipv4_cidr_block_association.this"
          ]
        }
      ]
    },
    {
      "module": "module.rosa-vpc",
      "mode": "managed",
      "type": "aws_route_table",
      "name": "public",
      "provider": "provider[\"registry.terraform.io/hashicorp/aws\"]",
      "instances": [
        {
          "index_key": 0,
          "schema_version": 0,
          "attributes": {
            "arn": "arn:aws:ec2:eu-west-1:818210062884:route-table/rtb-0a87718942d8ca257",
            "id": "rtb-0a87718942d8ca257",
            "owner_id": "818210062884",
            "propagating_vgws": [],
            "route": [],
            "tags": {
              "Name": "rosa-rcarrata-public"
            },
            "tags_all": {
              "Name": "rosa-rcarrata-public"
            },
            "timeouts": null,
            "vpc_id": "vpc-042d137aed809cacc"
          },
          "sensitive_attributes": [],
          "private": "eyJlMmJmYjczMC1lY2FhLTExZTYtOGY4OC0zNDM2M2JjN2M0YzAiOnsiY3JlYXRlIjozMDAwMDAwMDAwMDAsImRlbGV0ZSI6MzAwMDAwMDAwMDAwLCJ1cGRhdGUiOjEyMDAwMDAwMDAwMH19",
          "dependencies": [
            "module.rosa-vpc.aws_vpc.this",
            "module.rosa-vpc.aws_vpc_ipv4_cidr_block_association.this"
          ]
        }
      ]
    },
    {
      "module": "module.rosa-vpc",
      "mode": "managed",
      "type": "aws_route_table",
      "name": "redshift",
      "provider": "provider[\"registry.terraform.io/hashicorp/aws\"]",
      "instances": []
    },
    {
      "module": "module.rosa-vpc",
      "mode": "managed",
      "type": "aws_route_table_association",
      "name": "database",
      "provider": "provider[\"registry.terraform.io/hashicorp/aws\"]",
      "instances": []
    },
    {
      "module": "module.rosa-vpc",
      "mode": "managed",
      "type": "aws_route_table_association",
      "name": "elasticache",
      "provider": "provider[\"registry.terraform.io/hashicorp/aws\"]",
      "instances": []
    },
    {
      "module": "module.rosa-vpc",
      "mode": "managed",
      "type": "aws_route_table_association",
      "name": "intra",
      "provider": "provider[\"registry.terraform.io/hashicorp/aws\"]",
      "instances": []
    },
    {
      "module": "module.rosa-vpc",
      "mode": "managed",
      "type": "aws_route_table_association",
      "name": "private",
      "provider": "provider[\"registry.terraform.io/hashicorp/aws\"]",
      "instances": [
        {
          "index_key": 0,
          "schema_version": 0,
          "attributes": {
            "gateway_id": "",
            "id": "rtbassoc-0cb18c89883847957",
            "route_table_id": "rtb-0e19a456321cd2640",
            "subnet_id": "subnet-0745b329872e39099",
            "timeouts": null
          },
          "sensitive_attributes": [],
          "private": "eyJlMmJmYjczMC1lY2FhLTExZTYtOGY4OC0zNDM2M2JjN2M0YzAiOnsiY3JlYXRlIjozMDAwMDAwMDAwMDAsImRlbGV0ZSI6MzAwMDAwMDAwMDAwLCJ1cGRhdGUiOjEyMDAwMDAwMDAwMH19",
          "dependencies": [
            "module.rosa-vpc.aws_route_table.private",
            "module.rosa-vpc.aws_subnet.private",
            "module.rosa-vpc.aws_vpc.this",
            "module.rosa-vpc.aws_vpc_ipv4_cidr_block_association.this"
          ]
        }
      ]
    },
    {
      "module": "module.rosa-vpc",
      "mode": "managed",
      "type": "aws_route_table_association",
      "name": "public",
      "provider": "provider[\"registry.terraform.io/hashicorp/aws\"]",
      "instances": [
        {
          "index_key": 0,
          "schema_version": 0,
          "attributes": {
            "gateway_id": "",
            "id": "rtbassoc-0b92af8984ce7d60d",
            "route_table_id": "rtb-0a87718942d8ca257",
            "subnet_id": "subnet-08e953cf4ec0c184f",
            "timeouts": null
          },
          "sensitive_attributes": [],
          "private": "eyJlMmJmYjczMC1lY2FhLTExZTYtOGY4OC0zNDM2M2JjN2M0YzAiOnsiY3JlYXRlIjozMDAwMDAwMDAwMDAsImRlbGV0ZSI6MzAwMDAwMDAwMDAwLCJ1cGRhdGUiOjEyMDAwMDAwMDAwMH19",
          "dependencies": [
            "module.rosa-vpc.aws_route_table.public",
            "module.rosa-vpc.aws_subnet.public",
            "module.rosa-vpc.aws_vpc.this",
            "module.rosa-vpc.aws_vpc_ipv4_cidr_block_association.this"
          ]
        }
      ]
    },
    {
      "module": "module.rosa-vpc",
      "mode": "managed",
      "type": "aws_route_table_association",
      "name": "redshift",
      "provider": "provider[\"registry.terraform.io/hashicorp/aws\"]",
      "instances": []
    },
    {
      "module": "module.rosa-vpc",
      "mode": "managed",
      "type": "aws_route_table_association",
      "name": "redshift_public",
      "provider": "provider[\"registry.terraform.io/hashicorp/aws\"]",
      "instances": []
    },
    {
      "module": "module.rosa-vpc",
      "mode": "managed",
      "type": "aws_subnet",
      "name": "database",
      "provider": "provider[\"registry.terraform.io/hashicorp/aws\"]",
      "instances": []
    },
    {
      "module": "module.rosa-vpc",
      "mode": "managed",
      "type": "aws_subnet",
      "name": "elasticache",
      "provider": "provider[\"registry.terraform.io/hashicorp/aws\"]",
      "instances": []
    },
    {
      "module": "module.rosa-vpc",
      "mode": "managed",
      "type": "aws_subnet",
      "name": "intra",
      "provider": "provider[\"registry.terraform.io/hashicorp/aws\"]",
      "instances": []
    },
    {
      "module": "module.rosa-vpc",
      "mode": "managed",
      "type": "aws_subnet",
      "name": "outpost",
      "provider": "provider[\"registry.terraform.io/hashicorp/aws\"]",
      "instances": []
    },
    {
      "module": "module.rosa-vpc",
      "mode": "managed",
      "type": "aws_subnet",
      "name": "private",
      "provider": "provider[\"registry.terraform.io/hashicorp/aws\"]",
      "instances": [
        {
          "index_key": 0,
          "schema_version": 1,
          "attributes": {
            "arn": "arn:aws:ec2:eu-west-1:818210062884:subnet/subnet-0745b329872e39099",
            "assign_ipv6_address_on_creation": false,
            "availability_zone": "eu-west-1a",
            "availability_zone_id": "euw1-az1",
            "cidr_block": "10.66.1.0/24",
            "customer_owned_ipv4_pool": "",
            "enable_dns64": false,
            "enable_lni_at_device_index": 0,
            "enable_resource_name_dns_a_record_on_launch": false,
            "enable_resource_name_dns_aaaa_record_on_launch": false,
            "id": "subnet-0745b329872e39099",
            "ipv6_cidr_block": "",
            "ipv6_cidr_block_association_id": "",
            "ipv6_native": false,
            "map_customer_owned_ip_on_launch": false,
            "map_public_ip_on_launch": false,
            "outpost_arn": "",
            "owner_id": "818210062884",
            "private_dns_hostname_type_on_launch": "ip-name",
            "tags": {
              "Name": "rosa-rcarrata-private-eu-west-1a"
            },
            "tags_all": {
              "Name": "rosa-rcarrata-private-eu-west-1a"
            },
            "timeouts": null,
            "vpc_id": "vpc-042d137aed809cacc"
          },
          "sensitive_attributes": [],
          "private": "eyJlMmJmYjczMC1lY2FhLTExZTYtOGY4OC0zNDM2M2JjN2M0YzAiOnsiY3JlYXRlIjo2MDAwMDAwMDAwMDAsImRlbGV0ZSI6MTIwMDAwMDAwMDAwMH0sInNjaGVtYV92ZXJzaW9uIjoiMSJ9",
          "dependencies": [
            "module.rosa-vpc.aws_vpc.this",
            "module.rosa-vpc.aws_vpc_ipv4_cidr_block_association.this"
          ]
        }
      ]
    },
    {
      "module": "module.rosa-vpc",
      "mode": "managed",
      "type": "aws_subnet",
      "name": "public",
      "provider": "provider[\"registry.terraform.io/hashicorp/aws\"]",
      "instances": [
        {
          "index_key": 0,
          "schema_version": 1,
          "attributes": {
            "arn": "arn:aws:ec2:eu-west-1:818210062884:subnet/subnet-08e953cf4ec0c184f",
            "assign_ipv6_address_on_creation": false,
            "availability_zone": "eu-west-1a",
            "availability_zone_id": "euw1-az1",
            "cidr_block": "10.66.101.0/24",
            "customer_owned_ipv4_pool": "",
            "enable_dns64": false,
            "enable_lni_at_device_index": 0,
            "enable_resource_name_dns_a_record_on_launch": false,
            "enable_resource_name_dns_aaaa_record_on_launch": false,
            "id": "subnet-08e953cf4ec0c184f",
            "ipv6_cidr_block": "",
            "ipv6_cidr_block_association_id": "",
            "ipv6_native": false,
            "map_customer_owned_ip_on_launch": false,
            "map_public_ip_on_launch": false,
            "outpost_arn": "",
            "owner_id": "818210062884",
            "private_dns_hostname_type_on_launch": "ip-name",
            "tags": {
              "Name": "rosa-rcarrata-public-eu-west-1a"
            },
            "tags_all": {
              "Name": "rosa-rcarrata-public-eu-west-1a"
            },
            "timeouts": null,
            "vpc_id": "vpc-042d137aed809cacc"
          },
          "sensitive_attributes": [],
          "private": "eyJlMmJmYjczMC1lY2FhLTExZTYtOGY4OC0zNDM2M2JjN2M0YzAiOnsiY3JlYXRlIjo2MDAwMDAwMDAwMDAsImRlbGV0ZSI6MTIwMDAwMDAwMDAwMH0sInNjaGVtYV92ZXJzaW9uIjoiMSJ9",
          "dependencies": [
            "module.rosa-vpc.aws_vpc.this",
            "module.rosa-vpc.aws_vpc_ipv4_cidr_block_association.this"
          ]
        }
      ]
    },
    {
      "module": "module.rosa-vpc",
      "mode": "managed",
      "type": "aws_subnet",
      "name": "redshift",
      "provider": "provider[\"registry.terraform.io/hashicorp/aws\"]",
      "instances": []
    },
    {
      "module": "module.rosa-vpc",
      "mode": "managed",
      "type": "aws_vpc",
      "name": "this",
      "provider": "provider[\"registry.terraform.io/hashicorp/aws\"]",
      "instances": [
        {
          "index_key": 0,
          "schema_version": 1,
          "attributes": {
            "arn": "arn:aws:ec2:eu-west-1:818210062884:vpc/vpc-042d137aed809cacc",
            "assign_generated_ipv6_cidr_block": false,
            "cidr_block": "10.66.0.0/16",
            "default_network_acl_id": "acl-0547cf9a4ea583d23",
            "default_route_table_id": "rtb-08510ca1971a6b716",
            "default_security_group_id": "sg-064628e595996d791",
            "dhcp_options_id": "dopt-0bb18aa9908e80cd5",
            "enable_classiclink": false,
            "enable_classiclink_dns_support": false,
            "enable_dns_hostnames": true,
            "enable_dns_support": true,
            "enable_network_address_usage_metrics": false,
            "id": "vpc-042d137aed809cacc",
            "instance_tenancy": "default",
            "ipv4_ipam_pool_id": null,
            "ipv4_netmask_length": null,
            "ipv6_association_id": "",
            "ipv6_cidr_block": "",
            "ipv6_cidr_block_network_border_group": "",
            "ipv6_ipam_pool_id": "",
            "ipv6_netmask_length": 0,
            "main_route_table_id": "rtb-08510ca1971a6b716",
            "owner_id": "818210062884",
            "tags": {
              "Name": "rosa-rcarrata"
            },
            "tags_all": {
              "Name": "rosa-rcarrata"
            }
          },
          "sensitive_attributes": [],
          "private": "eyJzY2hlbWFfdmVyc2lvbiI6IjEifQ=="
        }
      ]
    },
    {
      "module": "module.rosa-vpc",
      "mode": "managed",
      "type": "aws_vpc_dhcp_options",
      "name": "this",
      "provider": "provider[\"registry.terraform.io/hashicorp/aws\"]",
      "instances": []
    },
    {
      "module": "module.rosa-vpc",
      "mode": "managed",
      "type": "aws_vpc_ipv4_cidr_block_association",
      "name": "this",
      "provider": "provider[\"registry.terraform.io/hashicorp/aws\"]",
      "instances": []
    },
    {
      "module": "module.rosa-vpc",
      "mode": "managed",
      "type": "aws_vpn_gateway",
      "name": "this",
      "provider": "provider[\"registry.terraform.io/hashicorp/aws\"]",
      "instances": []
    },
    {
      "module": "module.rosa-vpc",
      "mode": "managed",
      "type": "aws_vpn_gateway_attachment",
      "name": "this",
      "provider": "provider[\"registry.terraform.io/hashicorp/aws\"]",
      "instances": []
    }
  ],
  "check_results": null
}
